// !$*UTF8*$!
{
	archiveVersion = 1;
	classes = {
	};
	objectVersion = 48;
	objects = {

/* Begin PBXBuildFile section */
		454054851F98A69A00C12B2F /* AppDelegate.swift in Sources */ = {isa = PBXBuildFile; fileRef = 454054841F98A69A00C12B2F /* AppDelegate.swift */; };
		454054871F98A69A00C12B2F /* ViewController.swift in Sources */ = {isa = PBXBuildFile; fileRef = 454054861F98A69A00C12B2F /* ViewController.swift */; };
		4540548A1F98A69A00C12B2F /* Main.storyboard in Resources */ = {isa = PBXBuildFile; fileRef = 454054881F98A69A00C12B2F /* Main.storyboard */; };
		4540548C1F98A69A00C12B2F /* Assets.xcassets in Resources */ = {isa = PBXBuildFile; fileRef = 4540548B1F98A69A00C12B2F /* Assets.xcassets */; };
		4540548F1F98A69A00C12B2F /* LaunchScreen.storyboard in Resources */ = {isa = PBXBuildFile; fileRef = 4540548D1F98A69A00C12B2F /* LaunchScreen.storyboard */; };
		455AB6C2232FD680001ABE81 /* UIViewController+PresentAlert.swift in Sources */ = {isa = PBXBuildFile; fileRef = 455AB6C1232FD680001ABE81 /* UIViewController+PresentAlert.swift */; };
		456B742E26BC198D008F434F /* demo5.jpg in Resources */ = {isa = PBXBuildFile; fileRef = 456B742926BC198C008F434F /* demo5.jpg */; };
		456B742F26BC198D008F434F /* demo4.jpg in Resources */ = {isa = PBXBuildFile; fileRef = 456B742A26BC198C008F434F /* demo4.jpg */; };
		456B743026BC198D008F434F /* demo1.jpg in Resources */ = {isa = PBXBuildFile; fileRef = 456B742B26BC198C008F434F /* demo1.jpg */; };
		456B743126BC198D008F434F /* demo3.jpg in Resources */ = {isa = PBXBuildFile; fileRef = 456B742C26BC198D008F434F /* demo3.jpg */; };
		456B743226BC198D008F434F /* demo2.jpg in Resources */ = {isa = PBXBuildFile; fileRef = 456B742D26BC198D008F434F /* demo2.jpg */; };
		456B743626BC2DEB008F434F /* CustomCell.swift in Sources */ = {isa = PBXBuildFile; fileRef = 456B743526BC2DEB008F434F /* CustomCell.swift */; };
		4599415126BBF1270039BF8F /* MyCustomSourceProvider.swift in Sources */ = {isa = PBXBuildFile; fileRef = 4599415026BBF1270039BF8F /* MyCustomSourceProvider.swift */; };
		45C7935725C4494B00243A1C /* Filestack.framework in Frameworks */ = {isa = PBXBuildFile; fileRef = 45C7935325C4494500243A1C /* Filestack.framework */; };
		45C7935825C4494B00243A1C /* Filestack.framework in Embed Frameworks */ = {isa = PBXBuildFile; fileRef = 45C7935325C4494500243A1C /* Filestack.framework */; settings = {ATTRIBUTES = (CodeSignOnCopy, RemoveHeadersOnCopy, ); }; };
/* End PBXBuildFile section */

/* Begin PBXCopyFilesBuildPhase section */
		45C7935925C4494B00243A1C /* Embed Frameworks */ = {
			isa = PBXCopyFilesBuildPhase;
			buildActionMask = 2147483647;
			dstPath = "";
			dstSubfolderSpec = 10;
			files = (
				45C7935825C4494B00243A1C /* Filestack.framework in Embed Frameworks */,
			);
			name = "Embed Frameworks";
			runOnlyForDeploymentPostprocessing = 0;
		};
/* End PBXCopyFilesBuildPhase section */

/* Begin PBXFileReference section */
		454054811F98A69A00C12B2F /* FilestackDemo.app */ = {isa = PBXFileReference; explicitFileType = wrapper.application; includeInIndex = 0; path = FilestackDemo.app; sourceTree = BUILT_PRODUCTS_DIR; };
		454054841F98A69A00C12B2F /* AppDelegate.swift */ = {isa = PBXFileReference; lastKnownFileType = sourcecode.swift; path = AppDelegate.swift; sourceTree = "<group>"; };
		454054861F98A69A00C12B2F /* ViewController.swift */ = {isa = PBXFileReference; lastKnownFileType = sourcecode.swift; path = ViewController.swift; sourceTree = "<group>"; };
		454054891F98A69A00C12B2F /* Base */ = {isa = PBXFileReference; lastKnownFileType = file.storyboard; name = Base; path = Base.lproj/Main.storyboard; sourceTree = "<group>"; };
		4540548B1F98A69A00C12B2F /* Assets.xcassets */ = {isa = PBXFileReference; lastKnownFileType = folder.assetcatalog; path = Assets.xcassets; sourceTree = "<group>"; };
		4540548E1F98A69A00C12B2F /* Base */ = {isa = PBXFileReference; lastKnownFileType = file.storyboard; name = Base; path = Base.lproj/LaunchScreen.storyboard; sourceTree = "<group>"; };
		454054901F98A69A00C12B2F /* Info.plist */ = {isa = PBXFileReference; lastKnownFileType = text.plist.xml; path = Info.plist; sourceTree = "<group>"; };
		455AB6C1232FD680001ABE81 /* UIViewController+PresentAlert.swift */ = {isa = PBXFileReference; lastKnownFileType = sourcecode.swift; path = "UIViewController+PresentAlert.swift"; sourceTree = "<group>"; };
		456B742926BC198C008F434F /* demo5.jpg */ = {isa = PBXFileReference; lastKnownFileType = image.jpeg; path = demo5.jpg; sourceTree = "<group>"; };
		456B742A26BC198C008F434F /* demo4.jpg */ = {isa = PBXFileReference; lastKnownFileType = image.jpeg; path = demo4.jpg; sourceTree = "<group>"; };
		456B742B26BC198C008F434F /* demo1.jpg */ = {isa = PBXFileReference; lastKnownFileType = image.jpeg; path = demo1.jpg; sourceTree = "<group>"; };
		456B742C26BC198D008F434F /* demo3.jpg */ = {isa = PBXFileReference; lastKnownFileType = image.jpeg; path = demo3.jpg; sourceTree = "<group>"; };
		456B742D26BC198D008F434F /* demo2.jpg */ = {isa = PBXFileReference; lastKnownFileType = image.jpeg; path = demo2.jpg; sourceTree = "<group>"; };
		456B743526BC2DEB008F434F /* CustomCell.swift */ = {isa = PBXFileReference; lastKnownFileType = sourcecode.swift; path = CustomCell.swift; sourceTree = "<group>"; };
		4599415026BBF1270039BF8F /* MyCustomSourceProvider.swift */ = {isa = PBXFileReference; lastKnownFileType = sourcecode.swift; path = MyCustomSourceProvider.swift; sourceTree = "<group>"; };
		45C7935325C4494500243A1C /* Filestack.framework */ = {isa = PBXFileReference; explicitFileType = wrapper.framework; path = Filestack.framework; sourceTree = BUILT_PRODUCTS_DIR; };
/* End PBXFileReference section */

/* Begin PBXFrameworksBuildPhase section */
		4540547E1F98A69A00C12B2F /* Frameworks */ = {
			isa = PBXFrameworksBuildPhase;
			buildActionMask = 2147483647;
			files = (
				45C7935725C4494B00243A1C /* Filestack.framework in Frameworks */,
			);
			runOnlyForDeploymentPostprocessing = 0;
		};
/* End PBXFrameworksBuildPhase section */

/* Begin PBXGroup section */
		454054781F98A69A00C12B2F = {
			isa = PBXGroup;
			children = (
				454054831F98A69A00C12B2F /* FilestackDemo */,
				45407B3A1F9E0D35009BC40A /* Frameworks */,
				454054821F98A69A00C12B2F /* Products */,
			);
			sourceTree = "<group>";
		};
		454054821F98A69A00C12B2F /* Products */ = {
			isa = PBXGroup;
			children = (
				454054811F98A69A00C12B2F /* FilestackDemo.app */,
			);
			name = Products;
			sourceTree = "<group>";
		};
		454054831F98A69A00C12B2F /* FilestackDemo */ = {
			isa = PBXGroup;
			children = (
				456B742826BC198C008F434F /* Demo Content */,
				4599414F26BBF1100039BF8F /* Custom Source Providers */,
				454054901F98A69A00C12B2F /* Info.plist */,
				454054841F98A69A00C12B2F /* AppDelegate.swift */,
				454054861F98A69A00C12B2F /* ViewController.swift */,
				4540548B1F98A69A00C12B2F /* Assets.xcassets */,
				455AB6C0232FD670001ABE81 /* Extensions */,
				4540548D1F98A69A00C12B2F /* LaunchScreen.storyboard */,
				454054881F98A69A00C12B2F /* Main.storyboard */,
			);
			path = FilestackDemo;
			sourceTree = "<group>";
		};
		45407B3A1F9E0D35009BC40A /* Frameworks */ = {
			isa = PBXGroup;
			children = (
				45C7935325C4494500243A1C /* Filestack.framework */,
			);
			name = Frameworks;
			sourceTree = "<group>";
		};
		455AB6C0232FD670001ABE81 /* Extensions */ = {
			isa = PBXGroup;
			children = (
				455AB6C1232FD680001ABE81 /* UIViewController+PresentAlert.swift */,
			);
			path = Extensions;
			sourceTree = "<group>";
		};
		456B742826BC198C008F434F /* Demo Content */ = {
			isa = PBXGroup;
			children = (
				456B742926BC198C008F434F /* demo5.jpg */,
				456B742A26BC198C008F434F /* demo4.jpg */,
				456B742B26BC198C008F434F /* demo1.jpg */,
				456B742C26BC198D008F434F /* demo3.jpg */,
				456B742D26BC198D008F434F /* demo2.jpg */,
			);
			path = "Demo Content";
			sourceTree = "<group>";
		};
		456B743326BC2DD4008F434F /* View Controllers */ = {
			isa = PBXGroup;
			children = (
				4599415026BBF1270039BF8F /* MyCustomSourceProvider.swift */,
			);
			path = "View Controllers";
			sourceTree = "<group>";
		};
		456B743426BC2DDF008F434F /* Cells */ = {
			isa = PBXGroup;
			children = (
				456B743526BC2DEB008F434F /* CustomCell.swift */,
			);
			path = Cells;
			sourceTree = "<group>";
		};
		4599414F26BBF1100039BF8F /* Custom Source Providers */ = {
			isa = PBXGroup;
			children = (
				456B743426BC2DDF008F434F /* Cells */,
				456B743326BC2DD4008F434F /* View Controllers */,
			);
			path = "Custom Source Providers";
			sourceTree = "<group>";
		};
/* End PBXGroup section */

/* Begin PBXNativeTarget section */
		454054801F98A69A00C12B2F /* FilestackDemo */ = {
			isa = PBXNativeTarget;
			buildConfigurationList = 4540549E1F98A69A00C12B2F /* Build configuration list for PBXNativeTarget "FilestackDemo" */;
			buildPhases = (
				4540547D1F98A69A00C12B2F /* Sources */,
				4540547E1F98A69A00C12B2F /* Frameworks */,
				4540547F1F98A69A00C12B2F /* Resources */,
				45C7935925C4494B00243A1C /* Embed Frameworks */,
			);
			buildRules = (
			);
			dependencies = (
			);
			name = FilestackDemo;
			packageProductDependencies = (
			);
			productName = FilestackDemo;
			productReference = 454054811F98A69A00C12B2F /* FilestackDemo.app */;
			productType = "com.apple.product-type.application";
		};
/* End PBXNativeTarget section */

/* Begin PBXProject section */
		454054791F98A69A00C12B2F /* Project object */ = {
			isa = PBXProject;
			attributes = {
				LastSwiftUpdateCheck = 0900;
				LastUpgradeCheck = 1310;
				ORGANIZATIONNAME = Filestack;
				TargetAttributes = {
					454054801F98A69A00C12B2F = {
						CreatedOnToolsVersion = 9.0.1;
						LastSwiftMigration = 1100;
						ProvisioningStyle = Automatic;
					};
				};
			};
			buildConfigurationList = 4540547C1F98A69A00C12B2F /* Build configuration list for PBXProject "FilestackDemo" */;
			compatibilityVersion = "Xcode 8.0";
			developmentRegion = en;
			hasScannedForEncodings = 0;
			knownRegions = (
				en,
				Base,
			);
			mainGroup = 454054781F98A69A00C12B2F;
			packageReferences = (
			);
			productRefGroup = 454054821F98A69A00C12B2F /* Products */;
			projectDirPath = "";
			projectRoot = "";
			targets = (
				454054801F98A69A00C12B2F /* FilestackDemo */,
			);
		};
/* End PBXProject section */

/* Begin PBXResourcesBuildPhase section */
		4540547F1F98A69A00C12B2F /* Resources */ = {
			isa = PBXResourcesBuildPhase;
			buildActionMask = 2147483647;
			files = (
				4540548F1F98A69A00C12B2F /* LaunchScreen.storyboard in Resources */,
				4540548C1F98A69A00C12B2F /* Assets.xcassets in Resources */,
				456B742E26BC198D008F434F /* demo5.jpg in Resources */,
				456B742F26BC198D008F434F /* demo4.jpg in Resources */,
				456B743126BC198D008F434F /* demo3.jpg in Resources */,
				456B743226BC198D008F434F /* demo2.jpg in Resources */,
				456B743026BC198D008F434F /* demo1.jpg in Resources */,
				4540548A1F98A69A00C12B2F /* Main.storyboard in Resources */,
			);
			runOnlyForDeploymentPostprocessing = 0;
		};
/* End PBXResourcesBuildPhase section */

/* Begin PBXSourcesBuildPhase section */
		4540547D1F98A69A00C12B2F /* Sources */ = {
			isa = PBXSourcesBuildPhase;
			buildActionMask = 2147483647;
			files = (
				454054871F98A69A00C12B2F /* ViewController.swift in Sources */,
				4599415126BBF1270039BF8F /* MyCustomSourceProvider.swift in Sources */,
				456B743626BC2DEB008F434F /* CustomCell.swift in Sources */,
				454054851F98A69A00C12B2F /* AppDelegate.swift in Sources */,
				455AB6C2232FD680001ABE81 /* UIViewController+PresentAlert.swift in Sources */,
			);
			runOnlyForDeploymentPostprocessing = 0;
		};
/* End PBXSourcesBuildPhase section */

/* Begin PBXVariantGroup section */
		454054881F98A69A00C12B2F /* Main.storyboard */ = {
			isa = PBXVariantGroup;
			children = (
				454054891F98A69A00C12B2F /* Base */,
			);
			name = Main.storyboard;
			sourceTree = "<group>";
		};
		4540548D1F98A69A00C12B2F /* LaunchScreen.storyboard */ = {
			isa = PBXVariantGroup;
			children = (
				4540548E1F98A69A00C12B2F /* Base */,
			);
			name = LaunchScreen.storyboard;
			sourceTree = "<group>";
		};
/* End PBXVariantGroup section */

/* Begin XCBuildConfiguration section */
		4540549C1F98A69A00C12B2F /* Debug */ = {
			isa = XCBuildConfiguration;
			buildSettings = {
				ALWAYS_SEARCH_USER_PATHS = NO;
				CLANG_ANALYZER_NONNULL = YES;
				CLANG_ANALYZER_NUMBER_OBJECT_CONVERSION = YES_AGGRESSIVE;
				CLANG_CXX_LANGUAGE_STANDARD = "gnu++14";
				CLANG_CXX_LIBRARY = "libc++";
				CLANG_ENABLE_MODULES = YES;
				CLANG_ENABLE_OBJC_ARC = YES;
				CLANG_WARN_BLOCK_CAPTURE_AUTORELEASING = YES;
				CLANG_WARN_BOOL_CONVERSION = YES;
				CLANG_WARN_COMMA = YES;
				CLANG_WARN_CONSTANT_CONVERSION = YES;
				CLANG_WARN_DEPRECATED_OBJC_IMPLEMENTATIONS = YES;
				CLANG_WARN_DIRECT_OBJC_ISA_USAGE = YES_ERROR;
				CLANG_WARN_DOCUMENTATION_COMMENTS = YES;
				CLANG_WARN_EMPTY_BODY = YES;
				CLANG_WARN_ENUM_CONVERSION = YES;
				CLANG_WARN_INFINITE_RECURSION = YES;
				CLANG_WARN_INT_CONVERSION = YES;
				CLANG_WARN_NON_LITERAL_NULL_CONVERSION = YES;
				CLANG_WARN_OBJC_IMPLICIT_RETAIN_SELF = YES;
				CLANG_WARN_OBJC_LITERAL_CONVERSION = YES;
				CLANG_WARN_OBJC_ROOT_CLASS = YES_ERROR;
				CLANG_WARN_QUOTED_INCLUDE_IN_FRAMEWORK_HEADER = YES;
				CLANG_WARN_RANGE_LOOP_ANALYSIS = YES;
				CLANG_WARN_STRICT_PROTOTYPES = YES;
				CLANG_WARN_SUSPICIOUS_MOVE = YES;
				CLANG_WARN_UNGUARDED_AVAILABILITY = YES_AGGRESSIVE;
				CLANG_WARN_UNREACHABLE_CODE = YES;
				CLANG_WARN__DUPLICATE_METHOD_MATCH = YES;
				CODE_SIGN_IDENTITY = "iPhone Developer";
				COPY_PHASE_STRIP = NO;
				ENABLE_STRICT_OBJC_MSGSEND = YES;
				ENABLE_TESTABILITY = YES;
				GCC_C_LANGUAGE_STANDARD = gnu11;
				GCC_DYNAMIC_NO_PIC = NO;
				GCC_NO_COMMON_BLOCKS = YES;
				GCC_OPTIMIZATION_LEVEL = 0;
				GCC_PREPROCESSOR_DEFINITIONS = (
					"DEBUG=1",
					"$(inherited)",
				);
				GCC_WARN_64_TO_32_BIT_CONVERSION = YES;
				GCC_WARN_ABOUT_RETURN_TYPE = YES_ERROR;
				GCC_WARN_UNDECLARED_SELECTOR = YES;
				GCC_WARN_UNINITIALIZED_AUTOS = YES_AGGRESSIVE;
				GCC_WARN_UNUSED_FUNCTION = YES;
				GCC_WARN_UNUSED_VARIABLE = YES;
				IPHONEOS_DEPLOYMENT_TARGET = 14.0;
				MTL_ENABLE_DEBUG_INFO = YES;
				ONLY_ACTIVE_ARCH = YES;
				SDKROOT = iphoneos;
				SWIFT_ACTIVE_COMPILATION_CONDITIONS = DEBUG;
				SWIFT_OPTIMIZATION_LEVEL = "-Onone";
				SWIFT_VERSION = 5.0;
			};
			name = Debug;
		};
		4540549D1F98A69A00C12B2F /* Release */ = {
			isa = XCBuildConfiguration;
			buildSettings = {
				ALWAYS_SEARCH_USER_PATHS = NO;
				CLANG_ANALYZER_NONNULL = YES;
				CLANG_ANALYZER_NUMBER_OBJECT_CONVERSION = YES_AGGRESSIVE;
				CLANG_CXX_LANGUAGE_STANDARD = "gnu++14";
				CLANG_CXX_LIBRARY = "libc++";
				CLANG_ENABLE_MODULES = YES;
				CLANG_ENABLE_OBJC_ARC = YES;
				CLANG_WARN_BLOCK_CAPTURE_AUTORELEASING = YES;
				CLANG_WARN_BOOL_CONVERSION = YES;
				CLANG_WARN_COMMA = YES;
				CLANG_WARN_CONSTANT_CONVERSION = YES;
				CLANG_WARN_DEPRECATED_OBJC_IMPLEMENTATIONS = YES;
				CLANG_WARN_DIRECT_OBJC_ISA_USAGE = YES_ERROR;
				CLANG_WARN_DOCUMENTATION_COMMENTS = YES;
				CLANG_WARN_EMPTY_BODY = YES;
				CLANG_WARN_ENUM_CONVERSION = YES;
				CLANG_WARN_INFINITE_RECURSION = YES;
				CLANG_WARN_INT_CONVERSION = YES;
				CLANG_WARN_NON_LITERAL_NULL_CONVERSION = YES;
				CLANG_WARN_OBJC_IMPLICIT_RETAIN_SELF = YES;
				CLANG_WARN_OBJC_LITERAL_CONVERSION = YES;
				CLANG_WARN_OBJC_ROOT_CLASS = YES_ERROR;
				CLANG_WARN_QUOTED_INCLUDE_IN_FRAMEWORK_HEADER = YES;
				CLANG_WARN_RANGE_LOOP_ANALYSIS = YES;
				CLANG_WARN_STRICT_PROTOTYPES = YES;
				CLANG_WARN_SUSPICIOUS_MOVE = YES;
				CLANG_WARN_UNGUARDED_AVAILABILITY = YES_AGGRESSIVE;
				CLANG_WARN_UNREACHABLE_CODE = YES;
				CLANG_WARN__DUPLICATE_METHOD_MATCH = YES;
				CODE_SIGN_IDENTITY = "iPhone Developer";
				COPY_PHASE_STRIP = NO;
				ENABLE_NS_ASSERTIONS = NO;
				ENABLE_STRICT_OBJC_MSGSEND = YES;
				GCC_C_LANGUAGE_STANDARD = gnu11;
				GCC_NO_COMMON_BLOCKS = YES;
				GCC_WARN_64_TO_32_BIT_CONVERSION = YES;
				GCC_WARN_ABOUT_RETURN_TYPE = YES_ERROR;
				GCC_WARN_UNDECLARED_SELECTOR = YES;
				GCC_WARN_UNINITIALIZED_AUTOS = YES_AGGRESSIVE;
				GCC_WARN_UNUSED_FUNCTION = YES;
				GCC_WARN_UNUSED_VARIABLE = YES;
				IPHONEOS_DEPLOYMENT_TARGET = 14.0;
				MTL_ENABLE_DEBUG_INFO = NO;
				SDKROOT = iphoneos;
				SWIFT_OPTIMIZATION_LEVEL = "-Owholemodule";
				SWIFT_VERSION = 5.0;
				VALIDATE_PRODUCT = YES;
			};
			name = Release;
		};
		4540549F1F98A69A00C12B2F /* Debug */ = {
			isa = XCBuildConfiguration;
			buildSettings = {
				ASSETCATALOG_COMPILER_APPICON_NAME = AppIcon;
				CODE_SIGN_IDENTITY = "iPhone Developer";
				CODE_SIGN_STYLE = Automatic;
				DEVELOPMENT_TEAM = "";
				INFOPLIST_FILE = FilestackDemo/Info.plist;
				IPHONEOS_DEPLOYMENT_TARGET = 14.0;
				LD_RUNPATH_SEARCH_PATHS = "$(inherited) @executable_path/Frameworks";
				LLVM_LTO = YES_THIN;
				PRODUCT_BUNDLE_IDENTIFIER = com.filestack.FilestackDemo;
				PRODUCT_NAME = "$(TARGET_NAME)";
				PROVISIONING_PROFILE_SPECIFIER = "";
				TARGETED_DEVICE_FAMILY = "1,2";
			};
			name = Debug;
		};
		454054A01F98A69A00C12B2F /* Release */ = {
			isa = XCBuildConfiguration;
			buildSettings = {
				ASSETCATALOG_COMPILER_APPICON_NAME = AppIcon;
				CODE_SIGN_IDENTITY = "iPhone Developer";
				CODE_SIGN_STYLE = Automatic;
				DEVELOPMENT_TEAM = "";
				INFOPLIST_FILE = FilestackDemo/Info.plist;
				IPHONEOS_DEPLOYMENT_TARGET = 14.0;
				LD_RUNPATH_SEARCH_PATHS = "$(inherited) @executable_path/Frameworks";
				LLVM_LTO = YES_THIN;
				PRODUCT_BUNDLE_IDENTIFIER = com.filestack.FilestackDemo;
				PRODUCT_NAME = "$(TARGET_NAME)";
				PROVISIONING_PROFILE_SPECIFIER = "";
				TARGETED_DEVICE_FAMILY = "1,2";
			};
			name = Release;
		};
/* End XCBuildConfiguration section */

/* Begin XCConfigurationList section */
		4540547C1F98A69A00C12B2F /* Build configuration list for PBXProject "FilestackDemo" */ = {
			isa = XCConfigurationList;
			buildConfigurations = (
				4540549C1F98A69A00C12B2F /* Debug */,
				4540549D1F98A69A00C12B2F /* Release */,
			);
			defaultConfigurationIsVisible = 0;
			defaultConfigurationName = Release;
		};
		4540549E1F98A69A00C12B2F /* Build configuration list for PBXNativeTarget "FilestackDemo" */ = {
			isa = XCConfigurationList;
			buildConfigurations = (
				4540549F1F98A69A00C12B2F /* Debug */,
				454054A01F98A69A00C12B2F /* Release */,
			);
			defaultConfigurationIsVisible = 0;
			defaultConfigurationName = Release;
		};
/* End XCConfigurationList section */
	};
	rootObject = 454054791F98A69A00C12B2F /* Project object */;
}
