{
  "object": {
    "pins": [
      {
        "package": "filestack-swift",
        "repositoryURL": "https://github.com/filestack/filestack-swift",
        "state": {
          "branch": null,
          "revision": "ea85045fe0d580d8401b63cf0c4ae0bc738a8ae4",
          "version": "2.7.0"
        }
      },
      {
        "package": "ZIPFoundation",
        "repositoryURL": "https://github.com/weichsel/ZIPFoundation.git",
        "state": {
          "branch": null,
          "revision": "cf10bbff6ac3b873e97b36b9784c79866a051a8e",
          "version": "0.9.12"
        }
      }
    ]
  },
  "version": 1
}
