{
  "object": {
    "pins": [
      {
        "package": "FilestackSDK",
        "repositoryURL": "https://github.com/filestack/filestack-swift.git",
        "state": {
          "branch": null,
          "revision": "86643f2784c1775e56ac69aac3d0217eda37724f",
          "version": "2.6.3"
        }
      },
      {
        "package": "OHHTTPStubs",
        "repositoryURL": "https://github.com/AliSoftware/OHHTTPStubs.git",
        "state": {
          "branch": null,
          "revision": "12f19662426d0434d6c330c6974d53e2eb10ecd9",
          "version": "9.1.0"
        }
      },
      {
        "package": "ZIPFoundation",
        "repositoryURL": "https://github.com/weichsel/ZIPFoundation",
        "state": {
          "branch": null,
          "revision": "ec32d62d412578542c0ffb7a6ce34d3e64b43b94",
          "version": "0.9.11"
        }
      }
    ]
  },
  "version": 1
}
