{
  "object": {
    "pins": [
      {
        "package": "FilestackSDK",
        "repositoryURL": "https://github.com/filestack/filestack-swift.git",
        "state": {
          "branch": null,
          "revision": "ea85045fe0d580d8401b63cf0c4ae0bc738a8ae4",
          "version": "2.7.0"
        }
      },
      {
        "package": "OHHTTPStubs",
        "repositoryURL": "https://github.com/AliSoftware/OHHTTPStubs.git",
        "state": {
          "branch": null,
          "revision": "e92b5a5746ef16add2a1424f1fc19529d9a75cde",
          "version": "9.0.0"
        }
      },
      {
        "package": "ZIPFoundation",
        "repositoryURL": "https://github.com/weichsel/ZIPFoundation",
        "state": {
          "branch": null,
          "revision": "cf10bbff6ac3b873e97b36b9784c79866a051a8e",
          "version": "0.9.12"
        }
      }
    ]
  },
  "version": 1
}
