// !$*UTF8*$!
{
	archiveVersion = 1;
	classes = {
	};
	objectVersion = 46;
	objects = {

/* Begin PBXBuildFile section */
		79AE9FFC1E6B19870029EB21 /* FilestackIOS.framework in Frameworks */ = {isa = PBXBuildFile; fileRef = 79AE9FFB1E6B19870029EB21 /* FilestackIOS.framework */; };
		79AE9FFD1E6B19870029EB21 /* FilestackIOS.framework in Embed Frameworks */ = {isa = PBXBuildFile; fileRef = 79AE9FFB1E6B19870029EB21 /* FilestackIOS.framework */; settings = {ATTRIBUTES = (CodeSignOnCopy, RemoveHeadersOnCopy, ); }; };
		B2253D261C4F9A39008E47A3 /* main.m in Sources */ = {isa = PBXBuildFile; fileRef = B2253D251C4F9A39008E47A3 /* main.m */; };
		B2253D291C4F9A39008E47A3 /* AppDelegate.m in Sources */ = {isa = PBXBuildFile; fileRef = B2253D281C4F9A39008E47A3 /* AppDelegate.m */; };
		B2253D2C1C4F9A39008E47A3 /* ViewControllerIOS.m in Sources */ = {isa = PBXBuildFile; fileRef = B2253D2B1C4F9A39008E47A3 /* ViewControllerIOS.m */; };
		B2253D2F1C4F9A39008E47A3 /* MainIOS.storyboard in Resources */ = {isa = PBXBuildFile; fileRef = B2253D2D1C4F9A39008E47A3 /* MainIOS.storyboard */; };
		B2253D311C4F9A39008E47A3 /* Assets.xcassets in Resources */ = {isa = PBXBuildFile; fileRef = B2253D301C4F9A39008E47A3 /* Assets.xcassets */; };
		B2253D341C4F9A39008E47A3 /* LaunchScreen.storyboard in Resources */ = {isa = PBXBuildFile; fileRef = B2253D321C4F9A39008E47A3 /* LaunchScreen.storyboard */; };
/* End PBXBuildFile section */

/* Begin PBXCopyFilesBuildPhase section */
		79AE9FFA1E6B19520029EB21 /* Embed Frameworks */ = {
			isa = PBXCopyFilesBuildPhase;
			buildActionMask = 2147483647;
			dstPath = "";
			dstSubfolderSpec = 10;
			files = (
				79AE9FFD1E6B19870029EB21 /* FilestackIOS.framework in Embed Frameworks */,
			);
			name = "Embed Frameworks";
			runOnlyForDeploymentPostprocessing = 0;
		};
/* End PBXCopyFilesBuildPhase section */

/* Begin PBXFileReference section */
		7906E8BA1E6B18A600189D0F /* libFSPicker.a */ = {isa = PBXFileReference; lastKnownFileType = archive.ar; name = libFSPicker.a; path = "../../../../Library/Developer/Xcode/DerivedData/Filestack-gdxrhkfrijzxitdspqozfijrjnss/Build/Products/Debug-iphonesimulator/FSPicker/libFSPicker.a"; sourceTree = "<group>"; };
		7906E8BC1E6B18B200189D0F /* libPods-FilestackIOS.a */ = {isa = PBXFileReference; lastKnownFileType = archive.ar; name = "libPods-FilestackIOS.a"; path = "../../../../Library/Developer/Xcode/DerivedData/Filestack-gdxrhkfrijzxitdspqozfijrjnss/Build/Products/Debug-iphonesimulator/libPods-FilestackIOS.a"; sourceTree = "<group>"; };
		79AE9FFB1E6B19870029EB21 /* FilestackIOS.framework */ = {isa = PBXFileReference; explicitFileType = wrapper.framework; path = FilestackIOS.framework; sourceTree = BUILT_PRODUCTS_DIR; };
		B2253D211C4F9A39008E47A3 /* Filestack-iOS-Demo.app */ = {isa = PBXFileReference; explicitFileType = wrapper.application; includeInIndex = 0; path = "Filestack-iOS-Demo.app"; sourceTree = BUILT_PRODUCTS_DIR; };
		B2253D251C4F9A39008E47A3 /* main.m */ = {isa = PBXFileReference; lastKnownFileType = sourcecode.c.objc; path = main.m; sourceTree = "<group>"; };
		B2253D271C4F9A39008E47A3 /* AppDelegate.h */ = {isa = PBXFileReference; lastKnownFileType = sourcecode.c.h; path = AppDelegate.h; sourceTree = "<group>"; };
		B2253D281C4F9A39008E47A3 /* AppDelegate.m */ = {isa = PBXFileReference; lastKnownFileType = sourcecode.c.objc; path = AppDelegate.m; sourceTree = "<group>"; };
		B2253D2A1C4F9A39008E47A3 /* ViewControllerIOS.h */ = {isa = PBXFileReference; lastKnownFileType = sourcecode.c.h; path = ViewControllerIOS.h; sourceTree = "<group>"; };
		B2253D2B1C4F9A39008E47A3 /* ViewControllerIOS.m */ = {isa = PBXFileReference; lastKnownFileType = sourcecode.c.objc; path = ViewControllerIOS.m; sourceTree = "<group>"; };
		B2253D2E1C4F9A39008E47A3 /* Base */ = {isa = PBXFileReference; lastKnownFileType = file.storyboard; name = Base; path = Base.lproj/MainIOS.storyboard; sourceTree = "<group>"; };
		B2253D301C4F9A39008E47A3 /* Assets.xcassets */ = {isa = PBXFileReference; lastKnownFileType = folder.assetcatalog; path = Assets.xcassets; sourceTree = "<group>"; };
		B2253D331C4F9A39008E47A3 /* Base */ = {isa = PBXFileReference; lastKnownFileType = file.storyboard; name = Base; path = Base.lproj/LaunchScreen.storyboard; sourceTree = "<group>"; };
		B2253D351C4F9A39008E47A3 /* Info.plist */ = {isa = PBXFileReference; lastKnownFileType = text.plist.xml; path = Info.plist; sourceTree = "<group>"; };
/* End PBXFileReference section */

/* Begin PBXFrameworksBuildPhase section */
		B2253D1E1C4F9A39008E47A3 /* Frameworks */ = {
			isa = PBXFrameworksBuildPhase;
			buildActionMask = 2147483647;
			files = (
				79AE9FFC1E6B19870029EB21 /* FilestackIOS.framework in Frameworks */,
			);
			runOnlyForDeploymentPostprocessing = 0;
		};
/* End PBXFrameworksBuildPhase section */

/* Begin PBXGroup section */
		7906E8B91E6B18A500189D0F /* Frameworks */ = {
			isa = PBXGroup;
			children = (
				7906E8BC1E6B18B200189D0F /* libPods-FilestackIOS.a */,
				7906E8BA1E6B18A600189D0F /* libFSPicker.a */,
			);
			name = Frameworks;
			sourceTree = "<group>";
		};
		B2253D181C4F9A39008E47A3 = {
			isa = PBXGroup;
			children = (
				79AE9FFB1E6B19870029EB21 /* FilestackIOS.framework */,
				B2253D231C4F9A39008E47A3 /* Filestack-iOS-Demo */,
				B2253D221C4F9A39008E47A3 /* Products */,
				7906E8B91E6B18A500189D0F /* Frameworks */,
			);
			sourceTree = "<group>";
		};
		B2253D221C4F9A39008E47A3 /* Products */ = {
			isa = PBXGroup;
			children = (
				B2253D211C4F9A39008E47A3 /* Filestack-iOS-Demo.app */,
			);
			name = Products;
			sourceTree = "<group>";
		};
		B2253D231C4F9A39008E47A3 /* Filestack-iOS-Demo */ = {
			isa = PBXGroup;
			children = (
				B2253D271C4F9A39008E47A3 /* AppDelegate.h */,
				B2253D281C4F9A39008E47A3 /* AppDelegate.m */,
				B2253D2A1C4F9A39008E47A3 /* ViewControllerIOS.h */,
				B2253D2B1C4F9A39008E47A3 /* ViewControllerIOS.m */,
				B2253D2D1C4F9A39008E47A3 /* MainIOS.storyboard */,
				B2253D301C4F9A39008E47A3 /* Assets.xcassets */,
				B2253D321C4F9A39008E47A3 /* LaunchScreen.storyboard */,
				B2253D351C4F9A39008E47A3 /* Info.plist */,
				B2253D241C4F9A39008E47A3 /* Supporting Files */,
			);
			path = "Filestack-iOS-Demo";
			sourceTree = "<group>";
		};
		B2253D241C4F9A39008E47A3 /* Supporting Files */ = {
			isa = PBXGroup;
			children = (
				B2253D251C4F9A39008E47A3 /* main.m */,
			);
			name = "Supporting Files";
			sourceTree = "<group>";
		};
/* End PBXGroup section */

/* Begin PBXNativeTarget section */
		B2253D201C4F9A39008E47A3 /* Filestack-iOS-Demo */ = {
			isa = PBXNativeTarget;
			buildConfigurationList = B2253D381C4F9A39008E47A3 /* Build configuration list for PBXNativeTarget "Filestack-iOS-Demo" */;
			buildPhases = (
				B2253D1D1C4F9A39008E47A3 /* Sources */,
				B2253D1E1C4F9A39008E47A3 /* Frameworks */,
				B2253D1F1C4F9A39008E47A3 /* Resources */,
				79AE9FFA1E6B19520029EB21 /* Embed Frameworks */,
			);
			buildRules = (
			);
			dependencies = (
			);
			name = "Filestack-iOS-Demo";
			productName = "Filestack-iOS-Demo";
			productReference = B2253D211C4F9A39008E47A3 /* Filestack-iOS-Demo.app */;
			productType = "com.apple.product-type.application";
		};
/* End PBXNativeTarget section */

/* Begin PBXProject section */
		B2253D191C4F9A39008E47A3 /* Project object */ = {
			isa = PBXProject;
			attributes = {
				LastUpgradeCheck = 0820;
				ORGANIZATIONNAME = Filestack;
				TargetAttributes = {
					B2253D201C4F9A39008E47A3 = {
						CreatedOnToolsVersion = 7.2;
						DevelopmentTeam = 78554YEBNK;
					};
				};
			};
			buildConfigurationList = B2253D1C1C4F9A39008E47A3 /* Build configuration list for PBXProject "Filestack-iOS-Demo" */;
			compatibilityVersion = "Xcode 3.2";
			developmentRegion = English;
			hasScannedForEncodings = 0;
			knownRegions = (
				en,
				Base,
			);
			mainGroup = B2253D181C4F9A39008E47A3;
			productRefGroup = B2253D221C4F9A39008E47A3 /* Products */;
			projectDirPath = "";
			projectRoot = "";
			targets = (
				B2253D201C4F9A39008E47A3 /* Filestack-iOS-Demo */,
			);
		};
/* End PBXProject section */

/* Begin PBXResourcesBuildPhase section */
		B2253D1F1C4F9A39008E47A3 /* Resources */ = {
			isa = PBXResourcesBuildPhase;
			buildActionMask = 2147483647;
			files = (
				B2253D341C4F9A39008E47A3 /* LaunchScreen.storyboard in Resources */,
				B2253D311C4F9A39008E47A3 /* Assets.xcassets in Resources */,
				B2253D2F1C4F9A39008E47A3 /* MainIOS.storyboard in Resources */,
			);
			runOnlyForDeploymentPostprocessing = 0;
		};
/* End PBXResourcesBuildPhase section */

/* Begin PBXSourcesBuildPhase section */
		B2253D1D1C4F9A39008E47A3 /* Sources */ = {
			isa = PBXSourcesBuildPhase;
			buildActionMask = 2147483647;
			files = (
				B2253D2C1C4F9A39008E47A3 /* ViewControllerIOS.m in Sources */,
				B2253D291C4F9A39008E47A3 /* AppDelegate.m in Sources */,
				B2253D261C4F9A39008E47A3 /* main.m in Sources */,
			);
			runOnlyForDeploymentPostprocessing = 0;
		};
/* End PBXSourcesBuildPhase section */

/* Begin PBXVariantGroup section */
		B2253D2D1C4F9A39008E47A3 /* MainIOS.storyboard */ = {
			isa = PBXVariantGroup;
			children = (
				B2253D2E1C4F9A39008E47A3 /* Base */,
			);
			name = MainIOS.storyboard;
			sourceTree = "<group>";
		};
		B2253D321C4F9A39008E47A3 /* LaunchScreen.storyboard */ = {
			isa = PBXVariantGroup;
			children = (
				B2253D331C4F9A39008E47A3 /* Base */,
			);
			name = LaunchScreen.storyboard;
			sourceTree = "<group>";
		};
/* End PBXVariantGroup section */

/* Begin XCBuildConfiguration section */
		B2253D361C4F9A39008E47A3 /* Debug */ = {
			isa = XCBuildConfiguration;
			buildSettings = {
				ALWAYS_SEARCH_USER_PATHS = NO;
				CLANG_CXX_LANGUAGE_STANDARD = "gnu++0x";
				CLANG_CXX_LIBRARY = "libc++";
				CLANG_ENABLE_MODULES = YES;
				CLANG_ENABLE_OBJC_ARC = YES;
				CLANG_WARN_BOOL_CONVERSION = YES;
				CLANG_WARN_CONSTANT_CONVERSION = YES;
				CLANG_WARN_DIRECT_OBJC_ISA_USAGE = YES_ERROR;
				CLANG_WARN_EMPTY_BODY = YES;
				CLANG_WARN_ENUM_CONVERSION = YES;
				CLANG_WARN_INFINITE_RECURSION = YES;
				CLANG_WARN_INT_CONVERSION = YES;
				CLANG_WARN_OBJC_ROOT_CLASS = YES_ERROR;
				CLANG_WARN_SUSPICIOUS_MOVE = YES;
				CLANG_WARN_UNREACHABLE_CODE = YES;
				CLANG_WARN__DUPLICATE_METHOD_MATCH = YES;
				"CODE_SIGN_IDENTITY[sdk=iphoneos*]" = "iPhone Developer";
				COPY_PHASE_STRIP = NO;
				DEBUG_INFORMATION_FORMAT = dwarf;
				ENABLE_STRICT_OBJC_MSGSEND = YES;
				ENABLE_TESTABILITY = YES;
				GCC_C_LANGUAGE_STANDARD = gnu99;
				GCC_DYNAMIC_NO_PIC = NO;
				GCC_NO_COMMON_BLOCKS = YES;
				GCC_OPTIMIZATION_LEVEL = 0;
				GCC_PREPROCESSOR_DEFINITIONS = (
					"DEBUG=1",
					"$(inherited)",
				);
				GCC_WARN_64_TO_32_BIT_CONVERSION = YES;
				GCC_WARN_ABOUT_RETURN_TYPE = YES_ERROR;
				GCC_WARN_UNDECLARED_SELECTOR = YES;
				GCC_WARN_UNINITIALIZED_AUTOS = YES_AGGRESSIVE;
				GCC_WARN_UNUSED_FUNCTION = YES;
				GCC_WARN_UNUSED_VARIABLE = YES;
				IPHONEOS_DEPLOYMENT_TARGET = 9.2;
				MTL_ENABLE_DEBUG_INFO = YES;
				ONLY_ACTIVE_ARCH = YES;
				SDKROOT = iphoneos;
				TARGETED_DEVICE_FAMILY = "1,2";
			};
			name = Debug;
		};
		B2253D371C4F9A39008E47A3 /* Release */ = {
			isa = XCBuildConfiguration;
			buildSettings = {
				ALWAYS_SEARCH_USER_PATHS = NO;
				CLANG_CXX_LANGUAGE_STANDARD = "gnu++0x";
				CLANG_CXX_LIBRARY = "libc++";
				CLANG_ENABLE_MODULES = YES;
				CLANG_ENABLE_OBJC_ARC = YES;
				CLANG_WARN_BOOL_CONVERSION = YES;
				CLANG_WARN_CONSTANT_CONVERSION = YES;
				CLANG_WARN_DIRECT_OBJC_ISA_USAGE = YES_ERROR;
				CLANG_WARN_EMPTY_BODY = YES;
				CLANG_WARN_ENUM_CONVERSION = YES;
				CLANG_WARN_INFINITE_RECURSION = YES;
				CLANG_WARN_INT_CONVERSION = YES;
				CLANG_WARN_OBJC_ROOT_CLASS = YES_ERROR;
				CLANG_WARN_SUSPICIOUS_MOVE = YES;
				CLANG_WARN_UNREACHABLE_CODE = YES;
				CLANG_WARN__DUPLICATE_METHOD_MATCH = YES;
				"CODE_SIGN_IDENTITY[sdk=iphoneos*]" = "iPhone Developer";
				COPY_PHASE_STRIP = NO;
				DEBUG_INFORMATION_FORMAT = "dwarf-with-dsym";
				ENABLE_NS_ASSERTIONS = NO;
				ENABLE_STRICT_OBJC_MSGSEND = YES;
				GCC_C_LANGUAGE_STANDARD = gnu99;
				GCC_NO_COMMON_BLOCKS = YES;
				GCC_WARN_64_TO_32_BIT_CONVERSION = YES;
				GCC_WARN_ABOUT_RETURN_TYPE = YES_ERROR;
				GCC_WARN_UNDECLARED_SELECTOR = YES;
				GCC_WARN_UNINITIALIZED_AUTOS = YES_AGGRESSIVE;
				GCC_WARN_UNUSED_FUNCTION = YES;
				GCC_WARN_UNUSED_VARIABLE = YES;
				IPHONEOS_DEPLOYMENT_TARGET = 9.2;
				MTL_ENABLE_DEBUG_INFO = NO;
				SDKROOT = iphoneos;
				TARGETED_DEVICE_FAMILY = "1,2";
				VALIDATE_PRODUCT = YES;
			};
			name = Release;
		};
		B2253D391C4F9A39008E47A3 /* Debug */ = {
			isa = XCBuildConfiguration;
			buildSettings = {
				ASSETCATALOG_COMPILER_APPICON_NAME = AppIcon;
				CODE_SIGN_IDENTITY = "iPhone Developer";
				DEVELOPMENT_TEAM = 78554YEBNK;
				INFOPLIST_FILE = "Filestack-iOS-Demo/Info.plist";
				LD_RUNPATH_SEARCH_PATHS = "$(inherited) @executable_path/Frameworks";
				PRODUCT_BUNDLE_IDENTIFIER = "com.filestack.Filestack-iOS-Demo";
				PRODUCT_NAME = "$(TARGET_NAME)";
			};
			name = Debug;
		};
		B2253D3A1C4F9A39008E47A3 /* Release */ = {
			isa = XCBuildConfiguration;
			buildSettings = {
				ASSETCATALOG_COMPILER_APPICON_NAME = AppIcon;
				CODE_SIGN_IDENTITY = "iPhone Developer";
				DEVELOPMENT_TEAM = 78554YEBNK;
				INFOPLIST_FILE = "Filestack-iOS-Demo/Info.plist";
				LD_RUNPATH_SEARCH_PATHS = "$(inherited) @executable_path/Frameworks";
				PRODUCT_BUNDLE_IDENTIFIER = "com.filestack.Filestack-iOS-Demo";
				PRODUCT_NAME = "$(TARGET_NAME)";
			};
			name = Release;
		};
/* End XCBuildConfiguration section */

/* Begin XCConfigurationList section */
		B2253D1C1C4F9A39008E47A3 /* Build configuration list for PBXProject "Filestack-iOS-Demo" */ = {
			isa = XCConfigurationList;
			buildConfigurations = (
				B2253D361C4F9A39008E47A3 /* Debug */,
				B2253D371C4F9A39008E47A3 /* Release */,
			);
			defaultConfigurationIsVisible = 0;
			defaultConfigurationName = Release;
		};
		B2253D381C4F9A39008E47A3 /* Build configuration list for PBXNativeTarget "Filestack-iOS-Demo" */ = {
			isa = XCConfigurationList;
			buildConfigurations = (
				B2253D391C4F9A39008E47A3 /* Debug */,
				B2253D3A1C4F9A39008E47A3 /* Release */,
			);
			defaultConfigurationIsVisible = 0;
			defaultConfigurationName = Release;
		};
/* End XCConfigurationList section */
	};
	rootObject = B2253D191C4F9A39008E47A3 /* Project object */;
}
