// !$*UTF8*$!
{
	archiveVersion = 1;
	classes = {
	};
	objectVersion = 48;
	objects = {

/* Begin PBXBuildFile section */
		4500C5731FC46A9200B17485 /* LogoutRequest.swift in Sources */ = {isa = PBXBuildFile; fileRef = 4500C5721FC46A9200B17485 /* LogoutRequest.swift */; };
		4518BDFE1FC6DE0400FB7D9D /* README.md in Resources */ = {isa = PBXBuildFile; fileRef = 4518BDF51FC6DE0400FB7D9D /* README.md */; };
		452B77BE1FB45EF9000F3FAE /* UploadMonitorViewController.swift in Sources */ = {isa = PBXBuildFile; fileRef = 452B77BD1FB45EF9000F3FAE /* UploadMonitorViewController.swift */; };
		452DCF6D1FA1E1E30033B75D /* CloudProvider.swift in Sources */ = {isa = PBXBuildFile; fileRef = 452DCF6C1FA1E1E30033B75D /* CloudProvider.swift */; };
		454054741F98A30F00C12B2F /* Client.swift in Sources */ = {isa = PBXBuildFile; fileRef = 454054731F98A30F00C12B2F /* Client.swift */; };
		454157D51FA7593C00F37C9F /* FilestackSDK.framework in Frameworks */ = {isa = PBXBuildFile; fileRef = 454157881FA7592000F37C9F /* FilestackSDK.framework */; };
		454157D81FA7595300F37C9F /* OHHTTPStubs.framework in Frameworks */ = {isa = PBXBuildFile; fileRef = 454157C81FA7592F00F37C9F /* OHHTTPStubs.framework */; };
		454662831FB5BBEB00260033 /* CloudSourceTableViewController.swift in Sources */ = {isa = PBXBuildFile; fileRef = 454662821FB5BBEB00260033 /* CloudSourceTableViewController.swift */; };
		4546628E1FB6063F00260033 /* CloudItem.swift in Sources */ = {isa = PBXBuildFile; fileRef = 4546628D1FB6063F00260033 /* CloudItem.swift */; };
		455804A21F9F43A7007C694C /* CloudService.swift in Sources */ = {isa = PBXBuildFile; fileRef = 455804A11F9F43A7007C694C /* CloudService.swift */; };
		455804A51F9F4420007C694C /* Constants.swift in Sources */ = {isa = PBXBuildFile; fileRef = 455804A41F9F4420007C694C /* Constants.swift */; };
		455804A71F9F445F007C694C /* BundleInfo.swift in Sources */ = {isa = PBXBuildFile; fileRef = 455804A61F9F445F007C694C /* BundleInfo.swift */; };
		455804AA1F9F448C007C694C /* SessionManager+FilestackDefault.swift in Sources */ = {isa = PBXBuildFile; fileRef = 455804A91F9F448C007C694C /* SessionManager+FilestackDefault.swift */; };
		45648CC21FD15DD400281653 /* DocumentPickerUploadController.swift in Sources */ = {isa = PBXBuildFile; fileRef = 45648CC11FD15DD400281653 /* DocumentPickerUploadController.swift */; };
		4565CEED1FBEE5940043BFBB /* CloudSourceCollectionViewController.swift in Sources */ = {isa = PBXBuildFile; fileRef = 4565CEEC1FBEE5940043BFBB /* CloudSourceCollectionViewController.swift */; };
		4565CEF31FBEEC2F0043BFBB /* CloudItemCollectionViewCell.swift in Sources */ = {isa = PBXBuildFile; fileRef = 4565CEF21FBEEC2F0043BFBB /* CloudItemCollectionViewCell.swift */; };
		4565CEF51FBEF5AE0043BFBB /* ActivityIndicatorCollectionViewCell.swift in Sources */ = {isa = PBXBuildFile; fileRef = 4565CEF41FBEF5AE0043BFBB /* ActivityIndicatorCollectionViewCell.swift */; };
		4565CEF71FBF3F400043BFBB /* UserDefaults+State.swift in Sources */ = {isa = PBXBuildFile; fileRef = 4565CEF61FBF3F400043BFBB /* UserDefaults+State.swift */; };
		4565CEF91FBF4FE60043BFBB /* CloudSourceViewType.swift in Sources */ = {isa = PBXBuildFile; fileRef = 4565CEF81FBF4FE60043BFBB /* CloudSourceViewType.swift */; };
		4565CEFB1FBF50010043BFBB /* CloudSourceDataSourceConsumer.swift in Sources */ = {isa = PBXBuildFile; fileRef = 4565CEFA1FBF50010043BFBB /* CloudSourceDataSourceConsumer.swift */; };
		4568DCD01F9DFD7300F29923 /* ImagePickerUploadController.swift in Sources */ = {isa = PBXBuildFile; fileRef = 4568DCCF1F9DFD7300F29923 /* ImagePickerUploadController.swift */; };
		4569C7851FB1B6C500DE990E /* SourceTableViewController.swift in Sources */ = {isa = PBXBuildFile; fileRef = 4569C7841FB1B6C500DE990E /* SourceTableViewController.swift */; };
		4569C7881FB1C35600DE990E /* Icons.xcassets in Resources */ = {isa = PBXBuildFile; fileRef = 4569C7871FB1C35600DE990E /* Icons.xcassets */; };
		4569C79D1FB1CFC000DE990E /* Picker.storyboard in Resources */ = {isa = PBXBuildFile; fileRef = 4569C79C1FB1CFC000DE990E /* Picker.storyboard */; };
		4569C7A41FB1F84500DE990E /* CellDescriptibleSource.swift in Sources */ = {isa = PBXBuildFile; fileRef = 4569C7A31FB1F84500DE990E /* CellDescriptibleSource.swift */; };
		4569C7A61FB1F85800DE990E /* LocalSource.swift in Sources */ = {isa = PBXBuildFile; fileRef = 4569C7A51FB1F85800DE990E /* LocalSource.swift */; };
		4569C7A81FB1F86700DE990E /* CloudSource.swift in Sources */ = {isa = PBXBuildFile; fileRef = 4569C7A71FB1F86700DE990E /* CloudSource.swift */; };
		457085091F975C6C00991340 /* Filestack.framework in Frameworks */ = {isa = PBXBuildFile; fileRef = 457084FF1F975C6C00991340 /* Filestack.framework */; };
		4570850E1F975C6C00991340 /* FilestackUploadTests.swift in Sources */ = {isa = PBXBuildFile; fileRef = 4570850D1F975C6C00991340 /* FilestackUploadTests.swift */; };
		457085101F975C6C00991340 /* Filestack.h in Headers */ = {isa = PBXBuildFile; fileRef = 457085021F975C6C00991340 /* Filestack.h */; settings = {ATTRIBUTES = (Public, ); }; };
		45786D5C1FB3202B00478545 /* PickerNavigationController.swift in Sources */ = {isa = PBXBuildFile; fileRef = 45786D5B1FB3202B00478545 /* PickerNavigationController.swift */; };
		4587330D1FA32B66002DAA9D /* StoreRequest.swift in Sources */ = {isa = PBXBuildFile; fileRef = 4587330C1FA32B66002DAA9D /* StoreRequest.swift */; };
		459ADA0A1FB9FB050087698A /* ActivityIndicatorTableViewCell.swift in Sources */ = {isa = PBXBuildFile; fileRef = 459ADA091FB9FB050087698A /* ActivityIndicatorTableViewCell.swift */; };
		45A48C161FB311F000356BC6 /* PrefetchRequest.swift in Sources */ = {isa = PBXBuildFile; fileRef = 45A48C151FB311F000356BC6 /* PrefetchRequest.swift */; };
		45A48C201FB317F100356BC6 /* Data+JSON.swift in Sources */ = {isa = PBXBuildFile; fileRef = 45A48C1F1FB317F100356BC6 /* Data+JSON.swift */; };
		45A92F161FA0BE3F00FEB611 /* CloudRequest.swift in Sources */ = {isa = PBXBuildFile; fileRef = 45A92F151FA0BE3F00FEB611 /* CloudRequest.swift */; };
		45A92F181FA0BE9600FEB611 /* FolderListRequest.swift in Sources */ = {isa = PBXBuildFile; fileRef = 45A92F171FA0BE9600FEB611 /* FolderListRequest.swift */; };
		45B603D31FC5B88A006775BF /* ImageURLExportPreset.swift in Sources */ = {isa = PBXBuildFile; fileRef = 45B603D21FC5B88A006775BF /* ImageURLExportPreset.swift */; };
		45C47E741FB9B3DC009B8248 /* Array+SafeIndex.swift in Sources */ = {isa = PBXBuildFile; fileRef = 45C47E731FB9B3DC009B8248 /* Array+SafeIndex.swift */; };
		45C47E7E1FB9F08A009B8248 /* Storyboard+Scenes.swift in Sources */ = {isa = PBXBuildFile; fileRef = 45C47E7D1FB9F08A009B8248 /* Storyboard+Scenes.swift */; };
		45C47E801FB9F0C6009B8248 /* Scene+Defaults.swift in Sources */ = {isa = PBXBuildFile; fileRef = 45C47E7F1FB9F0C6009B8248 /* Scene+Defaults.swift */; };
		45C47E841FB9F0DF009B8248 /* Scene.swift in Sources */ = {isa = PBXBuildFile; fileRef = 45C47E831FB9F0DF009B8248 /* Scene.swift */; };
		45CBF4891FBF6D7700891BBD /* CloudItemTableViewCell.swift in Sources */ = {isa = PBXBuildFile; fileRef = 45CBF4881FBF6D7700891BBD /* CloudItemTableViewCell.swift */; };
		45DEBA511FBAE61000A267E7 /* CancellableRequest.swift in Sources */ = {isa = PBXBuildFile; fileRef = 45DEBA501FBAE61000A267E7 /* CancellableRequest.swift */; };
		45DEBA531FBAE63700A267E7 /* MultipartUpload+Cancellable.swift in Sources */ = {isa = PBXBuildFile; fileRef = 45DEBA521FBAE63700A267E7 /* MultipartUpload+Cancellable.swift */; };
		45DEBA551FBAF48000A267E7 /* Config.swift in Sources */ = {isa = PBXBuildFile; fileRef = 45DEBA541FBAF48000A267E7 /* Config.swift */; };
		45DEBA571FBB05F600A267E7 /* UIImage+Squared.swift in Sources */ = {isa = PBXBuildFile; fileRef = 45DEBA561FBB05F600A267E7 /* UIImage+Squared.swift */; };
		45E2B7B11FC2FEB500448ED2 /* UIImage+HEIC.swift in Sources */ = {isa = PBXBuildFile; fileRef = 45E2B7B01FC2FEB500448ED2 /* UIImage+HEIC.swift */; };
		45E539D81F98B281003863BA /* sample.jpg in Resources */ = {isa = PBXBuildFile; fileRef = 45E539CE1F98B281003863BA /* sample.jpg */; };
		45E539D91F98B281003863BA /* large.jpg in Resources */ = {isa = PBXBuildFile; fileRef = 45E539D71F98B281003863BA /* large.jpg */; };
		45E539E11F98D363003863BA /* Seeds.swift in Sources */ = {isa = PBXBuildFile; fileRef = 45E539E01F98D362003863BA /* Seeds.swift */; };
		45E8D1971FBDA16700DC2111 /* CloudSourceDataSource.swift in Sources */ = {isa = PBXBuildFile; fileRef = 45E8D1961FBDA16700DC2111 /* CloudSourceDataSource.swift */; };
		45E8D1A11FBDA21200DC2111 /* CloudSourceTabBarController.swift in Sources */ = {isa = PBXBuildFile; fileRef = 45E8D1A01FBDA21200DC2111 /* CloudSourceTabBarController.swift */; };
/* End PBXBuildFile section */

/* Begin PBXContainerItemProxy section */
		454157871FA7592000F37C9F /* PBXContainerItemProxy */ = {
			isa = PBXContainerItemProxy;
			containerPortal = 4541577F1FA7591F00F37C9F /* FilestackSDK.xcodeproj */;
			proxyType = 2;
			remoteGlobalIDString = 45B8309B1F03B27A0053742A;
			remoteInfo = FilestackSDK;
		};
		454157891FA7592000F37C9F /* PBXContainerItemProxy */ = {
			isa = PBXContainerItemProxy;
			containerPortal = 4541577F1FA7591F00F37C9F /* FilestackSDK.xcodeproj */;
			proxyType = 2;
			remoteGlobalIDString = 45B8310D1F03D8140053742A;
			remoteInfo = FilestackSDKTests;
		};
		454157C31FA7592F00F37C9F /* PBXContainerItemProxy */ = {
			isa = PBXContainerItemProxy;
			containerPortal = 454157B81FA7592F00F37C9F /* OHHTTPStubs.xcodeproj */;
			proxyType = 2;
			remoteGlobalIDString = 09110A4119805F4800D175E4;
			remoteInfo = "OHHTTPStubs iOS StaticLib";
		};
		454157C51FA7592F00F37C9F /* PBXContainerItemProxy */ = {
			isa = PBXContainerItemProxy;
			containerPortal = 454157B81FA7592F00F37C9F /* OHHTTPStubs.xcodeproj */;
			proxyType = 2;
			remoteGlobalIDString = 09110A5119805F4800D175E4;
			remoteInfo = "OHHTTPStubs iOS Lib Tests";
		};
		454157C71FA7592F00F37C9F /* PBXContainerItemProxy */ = {
			isa = PBXContainerItemProxy;
			containerPortal = 454157B81FA7592F00F37C9F /* OHHTTPStubs.xcodeproj */;
			proxyType = 2;
			remoteGlobalIDString = 725CD99B1A9EB65100F84C8B;
			remoteInfo = "OHHTTPStubs iOS Framework";
		};
		454157C91FA7592F00F37C9F /* PBXContainerItemProxy */ = {
			isa = PBXContainerItemProxy;
			containerPortal = 454157B81FA7592F00F37C9F /* OHHTTPStubs.xcodeproj */;
			proxyType = 2;
			remoteGlobalIDString = 093442F91B80EC4A00A91535;
			remoteInfo = "OHHTTPStubs iOS Fmk Tests";
		};
		454157CB1FA7592F00F37C9F /* PBXContainerItemProxy */ = {
			isa = PBXContainerItemProxy;
			containerPortal = 454157B81FA7592F00F37C9F /* OHHTTPStubs.xcodeproj */;
			proxyType = 2;
			remoteGlobalIDString = 095981C219806A7900807DBE;
			remoteInfo = "OHHTTPStubs Mac Framework";
		};
		454157CD1FA7592F00F37C9F /* PBXContainerItemProxy */ = {
			isa = PBXContainerItemProxy;
			containerPortal = 454157B81FA7592F00F37C9F /* OHHTTPStubs.xcodeproj */;
			proxyType = 2;
			remoteGlobalIDString = 095981D219806A7900807DBE;
			remoteInfo = "OHHTTPStubs Mac Tests";
		};
		454157CF1FA7592F00F37C9F /* PBXContainerItemProxy */ = {
			isa = PBXContainerItemProxy;
			containerPortal = 454157B81FA7592F00F37C9F /* OHHTTPStubs.xcodeproj */;
			proxyType = 2;
			remoteGlobalIDString = EAA436A51BE1598D000E9E99;
			remoteInfo = "OHHTTPStubs tvOS Framework";
		};
		454157D11FA7592F00F37C9F /* PBXContainerItemProxy */ = {
			isa = PBXContainerItemProxy;
			containerPortal = 454157B81FA7592F00F37C9F /* OHHTTPStubs.xcodeproj */;
			proxyType = 2;
			remoteGlobalIDString = EA100AB71BE15BE400129352;
			remoteInfo = "OHHTTPStubs tvOS Fmk Tests";
		};
		454157D31FA7593600F37C9F /* PBXContainerItemProxy */ = {
			isa = PBXContainerItemProxy;
			containerPortal = 4541577F1FA7591F00F37C9F /* FilestackSDK.xcodeproj */;
			proxyType = 1;
			remoteGlobalIDString = 45B8309A1F03B27A0053742A;
			remoteInfo = FilestackSDK;
		};
		454157D61FA7594500F37C9F /* PBXContainerItemProxy */ = {
			isa = PBXContainerItemProxy;
			containerPortal = 454157B81FA7592F00F37C9F /* OHHTTPStubs.xcodeproj */;
			proxyType = 1;
			remoteGlobalIDString = 725CD99A1A9EB65100F84C8B;
			remoteInfo = "OHHTTPStubs iOS Framework";
		};
		4570850A1F975C6C00991340 /* PBXContainerItemProxy */ = {
			isa = PBXContainerItemProxy;
			containerPortal = 457084F61F975C6B00991340 /* Project object */;
			proxyType = 1;
			remoteGlobalIDString = 457084FE1F975C6C00991340;
			remoteInfo = Filestack;
		};
/* End PBXContainerItemProxy section */

/* Begin PBXFileReference section */
		4500C5721FC46A9200B17485 /* LogoutRequest.swift */ = {isa = PBXFileReference; lastKnownFileType = sourcecode.swift; path = LogoutRequest.swift; sourceTree = "<group>"; };
		4518BDF51FC6DE0400FB7D9D /* README.md */ = {isa = PBXFileReference; fileEncoding = 4; lastKnownFileType = net.daringfireball.markdown; path = README.md; sourceTree = "<group>"; };
		452B77BD1FB45EF9000F3FAE /* UploadMonitorViewController.swift */ = {isa = PBXFileReference; lastKnownFileType = sourcecode.swift; path = UploadMonitorViewController.swift; sourceTree = "<group>"; };
		452DCF6C1FA1E1E30033B75D /* CloudProvider.swift */ = {isa = PBXFileReference; lastKnownFileType = sourcecode.swift; path = CloudProvider.swift; sourceTree = "<group>"; };
		454054731F98A30F00C12B2F /* Client.swift */ = {isa = PBXFileReference; lastKnownFileType = sourcecode.swift; path = Client.swift; sourceTree = "<group>"; };
		4541577F1FA7591F00F37C9F /* FilestackSDK.xcodeproj */ = {isa = PBXFileReference; lastKnownFileType = "wrapper.pb-project"; name = FilestackSDK.xcodeproj; path = "Carthage/Checkouts/filestack-swift/FilestackSDK.xcodeproj"; sourceTree = "<group>"; };
		454157B81FA7592F00F37C9F /* OHHTTPStubs.xcodeproj */ = {isa = PBXFileReference; lastKnownFileType = "wrapper.pb-project"; name = OHHTTPStubs.xcodeproj; path = Carthage/Checkouts/OHHTTPStubs/OHHTTPStubs/OHHTTPStubs.xcodeproj; sourceTree = "<group>"; };
		454662821FB5BBEB00260033 /* CloudSourceTableViewController.swift */ = {isa = PBXFileReference; lastKnownFileType = sourcecode.swift; path = CloudSourceTableViewController.swift; sourceTree = "<group>"; };
		4546628D1FB6063F00260033 /* CloudItem.swift */ = {isa = PBXFileReference; lastKnownFileType = sourcecode.swift; path = CloudItem.swift; sourceTree = "<group>"; };
		455804A11F9F43A7007C694C /* CloudService.swift */ = {isa = PBXFileReference; lastKnownFileType = sourcecode.swift; path = CloudService.swift; sourceTree = "<group>"; };
		455804A41F9F4420007C694C /* Constants.swift */ = {isa = PBXFileReference; lastKnownFileType = sourcecode.swift; path = Constants.swift; sourceTree = "<group>"; };
		455804A61F9F445F007C694C /* BundleInfo.swift */ = {isa = PBXFileReference; lastKnownFileType = sourcecode.swift; path = BundleInfo.swift; sourceTree = "<group>"; };
		455804A91F9F448C007C694C /* SessionManager+FilestackDefault.swift */ = {isa = PBXFileReference; lastKnownFileType = sourcecode.swift; path = "SessionManager+FilestackDefault.swift"; sourceTree = "<group>"; };
		45648CC11FD15DD400281653 /* DocumentPickerUploadController.swift */ = {isa = PBXFileReference; lastKnownFileType = sourcecode.swift; path = DocumentPickerUploadController.swift; sourceTree = "<group>"; };
		4565CEEC1FBEE5940043BFBB /* CloudSourceCollectionViewController.swift */ = {isa = PBXFileReference; lastKnownFileType = sourcecode.swift; path = CloudSourceCollectionViewController.swift; sourceTree = "<group>"; };
		4565CEF21FBEEC2F0043BFBB /* CloudItemCollectionViewCell.swift */ = {isa = PBXFileReference; lastKnownFileType = sourcecode.swift; path = CloudItemCollectionViewCell.swift; sourceTree = "<group>"; };
		4565CEF41FBEF5AE0043BFBB /* ActivityIndicatorCollectionViewCell.swift */ = {isa = PBXFileReference; lastKnownFileType = sourcecode.swift; path = ActivityIndicatorCollectionViewCell.swift; sourceTree = "<group>"; };
		4565CEF61FBF3F400043BFBB /* UserDefaults+State.swift */ = {isa = PBXFileReference; lastKnownFileType = sourcecode.swift; path = "UserDefaults+State.swift"; sourceTree = "<group>"; };
		4565CEF81FBF4FE60043BFBB /* CloudSourceViewType.swift */ = {isa = PBXFileReference; lastKnownFileType = sourcecode.swift; path = CloudSourceViewType.swift; sourceTree = "<group>"; };
		4565CEFA1FBF50010043BFBB /* CloudSourceDataSourceConsumer.swift */ = {isa = PBXFileReference; lastKnownFileType = sourcecode.swift; path = CloudSourceDataSourceConsumer.swift; sourceTree = "<group>"; };
		4568DCCF1F9DFD7300F29923 /* ImagePickerUploadController.swift */ = {isa = PBXFileReference; lastKnownFileType = sourcecode.swift; path = ImagePickerUploadController.swift; sourceTree = "<group>"; };
		4569C7841FB1B6C500DE990E /* SourceTableViewController.swift */ = {isa = PBXFileReference; lastKnownFileType = sourcecode.swift; path = SourceTableViewController.swift; sourceTree = "<group>"; };
		4569C7871FB1C35600DE990E /* Icons.xcassets */ = {isa = PBXFileReference; lastKnownFileType = folder.assetcatalog; path = Icons.xcassets; sourceTree = "<group>"; };
		4569C79C1FB1CFC000DE990E /* Picker.storyboard */ = {isa = PBXFileReference; lastKnownFileType = file.storyboard; path = Picker.storyboard; sourceTree = "<group>"; };
		4569C7A31FB1F84500DE990E /* CellDescriptibleSource.swift */ = {isa = PBXFileReference; lastKnownFileType = sourcecode.swift; path = CellDescriptibleSource.swift; sourceTree = "<group>"; };
		4569C7A51FB1F85800DE990E /* LocalSource.swift */ = {isa = PBXFileReference; lastKnownFileType = sourcecode.swift; path = LocalSource.swift; sourceTree = "<group>"; };
		4569C7A71FB1F86700DE990E /* CloudSource.swift */ = {isa = PBXFileReference; lastKnownFileType = sourcecode.swift; path = CloudSource.swift; sourceTree = "<group>"; };
		457084FF1F975C6C00991340 /* Filestack.framework */ = {isa = PBXFileReference; explicitFileType = wrapper.framework; includeInIndex = 0; path = Filestack.framework; sourceTree = BUILT_PRODUCTS_DIR; };
		457085021F975C6C00991340 /* Filestack.h */ = {isa = PBXFileReference; lastKnownFileType = sourcecode.c.h; path = Filestack.h; sourceTree = "<group>"; };
		457085031F975C6C00991340 /* Info.plist */ = {isa = PBXFileReference; lastKnownFileType = text.plist.xml; path = Info.plist; sourceTree = "<group>"; };
		457085081F975C6C00991340 /* FilestackTests.xctest */ = {isa = PBXFileReference; explicitFileType = wrapper.cfbundle; includeInIndex = 0; path = FilestackTests.xctest; sourceTree = BUILT_PRODUCTS_DIR; };
		4570850D1F975C6C00991340 /* FilestackUploadTests.swift */ = {isa = PBXFileReference; lastKnownFileType = sourcecode.swift; path = FilestackUploadTests.swift; sourceTree = "<group>"; };
		4570850F1F975C6C00991340 /* Info.plist */ = {isa = PBXFileReference; lastKnownFileType = text.plist.xml; path = Info.plist; sourceTree = "<group>"; };
		45786D5B1FB3202B00478545 /* PickerNavigationController.swift */ = {isa = PBXFileReference; lastKnownFileType = sourcecode.swift; path = PickerNavigationController.swift; sourceTree = "<group>"; };
		4587330C1FA32B66002DAA9D /* StoreRequest.swift */ = {isa = PBXFileReference; lastKnownFileType = sourcecode.swift; path = StoreRequest.swift; sourceTree = "<group>"; };
		459ADA091FB9FB050087698A /* ActivityIndicatorTableViewCell.swift */ = {isa = PBXFileReference; lastKnownFileType = sourcecode.swift; path = ActivityIndicatorTableViewCell.swift; sourceTree = "<group>"; };
		45A48C151FB311F000356BC6 /* PrefetchRequest.swift */ = {isa = PBXFileReference; lastKnownFileType = sourcecode.swift; path = PrefetchRequest.swift; sourceTree = "<group>"; };
		45A48C1F1FB317F100356BC6 /* Data+JSON.swift */ = {isa = PBXFileReference; lastKnownFileType = sourcecode.swift; path = "Data+JSON.swift"; sourceTree = "<group>"; };
		45A92F151FA0BE3F00FEB611 /* CloudRequest.swift */ = {isa = PBXFileReference; lastKnownFileType = sourcecode.swift; path = CloudRequest.swift; sourceTree = "<group>"; };
		45A92F171FA0BE9600FEB611 /* FolderListRequest.swift */ = {isa = PBXFileReference; lastKnownFileType = sourcecode.swift; path = FolderListRequest.swift; sourceTree = "<group>"; };
		45B603D21FC5B88A006775BF /* ImageURLExportPreset.swift */ = {isa = PBXFileReference; lastKnownFileType = sourcecode.swift; path = ImageURLExportPreset.swift; sourceTree = "<group>"; };
		45C47E731FB9B3DC009B8248 /* Array+SafeIndex.swift */ = {isa = PBXFileReference; lastKnownFileType = sourcecode.swift; path = "Array+SafeIndex.swift"; sourceTree = "<group>"; };
		45C47E7D1FB9F08A009B8248 /* Storyboard+Scenes.swift */ = {isa = PBXFileReference; lastKnownFileType = sourcecode.swift; path = "Storyboard+Scenes.swift"; sourceTree = "<group>"; };
		45C47E7F1FB9F0C6009B8248 /* Scene+Defaults.swift */ = {isa = PBXFileReference; lastKnownFileType = sourcecode.swift; path = "Scene+Defaults.swift"; sourceTree = "<group>"; };
		45C47E831FB9F0DF009B8248 /* Scene.swift */ = {isa = PBXFileReference; lastKnownFileType = sourcecode.swift; path = Scene.swift; sourceTree = "<group>"; };
		45CBF4881FBF6D7700891BBD /* CloudItemTableViewCell.swift */ = {isa = PBXFileReference; lastKnownFileType = sourcecode.swift; path = CloudItemTableViewCell.swift; sourceTree = "<group>"; };
		45DEBA501FBAE61000A267E7 /* CancellableRequest.swift */ = {isa = PBXFileReference; lastKnownFileType = sourcecode.swift; path = CancellableRequest.swift; sourceTree = "<group>"; };
		45DEBA521FBAE63700A267E7 /* MultipartUpload+Cancellable.swift */ = {isa = PBXFileReference; lastKnownFileType = sourcecode.swift; path = "MultipartUpload+Cancellable.swift"; sourceTree = "<group>"; };
		45DEBA541FBAF48000A267E7 /* Config.swift */ = {isa = PBXFileReference; lastKnownFileType = sourcecode.swift; path = Config.swift; sourceTree = "<group>"; };
		45DEBA561FBB05F600A267E7 /* UIImage+Squared.swift */ = {isa = PBXFileReference; lastKnownFileType = sourcecode.swift; path = "UIImage+Squared.swift"; sourceTree = "<group>"; };
		45E2B7B01FC2FEB500448ED2 /* UIImage+HEIC.swift */ = {isa = PBXFileReference; lastKnownFileType = sourcecode.swift; path = "UIImage+HEIC.swift"; sourceTree = "<group>"; };
		45E539CE1F98B281003863BA /* sample.jpg */ = {isa = PBXFileReference; lastKnownFileType = image.jpeg; path = sample.jpg; sourceTree = "<group>"; };
		45E539D71F98B281003863BA /* large.jpg */ = {isa = PBXFileReference; lastKnownFileType = image.jpeg; path = large.jpg; sourceTree = "<group>"; };
		45E539E01F98D362003863BA /* Seeds.swift */ = {isa = PBXFileReference; lastKnownFileType = sourcecode.swift; path = Seeds.swift; sourceTree = "<group>"; };
		45E8D1961FBDA16700DC2111 /* CloudSourceDataSource.swift */ = {isa = PBXFileReference; lastKnownFileType = sourcecode.swift; path = CloudSourceDataSource.swift; sourceTree = "<group>"; };
		45E8D1A01FBDA21200DC2111 /* CloudSourceTabBarController.swift */ = {isa = PBXFileReference; lastKnownFileType = sourcecode.swift; path = CloudSourceTabBarController.swift; sourceTree = "<group>"; };
/* End PBXFileReference section */

/* Begin PBXFrameworksBuildPhase section */
		457084FB1F975C6C00991340 /* Frameworks */ = {
			isa = PBXFrameworksBuildPhase;
			buildActionMask = 2147483647;
			files = (
				454157D51FA7593C00F37C9F /* FilestackSDK.framework in Frameworks */,
			);
			runOnlyForDeploymentPostprocessing = 0;
		};
		457085051F975C6C00991340 /* Frameworks */ = {
			isa = PBXFrameworksBuildPhase;
			buildActionMask = 2147483647;
			files = (
				454157D81FA7595300F37C9F /* OHHTTPStubs.framework in Frameworks */,
				457085091F975C6C00991340 /* Filestack.framework in Frameworks */,
			);
			runOnlyForDeploymentPostprocessing = 0;
		};
/* End PBXFrameworksBuildPhase section */

/* Begin PBXGroup section */
		452B6AD21FA8860400FFD490 /* Models */ = {
			isa = PBXGroup;
			children = (
				454054731F98A30F00C12B2F /* Client.swift */,
				45DEBA541FBAF48000A267E7 /* Config.swift */,
			);
			path = Models;
			sourceTree = "<group>";
		};
		452DA7F91FB6235D0082E52D /* Extensions */ = {
			isa = PBXGroup;
			children = (
				45C47E7F1FB9F0C6009B8248 /* Scene+Defaults.swift */,
				45C47E7D1FB9F08A009B8248 /* Storyboard+Scenes.swift */,
				45DEBA561FBB05F600A267E7 /* UIImage+Squared.swift */,
				4565CEF61FBF3F400043BFBB /* UserDefaults+State.swift */,
			);
			path = Extensions;
			sourceTree = "<group>";
		};
		452DCF631FA1E1CA0033B75D /* Enums */ = {
			isa = PBXGroup;
			children = (
				452DCF6C1FA1E1E30033B75D /* CloudProvider.swift */,
				45B603D21FC5B88A006775BF /* ImageURLExportPreset.swift */,
			);
			path = Enums;
			sourceTree = "<group>";
		};
		454157801FA7591F00F37C9F /* Products */ = {
			isa = PBXGroup;
			children = (
				454157881FA7592000F37C9F /* FilestackSDK.framework */,
				4541578A1FA7592000F37C9F /* FilestackSDKTests.xctest */,
			);
			name = Products;
			sourceTree = "<group>";
		};
		454157B91FA7592F00F37C9F /* Products */ = {
			isa = PBXGroup;
			children = (
				454157C41FA7592F00F37C9F /* libOHHTTPStubs.a */,
				454157C61FA7592F00F37C9F /* OHHTTPStubs iOS Lib Tests.xctest */,
				454157C81FA7592F00F37C9F /* OHHTTPStubs.framework */,
				454157CA1FA7592F00F37C9F /* OHHTTPStubs iOS Fmk Tests.xctest */,
				454157CC1FA7592F00F37C9F /* OHHTTPStubs.framework */,
				454157CE1FA7592F00F37C9F /* OHHTTPStubs Mac Tests.xctest */,
				454157D01FA7592F00F37C9F /* OHHTTPStubs.framework */,
				454157D21FA7592F00F37C9F /* OHHTTPStubs tvOS Fmk Tests.xctest */,
			);
			name = Products;
			sourceTree = "<group>";
		};
		4546628C1FB6063500260033 /* Models */ = {
			isa = PBXGroup;
			children = (
				4546628D1FB6063F00260033 /* CloudItem.swift */,
			);
			path = Models;
			sourceTree = "<group>";
		};
		455804981F9F438A007C694C /* Services */ = {
			isa = PBXGroup;
			children = (
				455804A11F9F43A7007C694C /* CloudService.swift */,
			);
			path = Services;
			sourceTree = "<group>";
		};
		455804A31F9F4418007C694C /* Misc */ = {
			isa = PBXGroup;
			children = (
				455804A61F9F445F007C694C /* BundleInfo.swift */,
				455804A41F9F4420007C694C /* Constants.swift */,
			);
			path = Misc;
			sourceTree = "<group>";
		};
		455804A81F9F4478007C694C /* Extensions */ = {
			isa = PBXGroup;
			children = (
				45C47E731FB9B3DC009B8248 /* Array+SafeIndex.swift */,
				45A48C1F1FB317F100356BC6 /* Data+JSON.swift */,
				45DEBA521FBAE63700A267E7 /* MultipartUpload+Cancellable.swift */,
				455804A91F9F448C007C694C /* SessionManager+FilestackDefault.swift */,
				45E2B7B01FC2FEB500448ED2 /* UIImage+HEIC.swift */,
			);
			path = Extensions;
			sourceTree = "<group>";
		};
		4565CEF11FBEEC140043BFBB /* Collection View Cells */ = {
			isa = PBXGroup;
			children = (
				4565CEF41FBEF5AE0043BFBB /* ActivityIndicatorCollectionViewCell.swift */,
				4565CEF21FBEEC2F0043BFBB /* CloudItemCollectionViewCell.swift */,
			);
			path = "Collection View Cells";
			sourceTree = "<group>";
		};
		4569C77B1FB1B6A100DE990E /* Controllers */ = {
			isa = PBXGroup;
			children = (
				4565CEEC1FBEE5940043BFBB /* CloudSourceCollectionViewController.swift */,
				45E8D1A01FBDA21200DC2111 /* CloudSourceTabBarController.swift */,
				454662821FB5BBEB00260033 /* CloudSourceTableViewController.swift */,
				45648CC11FD15DD400281653 /* DocumentPickerUploadController.swift */,
				4568DCCF1F9DFD7300F29923 /* ImagePickerUploadController.swift */,
				45786D5B1FB3202B00478545 /* PickerNavigationController.swift */,
				4569C7841FB1B6C500DE990E /* SourceTableViewController.swift */,
				452B77BD1FB45EF9000F3FAE /* UploadMonitorViewController.swift */,
			);
			path = Controllers;
			sourceTree = "<group>";
		};
		4569C7861FB1C33E00DE990E /* Resources */ = {
			isa = PBXGroup;
			children = (
				4569C7871FB1C35600DE990E /* Icons.xcassets */,
			);
			path = Resources;
			sourceTree = "<group>";
		};
		4569C78F1FB1CF1800DE990E /* UI */ = {
			isa = PBXGroup;
			children = (
				4569C79C1FB1CFC000DE990E /* Picker.storyboard */,
				4565CEF11FBEEC140043BFBB /* Collection View Cells */,
				4569C77B1FB1B6A100DE990E /* Controllers */,
				4569C7A11FB1F80A00DE990E /* Enums */,
				452DA7F91FB6235D0082E52D /* Extensions */,
				4546628C1FB6063500260033 /* Models */,
				4569C7A21FB1F81300DE990E /* Protocols */,
				459ADA001FB9FAE50087698A /* Table View Cells */,
			);
			path = UI;
			sourceTree = "<group>";
		};
		4569C7A11FB1F80A00DE990E /* Enums */ = {
			isa = PBXGroup;
			children = (
				4569C7A71FB1F86700DE990E /* CloudSource.swift */,
				4565CEF81FBF4FE60043BFBB /* CloudSourceViewType.swift */,
				4569C7A51FB1F85800DE990E /* LocalSource.swift */,
			);
			path = Enums;
			sourceTree = "<group>";
		};
		4569C7A21FB1F81300DE990E /* Protocols */ = {
			isa = PBXGroup;
			children = (
				4569C7A31FB1F84500DE990E /* CellDescriptibleSource.swift */,
				45E8D1961FBDA16700DC2111 /* CloudSourceDataSource.swift */,
				4565CEFA1FBF50010043BFBB /* CloudSourceDataSourceConsumer.swift */,
				45C47E831FB9F0DF009B8248 /* Scene.swift */,
			);
			path = Protocols;
			sourceTree = "<group>";
		};
		457084F51F975C6B00991340 = {
			isa = PBXGroup;
			children = (
				4518BDF51FC6DE0400FB7D9D /* README.md */,
				45759E491FA7588F008B0C03 /* External Dependencies */,
				457085011F975C6C00991340 /* Filestack */,
				4570850C1F975C6C00991340 /* FilestackTests */,
				457965221F989F52004C570A /* Frameworks */,
				457085001F975C6C00991340 /* Products */,
			);
			sourceTree = "<group>";
		};
		457085001F975C6C00991340 /* Products */ = {
			isa = PBXGroup;
			children = (
				457084FF1F975C6C00991340 /* Filestack.framework */,
				457085081F975C6C00991340 /* FilestackTests.xctest */,
			);
			name = Products;
			sourceTree = "<group>";
		};
		457085011F975C6C00991340 /* Filestack */ = {
			isa = PBXGroup;
			children = (
				457085021F975C6C00991340 /* Filestack.h */,
				457085031F975C6C00991340 /* Info.plist */,
				45A92F0C1FA0BE3500FEB611 /* Cloud Requests */,
				452DCF631FA1E1CA0033B75D /* Enums */,
				455804A81F9F4478007C694C /* Extensions */,
				455804A31F9F4418007C694C /* Misc */,
				452B6AD21FA8860400FFD490 /* Models */,
				45DEBA471FBAE60300A267E7 /* Protocols */,
				4569C7861FB1C33E00DE990E /* Resources */,
				455804981F9F438A007C694C /* Services */,
				4569C78F1FB1CF1800DE990E /* UI */,
			);
			path = Filestack;
			sourceTree = "<group>";
		};
		4570850C1F975C6C00991340 /* FilestackTests */ = {
			isa = PBXGroup;
			children = (
				4570850F1F975C6C00991340 /* Info.plist */,
				4570850D1F975C6C00991340 /* FilestackUploadTests.swift */,
				45E539DF1F98B2AC003863BA /* Fixtures */,
				45E539E01F98D362003863BA /* Seeds.swift */,
			);
			path = FilestackTests;
			sourceTree = "<group>";
		};
		45759E491FA7588F008B0C03 /* External Dependencies */ = {
			isa = PBXGroup;
			children = (
				4541577F1FA7591F00F37C9F /* FilestackSDK.xcodeproj */,
				454157B81FA7592F00F37C9F /* OHHTTPStubs.xcodeproj */,
			);
			name = "External Dependencies";
			sourceTree = "<group>";
		};
		457965221F989F52004C570A /* Frameworks */ = {
			isa = PBXGroup;
			children = (
			);
			name = Frameworks;
			sourceTree = "<group>";
		};
		459ADA001FB9FAE50087698A /* Table View Cells */ = {
			isa = PBXGroup;
			children = (
				459ADA091FB9FB050087698A /* ActivityIndicatorTableViewCell.swift */,
				45CBF4881FBF6D7700891BBD /* CloudItemTableViewCell.swift */,
			);
			path = "Table View Cells";
			sourceTree = "<group>";
		};
		45A92F0C1FA0BE3500FEB611 /* Cloud Requests */ = {
			isa = PBXGroup;
			children = (
				45A92F151FA0BE3F00FEB611 /* CloudRequest.swift */,
				45A92F171FA0BE9600FEB611 /* FolderListRequest.swift */,
				4500C5721FC46A9200B17485 /* LogoutRequest.swift */,
				45A48C151FB311F000356BC6 /* PrefetchRequest.swift */,
				4587330C1FA32B66002DAA9D /* StoreRequest.swift */,
			);
			path = "Cloud Requests";
			sourceTree = "<group>";
		};
		45DEBA471FBAE60300A267E7 /* Protocols */ = {
			isa = PBXGroup;
			children = (
				45DEBA501FBAE61000A267E7 /* CancellableRequest.swift */,
			);
			path = Protocols;
			sourceTree = "<group>";
		};
		45E539DF1F98B2AC003863BA /* Fixtures */ = {
			isa = PBXGroup;
			children = (
				45E539D71F98B281003863BA /* large.jpg */,
				45E539CE1F98B281003863BA /* sample.jpg */,
			);
			path = Fixtures;
			sourceTree = "<group>";
		};
/* End PBXGroup section */

/* Begin PBXHeadersBuildPhase section */
		457084FC1F975C6C00991340 /* Headers */ = {
			isa = PBXHeadersBuildPhase;
			buildActionMask = 2147483647;
			files = (
				457085101F975C6C00991340 /* Filestack.h in Headers */,
			);
			runOnlyForDeploymentPostprocessing = 0;
		};
/* End PBXHeadersBuildPhase section */

/* Begin PBXNativeTarget section */
		457084FE1F975C6C00991340 /* Filestack */ = {
			isa = PBXNativeTarget;
			buildConfigurationList = 457085131F975C6C00991340 /* Build configuration list for PBXNativeTarget "Filestack" */;
			buildPhases = (
				457084FA1F975C6C00991340 /* Sources */,
				457084FB1F975C6C00991340 /* Frameworks */,
				457084FC1F975C6C00991340 /* Headers */,
				457084FD1F975C6C00991340 /* Resources */,
				452B6ADB1FA89A4F00FFD490 /* Set Version and Build Number */,
			);
			buildRules = (
			);
			dependencies = (
				454157D41FA7593600F37C9F /* PBXTargetDependency */,
			);
			name = Filestack;
			productName = Filestack;
			productReference = 457084FF1F975C6C00991340 /* Filestack.framework */;
			productType = "com.apple.product-type.framework";
		};
		457085071F975C6C00991340 /* FilestackTests */ = {
			isa = PBXNativeTarget;
			buildConfigurationList = 457085161F975C6C00991340 /* Build configuration list for PBXNativeTarget "FilestackTests" */;
			buildPhases = (
				457085041F975C6C00991340 /* Sources */,
				457085051F975C6C00991340 /* Frameworks */,
				457085061F975C6C00991340 /* Resources */,
			);
			buildRules = (
			);
			dependencies = (
				454157D71FA7594500F37C9F /* PBXTargetDependency */,
				4570850B1F975C6C00991340 /* PBXTargetDependency */,
			);
			name = FilestackTests;
			productName = FilestackTests;
			productReference = 457085081F975C6C00991340 /* FilestackTests.xctest */;
			productType = "com.apple.product-type.bundle.unit-test";
		};
/* End PBXNativeTarget section */

/* Begin PBXProject section */
		457084F61F975C6B00991340 /* Project object */ = {
			isa = PBXProject;
			attributes = {
				LastSwiftUpdateCheck = 0900;
				LastUpgradeCheck = 0910;
				ORGANIZATIONNAME = Filestack;
				TargetAttributes = {
					457084FE1F975C6C00991340 = {
						CreatedOnToolsVersion = 9.0.1;
						LastSwiftMigration = 0900;
						ProvisioningStyle = Automatic;
					};
					457085071F975C6C00991340 = {
						CreatedOnToolsVersion = 9.0.1;
						ProvisioningStyle = Automatic;
					};
				};
			};
			buildConfigurationList = 457084F91F975C6B00991340 /* Build configuration list for PBXProject "Filestack" */;
			compatibilityVersion = "Xcode 8.0";
			developmentRegion = en;
			hasScannedForEncodings = 0;
			knownRegions = (
				en,
			);
			mainGroup = 457084F51F975C6B00991340;
			productRefGroup = 457085001F975C6C00991340 /* Products */;
			projectDirPath = "";
			projectReferences = (
				{
					ProductGroup = 454157801FA7591F00F37C9F /* Products */;
					ProjectRef = 4541577F1FA7591F00F37C9F /* FilestackSDK.xcodeproj */;
				},
				{
					ProductGroup = 454157B91FA7592F00F37C9F /* Products */;
					ProjectRef = 454157B81FA7592F00F37C9F /* OHHTTPStubs.xcodeproj */;
				},
			);
			projectRoot = "";
			targets = (
				457084FE1F975C6C00991340 /* Filestack */,
				457085071F975C6C00991340 /* FilestackTests */,
			);
		};
/* End PBXProject section */

/* Begin PBXReferenceProxy section */
		454157881FA7592000F37C9F /* FilestackSDK.framework */ = {
			isa = PBXReferenceProxy;
			fileType = wrapper.framework;
			path = FilestackSDK.framework;
			remoteRef = 454157871FA7592000F37C9F /* PBXContainerItemProxy */;
			sourceTree = BUILT_PRODUCTS_DIR;
		};
		4541578A1FA7592000F37C9F /* FilestackSDKTests.xctest */ = {
			isa = PBXReferenceProxy;
			fileType = wrapper.cfbundle;
			path = FilestackSDKTests.xctest;
			remoteRef = 454157891FA7592000F37C9F /* PBXContainerItemProxy */;
			sourceTree = BUILT_PRODUCTS_DIR;
		};
		454157C41FA7592F00F37C9F /* libOHHTTPStubs.a */ = {
			isa = PBXReferenceProxy;
			fileType = archive.ar;
			path = libOHHTTPStubs.a;
			remoteRef = 454157C31FA7592F00F37C9F /* PBXContainerItemProxy */;
			sourceTree = BUILT_PRODUCTS_DIR;
		};
		454157C61FA7592F00F37C9F /* OHHTTPStubs iOS Lib Tests.xctest */ = {
			isa = PBXReferenceProxy;
			fileType = wrapper.cfbundle;
			path = "OHHTTPStubs iOS Lib Tests.xctest";
			remoteRef = 454157C51FA7592F00F37C9F /* PBXContainerItemProxy */;
			sourceTree = BUILT_PRODUCTS_DIR;
		};
		454157C81FA7592F00F37C9F /* OHHTTPStubs.framework */ = {
			isa = PBXReferenceProxy;
			fileType = wrapper.framework;
			path = OHHTTPStubs.framework;
			remoteRef = 454157C71FA7592F00F37C9F /* PBXContainerItemProxy */;
			sourceTree = BUILT_PRODUCTS_DIR;
		};
		454157CA1FA7592F00F37C9F /* OHHTTPStubs iOS Fmk Tests.xctest */ = {
			isa = PBXReferenceProxy;
			fileType = wrapper.cfbundle;
			path = "OHHTTPStubs iOS Fmk Tests.xctest";
			remoteRef = 454157C91FA7592F00F37C9F /* PBXContainerItemProxy */;
			sourceTree = BUILT_PRODUCTS_DIR;
		};
		454157CC1FA7592F00F37C9F /* OHHTTPStubs.framework */ = {
			isa = PBXReferenceProxy;
			fileType = wrapper.framework;
			path = OHHTTPStubs.framework;
			remoteRef = 454157CB1FA7592F00F37C9F /* PBXContainerItemProxy */;
			sourceTree = BUILT_PRODUCTS_DIR;
		};
		454157CE1FA7592F00F37C9F /* OHHTTPStubs Mac Tests.xctest */ = {
			isa = PBXReferenceProxy;
			fileType = wrapper.cfbundle;
			path = "OHHTTPStubs Mac Tests.xctest";
			remoteRef = 454157CD1FA7592F00F37C9F /* PBXContainerItemProxy */;
			sourceTree = BUILT_PRODUCTS_DIR;
		};
		454157D01FA7592F00F37C9F /* OHHTTPStubs.framework */ = {
			isa = PBXReferenceProxy;
			fileType = wrapper.framework;
			path = OHHTTPStubs.framework;
			remoteRef = 454157CF1FA7592F00F37C9F /* PBXContainerItemProxy */;
			sourceTree = BUILT_PRODUCTS_DIR;
		};
		454157D21FA7592F00F37C9F /* OHHTTPStubs tvOS Fmk Tests.xctest */ = {
			isa = PBXReferenceProxy;
			fileType = wrapper.cfbundle;
			path = "OHHTTPStubs tvOS Fmk Tests.xctest";
			remoteRef = 454157D11FA7592F00F37C9F /* PBXContainerItemProxy */;
			sourceTree = BUILT_PRODUCTS_DIR;
		};
/* End PBXReferenceProxy section */

/* Begin PBXResourcesBuildPhase section */
		457084FD1F975C6C00991340 /* Resources */ = {
			isa = PBXResourcesBuildPhase;
			buildActionMask = 2147483647;
			files = (
				4518BDFE1FC6DE0400FB7D9D /* README.md in Resources */,
				4569C7881FB1C35600DE990E /* Icons.xcassets in Resources */,
				4569C79D1FB1CFC000DE990E /* Picker.storyboard in Resources */,
			);
			runOnlyForDeploymentPostprocessing = 0;
		};
		457085061F975C6C00991340 /* Resources */ = {
			isa = PBXResourcesBuildPhase;
			buildActionMask = 2147483647;
			files = (
				45E539D81F98B281003863BA /* sample.jpg in Resources */,
				45E539D91F98B281003863BA /* large.jpg in Resources */,
			);
			runOnlyForDeploymentPostprocessing = 0;
		};
/* End PBXResourcesBuildPhase section */

/* Begin PBXShellScriptBuildPhase section */
		452B6ADB1FA89A4F00FFD490 /* Set Version and Build Number */ = {
			isa = PBXShellScriptBuildPhase;
			buildActionMask = 2147483647;
			files = (
			);
			inputPaths = (
			);
			name = "Set Version and Build Number";
			outputPaths = (
			);
			runOnlyForDeploymentPostprocessing = 0;
			shellPath = /bin/sh;
			shellScript = "$SRCROOT/bin/set-buildnumber.sh\n$SRCROOT/bin/set-version.sh";
		};
/* End PBXShellScriptBuildPhase section */

/* Begin PBXSourcesBuildPhase section */
		457084FA1F975C6C00991340 /* Sources */ = {
			isa = PBXSourcesBuildPhase;
			buildActionMask = 2147483647;
			files = (
				452B77BE1FB45EF9000F3FAE /* UploadMonitorViewController.swift in Sources */,
				45A92F161FA0BE3F00FEB611 /* CloudRequest.swift in Sources */,
				4565CEFB1FBF50010043BFBB /* CloudSourceDataSourceConsumer.swift in Sources */,
				45C47E841FB9F0DF009B8248 /* Scene.swift in Sources */,
				45E8D1971FBDA16700DC2111 /* CloudSourceDataSource.swift in Sources */,
				4565CEF71FBF3F400043BFBB /* UserDefaults+State.swift in Sources */,
				4568DCD01F9DFD7300F29923 /* ImagePickerUploadController.swift in Sources */,
				45DEBA531FBAE63700A267E7 /* MultipartUpload+Cancellable.swift in Sources */,
				4569C7851FB1B6C500DE990E /* SourceTableViewController.swift in Sources */,
				45E2B7B11FC2FEB500448ED2 /* UIImage+HEIC.swift in Sources */,
				455804A71F9F445F007C694C /* BundleInfo.swift in Sources */,
				45E8D1A11FBDA21200DC2111 /* CloudSourceTabBarController.swift in Sources */,
				455804A51F9F4420007C694C /* Constants.swift in Sources */,
				45A48C161FB311F000356BC6 /* PrefetchRequest.swift in Sources */,
				455804AA1F9F448C007C694C /* SessionManager+FilestackDefault.swift in Sources */,
				45C47E801FB9F0C6009B8248 /* Scene+Defaults.swift in Sources */,
				459ADA0A1FB9FB050087698A /* ActivityIndicatorTableViewCell.swift in Sources */,
				4587330D1FA32B66002DAA9D /* StoreRequest.swift in Sources */,
				4569C7A61FB1F85800DE990E /* LocalSource.swift in Sources */,
				45DEBA511FBAE61000A267E7 /* CancellableRequest.swift in Sources */,
				4565CEF51FBEF5AE0043BFBB /* ActivityIndicatorCollectionViewCell.swift in Sources */,
				45A48C201FB317F100356BC6 /* Data+JSON.swift in Sources */,
				4565CEF31FBEEC2F0043BFBB /* CloudItemCollectionViewCell.swift in Sources */,
				45C47E741FB9B3DC009B8248 /* Array+SafeIndex.swift in Sources */,
				452DCF6D1FA1E1E30033B75D /* CloudProvider.swift in Sources */,
				4500C5731FC46A9200B17485 /* LogoutRequest.swift in Sources */,
				4546628E1FB6063F00260033 /* CloudItem.swift in Sources */,
				45786D5C1FB3202B00478545 /* PickerNavigationController.swift in Sources */,
				45CBF4891FBF6D7700891BBD /* CloudItemTableViewCell.swift in Sources */,
				45DEBA571FBB05F600A267E7 /* UIImage+Squared.swift in Sources */,
				4565CEED1FBEE5940043BFBB /* CloudSourceCollectionViewController.swift in Sources */,
				454054741F98A30F00C12B2F /* Client.swift in Sources */,
				45DEBA551FBAF48000A267E7 /* Config.swift in Sources */,
				4569C7A81FB1F86700DE990E /* CloudSource.swift in Sources */,
				455804A21F9F43A7007C694C /* CloudService.swift in Sources */,
				45B603D31FC5B88A006775BF /* ImageURLExportPreset.swift in Sources */,
				45C47E7E1FB9F08A009B8248 /* Storyboard+Scenes.swift in Sources */,
				4569C7A41FB1F84500DE990E /* CellDescriptibleSource.swift in Sources */,
				4565CEF91FBF4FE60043BFBB /* CloudSourceViewType.swift in Sources */,
				45A92F181FA0BE9600FEB611 /* FolderListRequest.swift in Sources */,
				454662831FB5BBEB00260033 /* CloudSourceTableViewController.swift in Sources */,
				45648CC21FD15DD400281653 /* DocumentPickerUploadController.swift in Sources */,
			);
			runOnlyForDeploymentPostprocessing = 0;
		};
		457085041F975C6C00991340 /* Sources */ = {
			isa = PBXSourcesBuildPhase;
			buildActionMask = 2147483647;
			files = (
				45E539E11F98D363003863BA /* Seeds.swift in Sources */,
				4570850E1F975C6C00991340 /* FilestackUploadTests.swift in Sources */,
			);
			runOnlyForDeploymentPostprocessing = 0;
		};
/* End PBXSourcesBuildPhase section */

/* Begin PBXTargetDependency section */
		454157D41FA7593600F37C9F /* PBXTargetDependency */ = {
			isa = PBXTargetDependency;
			name = FilestackSDK;
			targetProxy = 454157D31FA7593600F37C9F /* PBXContainerItemProxy */;
		};
		454157D71FA7594500F37C9F /* PBXTargetDependency */ = {
			isa = PBXTargetDependency;
			name = "OHHTTPStubs iOS Framework";
			targetProxy = 454157D61FA7594500F37C9F /* PBXContainerItemProxy */;
		};
		4570850B1F975C6C00991340 /* PBXTargetDependency */ = {
			isa = PBXTargetDependency;
			target = 457084FE1F975C6C00991340 /* Filestack */;
			targetProxy = 4570850A1F975C6C00991340 /* PBXContainerItemProxy */;
		};
/* End PBXTargetDependency section */

/* Begin XCBuildConfiguration section */
		457085111F975C6C00991340 /* Debug */ = {
			isa = XCBuildConfiguration;
			buildSettings = {
				ALWAYS_SEARCH_USER_PATHS = NO;
				CLANG_ANALYZER_NONNULL = YES;
				CLANG_ANALYZER_NUMBER_OBJECT_CONVERSION = YES_AGGRESSIVE;
				CLANG_CXX_LANGUAGE_STANDARD = "gnu++14";
				CLANG_CXX_LIBRARY = "libc++";
				CLANG_ENABLE_MODULES = YES;
				CLANG_ENABLE_OBJC_ARC = YES;
				CLANG_WARN_BLOCK_CAPTURE_AUTORELEASING = YES;
				CLANG_WARN_BOOL_CONVERSION = YES;
				CLANG_WARN_COMMA = YES;
				CLANG_WARN_CONSTANT_CONVERSION = YES;
				CLANG_WARN_DIRECT_OBJC_ISA_USAGE = YES_ERROR;
				CLANG_WARN_DOCUMENTATION_COMMENTS = YES;
				CLANG_WARN_EMPTY_BODY = YES;
				CLANG_WARN_ENUM_CONVERSION = YES;
				CLANG_WARN_INFINITE_RECURSION = YES;
				CLANG_WARN_INT_CONVERSION = YES;
				CLANG_WARN_NON_LITERAL_NULL_CONVERSION = YES;
				CLANG_WARN_OBJC_LITERAL_CONVERSION = YES;
				CLANG_WARN_OBJC_ROOT_CLASS = YES_ERROR;
				CLANG_WARN_RANGE_LOOP_ANALYSIS = YES;
				CLANG_WARN_STRICT_PROTOTYPES = YES;
				CLANG_WARN_SUSPICIOUS_MOVE = YES;
				CLANG_WARN_UNGUARDED_AVAILABILITY = YES_AGGRESSIVE;
				CLANG_WARN_UNREACHABLE_CODE = YES;
				CLANG_WARN__DUPLICATE_METHOD_MATCH = YES;
				CODE_SIGN_IDENTITY = "iPhone Developer";
				COPY_PHASE_STRIP = NO;
				CURRENT_PROJECT_VERSION = 1;
				DEBUG_INFORMATION_FORMAT = dwarf;
				ENABLE_STRICT_OBJC_MSGSEND = YES;
				ENABLE_TESTABILITY = YES;
				GCC_C_LANGUAGE_STANDARD = gnu11;
				GCC_DYNAMIC_NO_PIC = NO;
				GCC_NO_COMMON_BLOCKS = YES;
				GCC_OPTIMIZATION_LEVEL = 0;
				GCC_PREPROCESSOR_DEFINITIONS = (
					"DEBUG=1",
					"$(inherited)",
				);
				GCC_WARN_64_TO_32_BIT_CONVERSION = YES;
				GCC_WARN_ABOUT_RETURN_TYPE = YES_ERROR;
				GCC_WARN_UNDECLARED_SELECTOR = YES;
				GCC_WARN_UNINITIALIZED_AUTOS = YES_AGGRESSIVE;
				GCC_WARN_UNUSED_FUNCTION = YES;
				GCC_WARN_UNUSED_VARIABLE = YES;
				IPHONEOS_DEPLOYMENT_TARGET = 9.0;
				MTL_ENABLE_DEBUG_INFO = YES;
				ONLY_ACTIVE_ARCH = YES;
				SDKROOT = iphoneos;
				SWIFT_ACTIVE_COMPILATION_CONDITIONS = DEBUG;
				SWIFT_OPTIMIZATION_LEVEL = "-Onone";
				SWIFT_VERSION = 3.0;
				VERSIONING_SYSTEM = "apple-generic";
				VERSION_INFO_PREFIX = "";
			};
			name = Debug;
		};
		457085121F975C6C00991340 /* Release */ = {
			isa = XCBuildConfiguration;
			buildSettings = {
				ALWAYS_SEARCH_USER_PATHS = NO;
				CLANG_ANALYZER_NONNULL = YES;
				CLANG_ANALYZER_NUMBER_OBJECT_CONVERSION = YES_AGGRESSIVE;
				CLANG_CXX_LANGUAGE_STANDARD = "gnu++14";
				CLANG_CXX_LIBRARY = "libc++";
				CLANG_ENABLE_MODULES = YES;
				CLANG_ENABLE_OBJC_ARC = YES;
				CLANG_WARN_BLOCK_CAPTURE_AUTORELEASING = YES;
				CLANG_WARN_BOOL_CONVERSION = YES;
				CLANG_WARN_COMMA = YES;
				CLANG_WARN_CONSTANT_CONVERSION = YES;
				CLANG_WARN_DIRECT_OBJC_ISA_USAGE = YES_ERROR;
				CLANG_WARN_DOCUMENTATION_COMMENTS = YES;
				CLANG_WARN_EMPTY_BODY = YES;
				CLANG_WARN_ENUM_CONVERSION = YES;
				CLANG_WARN_INFINITE_RECURSION = YES;
				CLANG_WARN_INT_CONVERSION = YES;
				CLANG_WARN_NON_LITERAL_NULL_CONVERSION = YES;
				CLANG_WARN_OBJC_LITERAL_CONVERSION = YES;
				CLANG_WARN_OBJC_ROOT_CLASS = YES_ERROR;
				CLANG_WARN_RANGE_LOOP_ANALYSIS = YES;
				CLANG_WARN_STRICT_PROTOTYPES = YES;
				CLANG_WARN_SUSPICIOUS_MOVE = YES;
				CLANG_WARN_UNGUARDED_AVAILABILITY = YES_AGGRESSIVE;
				CLANG_WARN_UNREACHABLE_CODE = YES;
				CLANG_WARN__DUPLICATE_METHOD_MATCH = YES;
				CODE_SIGN_IDENTITY = "iPhone Developer";
				COPY_PHASE_STRIP = NO;
				CURRENT_PROJECT_VERSION = 1;
				DEBUG_INFORMATION_FORMAT = "dwarf-with-dsym";
				ENABLE_NS_ASSERTIONS = NO;
				ENABLE_STRICT_OBJC_MSGSEND = YES;
				GCC_C_LANGUAGE_STANDARD = gnu11;
				GCC_NO_COMMON_BLOCKS = YES;
				GCC_WARN_64_TO_32_BIT_CONVERSION = YES;
				GCC_WARN_ABOUT_RETURN_TYPE = YES_ERROR;
				GCC_WARN_UNDECLARED_SELECTOR = YES;
				GCC_WARN_UNINITIALIZED_AUTOS = YES_AGGRESSIVE;
				GCC_WARN_UNUSED_FUNCTION = YES;
				GCC_WARN_UNUSED_VARIABLE = YES;
				IPHONEOS_DEPLOYMENT_TARGET = 9.0;
				MTL_ENABLE_DEBUG_INFO = NO;
				SDKROOT = iphoneos;
				SWIFT_OPTIMIZATION_LEVEL = "-Owholemodule";
				SWIFT_VERSION = 3.0;
				VALIDATE_PRODUCT = YES;
				VERSIONING_SYSTEM = "apple-generic";
				VERSION_INFO_PREFIX = "";
			};
			name = Release;
		};
		457085141F975C6C00991340 /* Debug */ = {
			isa = XCBuildConfiguration;
			buildSettings = {
				CLANG_ENABLE_MODULES = YES;
				CODE_SIGN_IDENTITY = "";
				"CODE_SIGN_IDENTITY[sdk=iphoneos*]" = "";
				CODE_SIGN_STYLE = Automatic;
				DEFINES_MODULE = YES;
				DEVELOPMENT_TEAM = "";
				DYLIB_COMPATIBILITY_VERSION = 1;
				DYLIB_CURRENT_VERSION = 1;
				DYLIB_INSTALL_NAME_BASE = "@rpath";
				INFOPLIST_FILE = Filestack/Info.plist;
				INSTALL_PATH = "$(LOCAL_LIBRARY_DIR)/Frameworks";
				LD_RUNPATH_SEARCH_PATHS = "$(inherited) @executable_path/Frameworks @loader_path/Frameworks";
				LLVM_LTO = YES_THIN;
				PRODUCT_BUNDLE_IDENTIFIER = com.filestack.Filestack;
				PRODUCT_NAME = "$(TARGET_NAME:c99extidentifier)";
				SKIP_INSTALL = YES;
				SWIFT_OPTIMIZATION_LEVEL = "-Onone";
				SWIFT_VERSION = 3.0;
				TARGETED_DEVICE_FAMILY = "1,2";
			};
			name = Debug;
		};
		457085151F975C6C00991340 /* Release */ = {
			isa = XCBuildConfiguration;
			buildSettings = {
				CLANG_ENABLE_MODULES = YES;
				CODE_SIGN_IDENTITY = "";
				CODE_SIGN_STYLE = Automatic;
				DEFINES_MODULE = YES;
				DEVELOPMENT_TEAM = "";
				DYLIB_COMPATIBILITY_VERSION = 1;
				DYLIB_CURRENT_VERSION = 1;
				DYLIB_INSTALL_NAME_BASE = "@rpath";
				INFOPLIST_FILE = Filestack/Info.plist;
				INSTALL_PATH = "$(LOCAL_LIBRARY_DIR)/Frameworks";
				LD_RUNPATH_SEARCH_PATHS = "$(inherited) @executable_path/Frameworks @loader_path/Frameworks";
				LLVM_LTO = YES_THIN;
				PRODUCT_BUNDLE_IDENTIFIER = com.filestack.Filestack;
				PRODUCT_NAME = "$(TARGET_NAME:c99extidentifier)";
				SKIP_INSTALL = YES;
				SWIFT_VERSION = 3.0;
				TARGETED_DEVICE_FAMILY = "1,2";
			};
			name = Release;
		};
		457085171F975C6C00991340 /* Debug */ = {
			isa = XCBuildConfiguration;
			buildSettings = {
				ALWAYS_EMBED_SWIFT_STANDARD_LIBRARIES = YES;
				CODE_SIGN_STYLE = Automatic;
				INFOPLIST_FILE = FilestackTests/Info.plist;
				LD_RUNPATH_SEARCH_PATHS = "$(inherited) @executable_path/Frameworks @loader_path/Frameworks";
				PRODUCT_BUNDLE_IDENTIFIER = com.filestack.FilestackTests;
				PRODUCT_NAME = "$(TARGET_NAME)";
				TARGETED_DEVICE_FAMILY = "1,2";
			};
			name = Debug;
		};
		457085181F975C6C00991340 /* Release */ = {
			isa = XCBuildConfiguration;
			buildSettings = {
				ALWAYS_EMBED_SWIFT_STANDARD_LIBRARIES = YES;
				CODE_SIGN_STYLE = Automatic;
				INFOPLIST_FILE = FilestackTests/Info.plist;
				LD_RUNPATH_SEARCH_PATHS = "$(inherited) @executable_path/Frameworks @loader_path/Frameworks";
				PRODUCT_BUNDLE_IDENTIFIER = com.filestack.FilestackTests;
				PRODUCT_NAME = "$(TARGET_NAME)";
				TARGETED_DEVICE_FAMILY = "1,2";
			};
			name = Release;
		};
/* End XCBuildConfiguration section */

/* Begin XCConfigurationList section */
		457084F91F975C6B00991340 /* Build configuration list for PBXProject "Filestack" */ = {
			isa = XCConfigurationList;
			buildConfigurations = (
				457085111F975C6C00991340 /* Debug */,
				457085121F975C6C00991340 /* Release */,
			);
			defaultConfigurationIsVisible = 0;
			defaultConfigurationName = Release;
		};
		457085131F975C6C00991340 /* Build configuration list for PBXNativeTarget "Filestack" */ = {
			isa = XCConfigurationList;
			buildConfigurations = (
				457085141F975C6C00991340 /* Debug */,
				457085151F975C6C00991340 /* Release */,
			);
			defaultConfigurationIsVisible = 0;
			defaultConfigurationName = Release;
		};
		457085161F975C6C00991340 /* Build configuration list for PBXNativeTarget "FilestackTests" */ = {
			isa = XCConfigurationList;
			buildConfigurations = (
				457085171F975C6C00991340 /* Debug */,
				457085181F975C6C00991340 /* Release */,
			);
			defaultConfigurationIsVisible = 0;
			defaultConfigurationName = Release;
		};
/* End XCConfigurationList section */
	};
	rootObject = 457084F61F975C6B00991340 /* Project object */;
}
