// !$*UTF8*$!
{
	archiveVersion = 1;
	classes = {
	};
	objectVersion = 52;
	objects = {

/* Begin PBXBuildFile section */
		4540BB322535CF860053CDBB /* CloudSourceBarTabScene.swift in Sources */ = {isa = PBXBuildFile; fileRef = 4540BA9E2535CF860053CDBB /* CloudSourceBarTabScene.swift */; };
		4540BB332535CF860053CDBB /* PickerNavigationScene.swift in Sources */ = {isa = PBXBuildFile; fileRef = 4540BA9F2535CF860053CDBB /* PickerNavigationScene.swift */; };
		4540BB342535CF860053CDBB /* PhotoPickerController.swift in Sources */ = {isa = PBXBuildFile; fileRef = 4540BAA12535CF860053CDBB /* PhotoPickerController.swift */; };
		4540BB352535CF860053CDBB /* AssetCell.swift in Sources */ = {isa = PBXBuildFile; fileRef = 4540BAA32535CF860053CDBB /* AssetCell.swift */; };
		4540BB362535CF860053CDBB /* AssetCollectionViewController.swift in Sources */ = {isa = PBXBuildFile; fileRef = 4540BAA42535CF860053CDBB /* AssetCollectionViewController.swift */; };
		4540BB372535CF860053CDBB /* PhotosExtensions.swift in Sources */ = {isa = PBXBuildFile; fileRef = 4540BAA52535CF860053CDBB /* PhotosExtensions.swift */; };
		4540BB382535CF860053CDBB /* AlbumListViewController.swift in Sources */ = {isa = PBXBuildFile; fileRef = 4540BAA72535CF860053CDBB /* AlbumListViewController.swift */; };
		4540BB392535CF860053CDBB /* AlbumCell.swift in Sources */ = {isa = PBXBuildFile; fileRef = 4540BAA82535CF860053CDBB /* AlbumCell.swift */; };
		4540BB3A2535CF860053CDBB /* PhotoAlbumRepository.swift in Sources */ = {isa = PBXBuildFile; fileRef = 4540BAA92535CF860053CDBB /* PhotoAlbumRepository.swift */; };
		4540BB3B2535CF860053CDBB /* CloudSourceViewType.swift in Sources */ = {isa = PBXBuildFile; fileRef = 4540BAAB2535CF860053CDBB /* CloudSourceViewType.swift */; };
		4540BB3C2535CF860053CDBB /* CollectionViewFlowLayout.swift in Sources */ = {isa = PBXBuildFile; fileRef = 4540BAAD2535CF860053CDBB /* CollectionViewFlowLayout.swift */; };
		4540BB3D2535CF860053CDBB /* CloudItem.swift in Sources */ = {isa = PBXBuildFile; fileRef = 4540BAAF2535CF860053CDBB /* CloudItem.swift */; };
		4540BB3E2535CF860053CDBB /* UserDefaults+State.swift in Sources */ = {isa = PBXBuildFile; fileRef = 4540BAB12535CF860053CDBB /* UserDefaults+State.swift */; };
		4540BB3F2535CF860053CDBB /* Storyboard+Scenes.swift in Sources */ = {isa = PBXBuildFile; fileRef = 4540BAB22535CF860053CDBB /* Storyboard+Scenes.swift */; };
		4540BB402535CF860053CDBB /* Scene+Defaults.swift in Sources */ = {isa = PBXBuildFile; fileRef = 4540BAB32535CF860053CDBB /* Scene+Defaults.swift */; };
		4540BB412535CF860053CDBB /* UIImage+Squared.swift in Sources */ = {isa = PBXBuildFile; fileRef = 4540BAB42535CF860053CDBB /* UIImage+Squared.swift */; };
		4540BB422535CF860053CDBB /* ActivityIndicatorTableViewCell.swift in Sources */ = {isa = PBXBuildFile; fileRef = 4540BAB62535CF860053CDBB /* ActivityIndicatorTableViewCell.swift */; };
		4540BB432535CF860053CDBB /* CloudItemTableViewCell.swift in Sources */ = {isa = PBXBuildFile; fileRef = 4540BAB72535CF860053CDBB /* CloudItemTableViewCell.swift */; };
		4540BB442535CF860053CDBB /* DocumentPickerUploadController.swift in Sources */ = {isa = PBXBuildFile; fileRef = 4540BAB92535CF860053CDBB /* DocumentPickerUploadController.swift */; };
		4540BB452535CF860053CDBB /* MonitorViewController.swift in Sources */ = {isa = PBXBuildFile; fileRef = 4540BABA2535CF860053CDBB /* MonitorViewController.swift */; };
		4540BB462535CF860053CDBB /* SourceTableViewController.swift in Sources */ = {isa = PBXBuildFile; fileRef = 4540BABB2535CF860053CDBB /* SourceTableViewController.swift */; };
		4540BB472535CF860053CDBB /* CloudSourceTableViewController.swift in Sources */ = {isa = PBXBuildFile; fileRef = 4540BABC2535CF860053CDBB /* CloudSourceTableViewController.swift */; };
		4540BB482535CF860053CDBB /* ImagePickerUploadController.swift in Sources */ = {isa = PBXBuildFile; fileRef = 4540BABD2535CF860053CDBB /* ImagePickerUploadController.swift */; };
		4540BB492535CF860053CDBB /* CloudSourceTabBarController.swift in Sources */ = {isa = PBXBuildFile; fileRef = 4540BABE2535CF860053CDBB /* CloudSourceTabBarController.swift */; };
		4540BB4A2535CF860053CDBB /* CloudSourceCollectionViewController.swift in Sources */ = {isa = PBXBuildFile; fileRef = 4540BABF2535CF860053CDBB /* CloudSourceCollectionViewController.swift */; };
		4540BB4B2535CF860053CDBB /* EditorToolbar.swift in Sources */ = {isa = PBXBuildFile; fileRef = 4540BAC22535CF860053CDBB /* EditorToolbar.swift */; };
		4540BB4C2535CF860053CDBB /* CropLayer.swift in Sources */ = {isa = PBXBuildFile; fileRef = 4540BAC42535CF860053CDBB /* CropLayer.swift */; };
		4540BB4D2535CF860053CDBB /* CircleLayer.swift in Sources */ = {isa = PBXBuildFile; fileRef = 4540BAC52535CF860053CDBB /* CircleLayer.swift */; };
		4540BB4E2535CF860053CDBB /* ImageEditorCommand.swift in Sources */ = {isa = PBXBuildFile; fileRef = 4540BAC72535CF860053CDBB /* ImageEditorCommand.swift */; };
		4540BB4F2535CF860053CDBB /* ImageEditor.swift in Sources */ = {isa = PBXBuildFile; fileRef = 4540BAC82535CF860053CDBB /* ImageEditor.swift */; };
		4540BB502535CF860053CDBB /* EditorViewController+ToolbarDelegate.swift in Sources */ = {isa = PBXBuildFile; fileRef = 4540BACA2535CF860053CDBB /* EditorViewController+ToolbarDelegate.swift */; };
		4540BB512535CF860053CDBB /* EditorViewController+ViewSetup.swift in Sources */ = {isa = PBXBuildFile; fileRef = 4540BACB2535CF860053CDBB /* EditorViewController+ViewSetup.swift */; };
		4540BB522535CF860053CDBB /* EditorViewController.swift in Sources */ = {isa = PBXBuildFile; fileRef = 4540BACC2535CF860053CDBB /* EditorViewController.swift */; };
		4540BB532535CF860053CDBB /* EditorViewController+EditDataSource.swift in Sources */ = {isa = PBXBuildFile; fileRef = 4540BACD2535CF860053CDBB /* EditorViewController+EditDataSource.swift */; };
		4540BB542535CF860053CDBB /* ImageEditorView.swift in Sources */ = {isa = PBXBuildFile; fileRef = 4540BACF2535CF860053CDBB /* ImageEditorView.swift */; };
		4540BB552535CF860053CDBB /* CropGesturesHandler.swift in Sources */ = {isa = PBXBuildFile; fileRef = 4540BAD12535CF860053CDBB /* CropGesturesHandler.swift */; };
		4540BB562535CF860053CDBB /* CircleGesturesHandler.swift in Sources */ = {isa = PBXBuildFile; fileRef = 4540BAD22535CF860053CDBB /* CircleGesturesHandler.swift */; };
		4540BB572535CF860053CDBB /* Uploadable.swift in Sources */ = {isa = PBXBuildFile; fileRef = 4540BAD42535CF860053CDBB /* Uploadable.swift */; };
		4540BB582535CF860053CDBB /* SelectableElement.swift in Sources */ = {isa = PBXBuildFile; fileRef = 4540BAD52535CF860053CDBB /* SelectableElement.swift */; };
		4540BB592535CF860053CDBB /* SelectionCell.swift in Sources */ = {isa = PBXBuildFile; fileRef = 4540BAD62535CF860053CDBB /* SelectionCell.swift */; };
		4540BB5A2535CF860053CDBB /* SelectionListViewController.swift in Sources */ = {isa = PBXBuildFile; fileRef = 4540BAD72535CF860053CDBB /* SelectionListViewController.swift */; };
		4540BB5B2535CF860053CDBB /* SelectionListViewController+UICollectionView.swift in Sources */ = {isa = PBXBuildFile; fileRef = 4540BAD82535CF860053CDBB /* SelectionListViewController+UICollectionView.swift */; };
		4540BB5C2535CF860053CDBB /* SelectionListViewController+FlowLayout.swift in Sources */ = {isa = PBXBuildFile; fileRef = 4540BAD92535CF860053CDBB /* SelectionListViewController+FlowLayout.swift */; };
		4540BB5D2535CF860053CDBB /* ActivityIndicatorCollectionViewCell.swift in Sources */ = {isa = PBXBuildFile; fileRef = 4540BADB2535CF860053CDBB /* ActivityIndicatorCollectionViewCell.swift */; };
		4540BB5E2535CF860053CDBB /* CloudItemCollectionViewCell.swift in Sources */ = {isa = PBXBuildFile; fileRef = 4540BADC2535CF860053CDBB /* CloudItemCollectionViewCell.swift */; };
		4540BB5F2535CF860053CDBB /* Scene.swift in Sources */ = {isa = PBXBuildFile; fileRef = 4540BADE2535CF860053CDBB /* Scene.swift */; };
		4540BB602535CF860053CDBB /* CloudSourceDataSource.swift in Sources */ = {isa = PBXBuildFile; fileRef = 4540BADF2535CF860053CDBB /* CloudSourceDataSource.swift */; };
		4540BB612535CF860053CDBB /* CloudSourceDataSourceConsumer.swift in Sources */ = {isa = PBXBuildFile; fileRef = 4540BAE02535CF860053CDBB /* CloudSourceDataSourceConsumer.swift */; };
		4540BB622535CF860053CDBB /* CellDescriptibleSource.swift in Sources */ = {isa = PBXBuildFile; fileRef = 4540BAE12535CF860053CDBB /* CellDescriptibleSource.swift */; };
		4540BB632535CF860053CDBB /* LocalProvider.swift in Sources */ = {isa = PBXBuildFile; fileRef = 4540BAE42535CF860053CDBB /* LocalProvider.swift */; };
		4540BB642535CF860053CDBB /* LocalSource.swift in Sources */ = {isa = PBXBuildFile; fileRef = 4540BAE62535CF860053CDBB /* LocalSource.swift */; };
		4540BB652535CF860053CDBB /* Stylizer.swift in Sources */ = {isa = PBXBuildFile; fileRef = 4540BAE72535CF860053CDBB /* Stylizer.swift */; };
		4540BB662535CF860053CDBB /* CloudSource.swift in Sources */ = {isa = PBXBuildFile; fileRef = 4540BAE82535CF860053CDBB /* CloudSource.swift */; };
		4540BB672535CF860053CDBB /* PickerNavigationController.swift in Sources */ = {isa = PBXBuildFile; fileRef = 4540BAEA2535CF860053CDBB /* PickerNavigationController.swift */; };
		4540BB682535CF860053CDBB /* StylizerDelegate.swift in Sources */ = {isa = PBXBuildFile; fileRef = 4540BAEC2535CF860053CDBB /* StylizerDelegate.swift */; };
		4540BB692535CF860053CDBB /* Colors.xcassets in Resources */ = {isa = PBXBuildFile; fileRef = 4540BAEE2535CF860053CDBB /* Colors.xcassets */; };
		4540BB6A2535CF860053CDBB /* Icons.xcassets in Resources */ = {isa = PBXBuildFile; fileRef = 4540BAEF2535CF860053CDBB /* Icons.xcassets */; };
		4540BB6B2535CF860053CDBB /* PhotoPicker.storyboard in Resources */ = {isa = PBXBuildFile; fileRef = 4540BAF02535CF860053CDBB /* PhotoPicker.storyboard */; };
		4540BB6C2535CF860053CDBB /* Picker.storyboard in Resources */ = {isa = PBXBuildFile; fileRef = 4540BAF12535CF860053CDBB /* Picker.storyboard */; };
		4540BB6D2535CF860053CDBB /* Constants.swift in Sources */ = {isa = PBXBuildFile; fileRef = 4540BAF32535CF860053CDBB /* Constants.swift */; };
		4540BB6E2535CF860053CDBB /* TrackingProgress.swift in Sources */ = {isa = PBXBuildFile; fileRef = 4540BAF42535CF860053CDBB /* TrackingProgress.swift */; };
		4540BB6F2535CF860053CDBB /* DurationNumberFormatter.swift in Sources */ = {isa = PBXBuildFile; fileRef = 4540BAF62535CF860053CDBB /* DurationNumberFormatter.swift */; };
		4540BB702535CF860053CDBB /* AssetURLExtractorOperation.swift in Sources */ = {isa = PBXBuildFile; fileRef = 4540BAF82535CF860053CDBB /* AssetURLExtractorOperation.swift */; };
		4540BB712535CF860053CDBB /* AVAsset+Export.swift in Sources */ = {isa = PBXBuildFile; fileRef = 4540BAFA2535CF860053CDBB /* AVAsset+Export.swift */; };
		4540BB722535CF860053CDBB /* UICollectionView+Reusable.swift in Sources */ = {isa = PBXBuildFile; fileRef = 4540BAFB2535CF860053CDBB /* UICollectionView+Reusable.swift */; };
		4540BB732535CF860053CDBB /* UIColor+Predefined.swift in Sources */ = {isa = PBXBuildFile; fileRef = 4540BAFC2535CF860053CDBB /* UIColor+Predefined.swift */; };
		4540BB742535CF860053CDBB /* URLSession+FilestackDefault.swift in Sources */ = {isa = PBXBuildFile; fileRef = 4540BAFD2535CF860053CDBB /* URLSession+FilestackDefault.swift */; };
		4540BB752535CF860053CDBB /* Math+Clamp.swift in Sources */ = {isa = PBXBuildFile; fileRef = 4540BAFE2535CF860053CDBB /* Math+Clamp.swift */; };
		4540BB762535CF860053CDBB /* String+UTI.swift in Sources */ = {isa = PBXBuildFile; fileRef = 4540BAFF2535CF860053CDBB /* String+UTI.swift */; };
		4540BB772535CF860053CDBB /* UIImage+Bundle.swift in Sources */ = {isa = PBXBuildFile; fileRef = 4540BB002535CF860053CDBB /* UIImage+Bundle.swift */; };
		4540BB782535CF860053CDBB /* ImageURLExportPreset+asImagePickerControllerImageURLExportPreset.swift in Sources */ = {isa = PBXBuildFile; fileRef = 4540BB012535CF860053CDBB /* ImageURLExportPreset+asImagePickerControllerImageURLExportPreset.swift */; };
		4540BB792535CF860053CDBB /* URL+Copy.swift in Sources */ = {isa = PBXBuildFile; fileRef = 4540BB022535CF860053CDBB /* URL+Copy.swift */; };
		4540BB7A2535CF860053CDBB /* UIImage+HEIC.swift in Sources */ = {isa = PBXBuildFile; fileRef = 4540BB032535CF860053CDBB /* UIImage+HEIC.swift */; };
		4540BB7B2535CF860053CDBB /* UIView+Constraints.swift in Sources */ = {isa = PBXBuildFile; fileRef = 4540BB042535CF860053CDBB /* UIView+Constraints.swift */; };
		4540BB7C2535CF860053CDBB /* Data+JSON.swift in Sources */ = {isa = PBXBuildFile; fileRef = 4540BB052535CF860053CDBB /* Data+JSON.swift */; };
		4540BB7D2535CF860053CDBB /* UIColor+Bundle.swift in Sources */ = {isa = PBXBuildFile; fileRef = 4540BB062535CF860053CDBB /* UIColor+Bundle.swift */; };
		4540BB7E2535CF860053CDBB /* URL+IsDirectory.swift in Sources */ = {isa = PBXBuildFile; fileRef = 4540BB072535CF860053CDBB /* URL+IsDirectory.swift */; };
		4540BB7F2535CF860053CDBB /* UIImage+Resized.swift in Sources */ = {isa = PBXBuildFile; fileRef = 4540BB082535CF860053CDBB /* UIImage+Resized.swift */; };
		4540BB802535CF860053CDBB /* Array+SafeIndex.swift in Sources */ = {isa = PBXBuildFile; fileRef = 4540BB092535CF860053CDBB /* Array+SafeIndex.swift */; };
		4540BB812535CF860053CDBB /* UIImage+CIImageTransformations.swift in Sources */ = {isa = PBXBuildFile; fileRef = 4540BB0B2535CF860053CDBB /* UIImage+CIImageTransformations.swift */; };
		4540BB822535CF860053CDBB /* UIImage+Sanitize.swift in Sources */ = {isa = PBXBuildFile; fileRef = 4540BB0C2535CF860053CDBB /* UIImage+Sanitize.swift */; };
		4540BB832535CF860053CDBB /* UIImage+Rect.swift in Sources */ = {isa = PBXBuildFile; fileRef = 4540BB0D2535CF860053CDBB /* UIImage+Rect.swift */; };
		4540BB842535CF860053CDBB /* CGRect+Scale.swift in Sources */ = {isa = PBXBuildFile; fileRef = 4540BB0E2535CF860053CDBB /* CGRect+Scale.swift */; };
		4540BB852535CF860053CDBB /* CGPoint+Distance.swift in Sources */ = {isa = PBXBuildFile; fileRef = 4540BB0F2535CF860053CDBB /* CGPoint+Distance.swift */; };
		4540BB862535CF860053CDBB /* UIImage+Export.swift in Sources */ = {isa = PBXBuildFile; fileRef = 4540BB102535CF860053CDBB /* UIImage+Export.swift */; };
		4540BB872535CF860053CDBB /* UIImage+Write.swift in Sources */ = {isa = PBXBuildFile; fileRef = 4540BB112535CF860053CDBB /* UIImage+Write.swift */; };
		4540BB882535CF860053CDBB /* LogoutRequest.swift in Sources */ = {isa = PBXBuildFile; fileRef = 4540BB132535CF860053CDBB /* LogoutRequest.swift */; };
		4540BB892535CF860053CDBB /* StoreRequest.swift in Sources */ = {isa = PBXBuildFile; fileRef = 4540BB142535CF860053CDBB /* StoreRequest.swift */; };
		4540BB8A2535CF860053CDBB /* FolderListRequest.swift in Sources */ = {isa = PBXBuildFile; fileRef = 4540BB152535CF860053CDBB /* FolderListRequest.swift */; };
		4540BB8B2535CF860053CDBB /* PrefetchRequest.swift in Sources */ = {isa = PBXBuildFile; fileRef = 4540BB162535CF860053CDBB /* PrefetchRequest.swift */; };
		4540BB8C2535CF860053CDBB /* UploadableExtractor.swift in Sources */ = {isa = PBXBuildFile; fileRef = 4540BB182535CF860053CDBB /* UploadableExtractor.swift */; };
		4540BB8D2535CF860053CDBB /* URLExtractor.swift in Sources */ = {isa = PBXBuildFile; fileRef = 4540BB192535CF860053CDBB /* URLExtractor.swift */; };
		4540BB8E2535CF860053CDBB /* CloudRequest.swift in Sources */ = {isa = PBXBuildFile; fileRef = 4540BB1B2535CF860053CDBB /* CloudRequest.swift */; };
		4540BB8F2535CF860053CDBB /* CloudService.swift in Sources */ = {isa = PBXBuildFile; fileRef = 4540BB1D2535CF860053CDBB /* CloudService.swift */; };
		4540BB902535CF860053CDBB /* Filestack.h in Headers */ = {isa = PBXBuildFile; fileRef = 4540BB1E2535CF860053CDBB /* Filestack.h */; settings = {ATTRIBUTES = (Public, ); }; };
		4540BB912535CF860053CDBB /* CompletionHandlers.swift in Sources */ = {isa = PBXBuildFile; fileRef = 4540BB202535CF860053CDBB /* CompletionHandlers.swift */; };
		4540BB922535CF860053CDBB /* CloudProvider.swift in Sources */ = {isa = PBXBuildFile; fileRef = 4540BB222535CF860053CDBB /* CloudProvider.swift */; };
		4540BB932535CF860053CDBB /* ImageURLExportPreset.swift in Sources */ = {isa = PBXBuildFile; fileRef = 4540BB232535CF860053CDBB /* ImageURLExportPreset.swift */; };
		4540BB942535CF860053CDBB /* ClientError.swift in Sources */ = {isa = PBXBuildFile; fileRef = 4540BB242535CF860053CDBB /* ClientError.swift */; };
		4540BB952535CF860053CDBB /* LogoutResponse.swift in Sources */ = {isa = PBXBuildFile; fileRef = 4540BB262535CF860053CDBB /* LogoutResponse.swift */; };
		4540BB962535CF860053CDBB /* CloudResponse.swift in Sources */ = {isa = PBXBuildFile; fileRef = 4540BB272535CF860053CDBB /* CloudResponse.swift */; };
		4540BB972535CF860053CDBB /* FolderListResponse.swift in Sources */ = {isa = PBXBuildFile; fileRef = 4540BB282535CF860053CDBB /* FolderListResponse.swift */; };
		4540BB982535CF860053CDBB /* PrefetchResponse.swift in Sources */ = {isa = PBXBuildFile; fileRef = 4540BB292535CF860053CDBB /* PrefetchResponse.swift */; };
		4540BB992535CF860053CDBB /* StoreResponse.swift in Sources */ = {isa = PBXBuildFile; fileRef = 4540BB2A2535CF860053CDBB /* StoreResponse.swift */; };
		4540BB9A2535CF860053CDBB /* Config.swift in Sources */ = {isa = PBXBuildFile; fileRef = 4540BB2C2535CF860053CDBB /* Config.swift */; };
		4540BB9B2535CF860053CDBB /* Client.swift in Sources */ = {isa = PBXBuildFile; fileRef = 4540BB2D2535CF860053CDBB /* Client.swift */; };
		4540BB9C2535CF860053CDBB /* Client+ObjC.swift in Sources */ = {isa = PBXBuildFile; fileRef = 4540BB2F2535CF860053CDBB /* Client+ObjC.swift */; };
		4540BB9D2535CF860053CDBB /* Client+Deprecated.swift in Sources */ = {isa = PBXBuildFile; fileRef = 4540BB302535CF860053CDBB /* Client+Deprecated.swift */; };
		45453E8D2535E3540090F78D /* Bundle.swift in Sources */ = {isa = PBXBuildFile; fileRef = 45453E8C2535E3540090F78D /* Bundle.swift */; };
		456B743826BC2FD3008F434F /* URLPickerUploadController.swift in Sources */ = {isa = PBXBuildFile; fileRef = 456B743726BC2FD3008F434F /* URLPickerUploadController.swift */; };
		4581FF55253869260019B70F /* URL+Move.swift in Sources */ = {isa = PBXBuildFile; fileRef = 4581FF54253869260019B70F /* URL+Move.swift */; };
		4581FF5D25388EBD0019B70F /* PhotosPickerFilter.swift in Sources */ = {isa = PBXBuildFile; fileRef = 4581FF5C25388EBD0019B70F /* PhotosPickerFilter.swift */; };
		458DE82E25CAEF5F00A39149 /* ZIPFoundation in Frameworks */ = {isa = PBXBuildFile; productRef = 458DE82D25CAEF5F00A39149 /* ZIPFoundation */; };
		4599415326BBF6790039BF8F /* CustomPickerUploadController.swift in Sources */ = {isa = PBXBuildFile; fileRef = 4599415226BBF6780039BF8F /* CustomPickerUploadController.swift */; };
		45A2497526BC3A4B0078785D /* SourceProvider.swift in Sources */ = {isa = PBXBuildFile; fileRef = 45A2497426BC3A4B0078785D /* SourceProvider.swift */; };
		45A2497726BC3A5E0078785D /* SourceProviderDelegate.swift in Sources */ = {isa = PBXBuildFile; fileRef = 45A2497626BC3A5E0078785D /* SourceProviderDelegate.swift */; };
		45CF056725D5744E0090966A /* PickerBehavior.swift in Sources */ = {isa = PBXBuildFile; fileRef = 45CF056625D5744E0090966A /* PickerBehavior.swift */; };
		45DEA73526BD28CE00BF6452 /* FilestackSDK in Frameworks */ = {isa = PBXBuildFile; productRef = 45DEA73426BD28CE00BF6452 /* FilestackSDK */; };
/* End PBXBuildFile section */

/* Begin PBXCopyFilesBuildPhase section */
		4577A46E25BB01CF00A2CEB9 /* Embed Frameworks */ = {
			isa = PBXCopyFilesBuildPhase;
			buildActionMask = 2147483647;
			dstPath = "";
			dstSubfolderSpec = 10;
			files = (
			);
			name = "Embed Frameworks";
			runOnlyForDeploymentPostprocessing = 0;
		};
/* End PBXCopyFilesBuildPhase section */

/* Begin PBXFileReference section */
		4518BDF51FC6DE0400FB7D9D /* README.md */ = {isa = PBXFileReference; fileEncoding = 4; lastKnownFileType = net.daringfireball.markdown; path = README.md; sourceTree = "<group>"; };
		4540BA9E2535CF860053CDBB /* CloudSourceBarTabScene.swift */ = {isa = PBXFileReference; fileEncoding = 4; lastKnownFileType = sourcecode.swift; path = CloudSourceBarTabScene.swift; sourceTree = "<group>"; };
		4540BA9F2535CF860053CDBB /* PickerNavigationScene.swift */ = {isa = PBXFileReference; fileEncoding = 4; lastKnownFileType = sourcecode.swift; path = PickerNavigationScene.swift; sourceTree = "<group>"; };
		4540BAA12535CF860053CDBB /* PhotoPickerController.swift */ = {isa = PBXFileReference; fileEncoding = 4; lastKnownFileType = sourcecode.swift; path = PhotoPickerController.swift; sourceTree = "<group>"; };
		4540BAA32535CF860053CDBB /* AssetCell.swift */ = {isa = PBXFileReference; fileEncoding = 4; lastKnownFileType = sourcecode.swift; path = AssetCell.swift; sourceTree = "<group>"; };
		4540BAA42535CF860053CDBB /* AssetCollectionViewController.swift */ = {isa = PBXFileReference; fileEncoding = 4; lastKnownFileType = sourcecode.swift; path = AssetCollectionViewController.swift; sourceTree = "<group>"; };
		4540BAA52535CF860053CDBB /* PhotosExtensions.swift */ = {isa = PBXFileReference; fileEncoding = 4; lastKnownFileType = sourcecode.swift; path = PhotosExtensions.swift; sourceTree = "<group>"; };
		4540BAA72535CF860053CDBB /* AlbumListViewController.swift */ = {isa = PBXFileReference; fileEncoding = 4; lastKnownFileType = sourcecode.swift; path = AlbumListViewController.swift; sourceTree = "<group>"; };
		4540BAA82535CF860053CDBB /* AlbumCell.swift */ = {isa = PBXFileReference; fileEncoding = 4; lastKnownFileType = sourcecode.swift; path = AlbumCell.swift; sourceTree = "<group>"; };
		4540BAA92535CF860053CDBB /* PhotoAlbumRepository.swift */ = {isa = PBXFileReference; fileEncoding = 4; lastKnownFileType = sourcecode.swift; path = PhotoAlbumRepository.swift; sourceTree = "<group>"; };
		4540BAAB2535CF860053CDBB /* CloudSourceViewType.swift */ = {isa = PBXFileReference; fileEncoding = 4; lastKnownFileType = sourcecode.swift; path = CloudSourceViewType.swift; sourceTree = "<group>"; };
		4540BAAD2535CF860053CDBB /* CollectionViewFlowLayout.swift */ = {isa = PBXFileReference; fileEncoding = 4; lastKnownFileType = sourcecode.swift; path = CollectionViewFlowLayout.swift; sourceTree = "<group>"; };
		4540BAAF2535CF860053CDBB /* CloudItem.swift */ = {isa = PBXFileReference; fileEncoding = 4; lastKnownFileType = sourcecode.swift; path = CloudItem.swift; sourceTree = "<group>"; };
		4540BAB12535CF860053CDBB /* UserDefaults+State.swift */ = {isa = PBXFileReference; fileEncoding = 4; lastKnownFileType = sourcecode.swift; path = "UserDefaults+State.swift"; sourceTree = "<group>"; };
		4540BAB22535CF860053CDBB /* Storyboard+Scenes.swift */ = {isa = PBXFileReference; fileEncoding = 4; lastKnownFileType = sourcecode.swift; path = "Storyboard+Scenes.swift"; sourceTree = "<group>"; };
		4540BAB32535CF860053CDBB /* Scene+Defaults.swift */ = {isa = PBXFileReference; fileEncoding = 4; lastKnownFileType = sourcecode.swift; path = "Scene+Defaults.swift"; sourceTree = "<group>"; };
		4540BAB42535CF860053CDBB /* UIImage+Squared.swift */ = {isa = PBXFileReference; fileEncoding = 4; lastKnownFileType = sourcecode.swift; path = "UIImage+Squared.swift"; sourceTree = "<group>"; };
		4540BAB62535CF860053CDBB /* ActivityIndicatorTableViewCell.swift */ = {isa = PBXFileReference; fileEncoding = 4; lastKnownFileType = sourcecode.swift; path = ActivityIndicatorTableViewCell.swift; sourceTree = "<group>"; };
		4540BAB72535CF860053CDBB /* CloudItemTableViewCell.swift */ = {isa = PBXFileReference; fileEncoding = 4; lastKnownFileType = sourcecode.swift; path = CloudItemTableViewCell.swift; sourceTree = "<group>"; };
		4540BAB92535CF860053CDBB /* DocumentPickerUploadController.swift */ = {isa = PBXFileReference; fileEncoding = 4; lastKnownFileType = sourcecode.swift; path = DocumentPickerUploadController.swift; sourceTree = "<group>"; };
		4540BABA2535CF860053CDBB /* MonitorViewController.swift */ = {isa = PBXFileReference; fileEncoding = 4; lastKnownFileType = sourcecode.swift; path = MonitorViewController.swift; sourceTree = "<group>"; };
		4540BABB2535CF860053CDBB /* SourceTableViewController.swift */ = {isa = PBXFileReference; fileEncoding = 4; lastKnownFileType = sourcecode.swift; path = SourceTableViewController.swift; sourceTree = "<group>"; };
		4540BABC2535CF860053CDBB /* CloudSourceTableViewController.swift */ = {isa = PBXFileReference; fileEncoding = 4; lastKnownFileType = sourcecode.swift; path = CloudSourceTableViewController.swift; sourceTree = "<group>"; };
		4540BABD2535CF860053CDBB /* ImagePickerUploadController.swift */ = {isa = PBXFileReference; fileEncoding = 4; lastKnownFileType = sourcecode.swift; path = ImagePickerUploadController.swift; sourceTree = "<group>"; };
		4540BABE2535CF860053CDBB /* CloudSourceTabBarController.swift */ = {isa = PBXFileReference; fileEncoding = 4; lastKnownFileType = sourcecode.swift; path = CloudSourceTabBarController.swift; sourceTree = "<group>"; };
		4540BABF2535CF860053CDBB /* CloudSourceCollectionViewController.swift */ = {isa = PBXFileReference; fileEncoding = 4; lastKnownFileType = sourcecode.swift; path = CloudSourceCollectionViewController.swift; sourceTree = "<group>"; };
		4540BAC22535CF860053CDBB /* EditorToolbar.swift */ = {isa = PBXFileReference; fileEncoding = 4; lastKnownFileType = sourcecode.swift; path = EditorToolbar.swift; sourceTree = "<group>"; };
		4540BAC42535CF860053CDBB /* CropLayer.swift */ = {isa = PBXFileReference; fileEncoding = 4; lastKnownFileType = sourcecode.swift; path = CropLayer.swift; sourceTree = "<group>"; };
		4540BAC52535CF860053CDBB /* CircleLayer.swift */ = {isa = PBXFileReference; fileEncoding = 4; lastKnownFileType = sourcecode.swift; path = CircleLayer.swift; sourceTree = "<group>"; };
		4540BAC72535CF860053CDBB /* ImageEditorCommand.swift */ = {isa = PBXFileReference; fileEncoding = 4; lastKnownFileType = sourcecode.swift; path = ImageEditorCommand.swift; sourceTree = "<group>"; };
		4540BAC82535CF860053CDBB /* ImageEditor.swift */ = {isa = PBXFileReference; fileEncoding = 4; lastKnownFileType = sourcecode.swift; path = ImageEditor.swift; sourceTree = "<group>"; };
		4540BACA2535CF860053CDBB /* EditorViewController+ToolbarDelegate.swift */ = {isa = PBXFileReference; fileEncoding = 4; lastKnownFileType = sourcecode.swift; path = "EditorViewController+ToolbarDelegate.swift"; sourceTree = "<group>"; };
		4540BACB2535CF860053CDBB /* EditorViewController+ViewSetup.swift */ = {isa = PBXFileReference; fileEncoding = 4; lastKnownFileType = sourcecode.swift; path = "EditorViewController+ViewSetup.swift"; sourceTree = "<group>"; };
		4540BACC2535CF860053CDBB /* EditorViewController.swift */ = {isa = PBXFileReference; fileEncoding = 4; lastKnownFileType = sourcecode.swift; path = EditorViewController.swift; sourceTree = "<group>"; };
		4540BACD2535CF860053CDBB /* EditorViewController+EditDataSource.swift */ = {isa = PBXFileReference; fileEncoding = 4; lastKnownFileType = sourcecode.swift; path = "EditorViewController+EditDataSource.swift"; sourceTree = "<group>"; };
		4540BACF2535CF860053CDBB /* ImageEditorView.swift */ = {isa = PBXFileReference; fileEncoding = 4; lastKnownFileType = sourcecode.swift; path = ImageEditorView.swift; sourceTree = "<group>"; };
		4540BAD12535CF860053CDBB /* CropGesturesHandler.swift */ = {isa = PBXFileReference; fileEncoding = 4; lastKnownFileType = sourcecode.swift; path = CropGesturesHandler.swift; sourceTree = "<group>"; };
		4540BAD22535CF860053CDBB /* CircleGesturesHandler.swift */ = {isa = PBXFileReference; fileEncoding = 4; lastKnownFileType = sourcecode.swift; path = CircleGesturesHandler.swift; sourceTree = "<group>"; };
		4540BAD42535CF860053CDBB /* Uploadable.swift */ = {isa = PBXFileReference; fileEncoding = 4; lastKnownFileType = sourcecode.swift; path = Uploadable.swift; sourceTree = "<group>"; };
		4540BAD52535CF860053CDBB /* SelectableElement.swift */ = {isa = PBXFileReference; fileEncoding = 4; lastKnownFileType = sourcecode.swift; path = SelectableElement.swift; sourceTree = "<group>"; };
		4540BAD62535CF860053CDBB /* SelectionCell.swift */ = {isa = PBXFileReference; fileEncoding = 4; lastKnownFileType = sourcecode.swift; path = SelectionCell.swift; sourceTree = "<group>"; };
		4540BAD72535CF860053CDBB /* SelectionListViewController.swift */ = {isa = PBXFileReference; fileEncoding = 4; lastKnownFileType = sourcecode.swift; path = SelectionListViewController.swift; sourceTree = "<group>"; };
		4540BAD82535CF860053CDBB /* SelectionListViewController+UICollectionView.swift */ = {isa = PBXFileReference; fileEncoding = 4; lastKnownFileType = sourcecode.swift; path = "SelectionListViewController+UICollectionView.swift"; sourceTree = "<group>"; };
		4540BAD92535CF860053CDBB /* SelectionListViewController+FlowLayout.swift */ = {isa = PBXFileReference; fileEncoding = 4; lastKnownFileType = sourcecode.swift; path = "SelectionListViewController+FlowLayout.swift"; sourceTree = "<group>"; };
		4540BADB2535CF860053CDBB /* ActivityIndicatorCollectionViewCell.swift */ = {isa = PBXFileReference; fileEncoding = 4; lastKnownFileType = sourcecode.swift; path = ActivityIndicatorCollectionViewCell.swift; sourceTree = "<group>"; };
		4540BADC2535CF860053CDBB /* CloudItemCollectionViewCell.swift */ = {isa = PBXFileReference; fileEncoding = 4; lastKnownFileType = sourcecode.swift; path = CloudItemCollectionViewCell.swift; sourceTree = "<group>"; };
		4540BADE2535CF860053CDBB /* Scene.swift */ = {isa = PBXFileReference; fileEncoding = 4; lastKnownFileType = sourcecode.swift; path = Scene.swift; sourceTree = "<group>"; };
		4540BADF2535CF860053CDBB /* CloudSourceDataSource.swift */ = {isa = PBXFileReference; fileEncoding = 4; lastKnownFileType = sourcecode.swift; path = CloudSourceDataSource.swift; sourceTree = "<group>"; };
		4540BAE02535CF860053CDBB /* CloudSourceDataSourceConsumer.swift */ = {isa = PBXFileReference; fileEncoding = 4; lastKnownFileType = sourcecode.swift; path = CloudSourceDataSourceConsumer.swift; sourceTree = "<group>"; };
		4540BAE12535CF860053CDBB /* CellDescriptibleSource.swift */ = {isa = PBXFileReference; fileEncoding = 4; lastKnownFileType = sourcecode.swift; path = CellDescriptibleSource.swift; sourceTree = "<group>"; };
		4540BAE42535CF860053CDBB /* LocalProvider.swift */ = {isa = PBXFileReference; fileEncoding = 4; lastKnownFileType = sourcecode.swift; path = LocalProvider.swift; sourceTree = "<group>"; };
		4540BAE62535CF860053CDBB /* LocalSource.swift */ = {isa = PBXFileReference; fileEncoding = 4; lastKnownFileType = sourcecode.swift; path = LocalSource.swift; sourceTree = "<group>"; };
		4540BAE72535CF860053CDBB /* Stylizer.swift */ = {isa = PBXFileReference; fileEncoding = 4; lastKnownFileType = sourcecode.swift; path = Stylizer.swift; sourceTree = "<group>"; };
		4540BAE82535CF860053CDBB /* CloudSource.swift */ = {isa = PBXFileReference; fileEncoding = 4; lastKnownFileType = sourcecode.swift; path = CloudSource.swift; sourceTree = "<group>"; };
		4540BAEA2535CF860053CDBB /* PickerNavigationController.swift */ = {isa = PBXFileReference; fileEncoding = 4; lastKnownFileType = sourcecode.swift; path = PickerNavigationController.swift; sourceTree = "<group>"; };
		4540BAEC2535CF860053CDBB /* StylizerDelegate.swift */ = {isa = PBXFileReference; fileEncoding = 4; lastKnownFileType = sourcecode.swift; path = StylizerDelegate.swift; sourceTree = "<group>"; };
		4540BAEE2535CF860053CDBB /* Colors.xcassets */ = {isa = PBXFileReference; lastKnownFileType = folder.assetcatalog; path = Colors.xcassets; sourceTree = "<group>"; };
		4540BAEF2535CF860053CDBB /* Icons.xcassets */ = {isa = PBXFileReference; lastKnownFileType = folder.assetcatalog; path = Icons.xcassets; sourceTree = "<group>"; };
		4540BAF02535CF860053CDBB /* PhotoPicker.storyboard */ = {isa = PBXFileReference; fileEncoding = 4; lastKnownFileType = file.storyboard; path = PhotoPicker.storyboard; sourceTree = "<group>"; };
		4540BAF12535CF860053CDBB /* Picker.storyboard */ = {isa = PBXFileReference; fileEncoding = 4; lastKnownFileType = file.storyboard; path = Picker.storyboard; sourceTree = "<group>"; };
		4540BAF32535CF860053CDBB /* Constants.swift */ = {isa = PBXFileReference; fileEncoding = 4; lastKnownFileType = sourcecode.swift; path = Constants.swift; sourceTree = "<group>"; };
		4540BAF42535CF860053CDBB /* TrackingProgress.swift */ = {isa = PBXFileReference; fileEncoding = 4; lastKnownFileType = sourcecode.swift; path = TrackingProgress.swift; sourceTree = "<group>"; };
		4540BAF62535CF860053CDBB /* DurationNumberFormatter.swift */ = {isa = PBXFileReference; fileEncoding = 4; lastKnownFileType = sourcecode.swift; path = DurationNumberFormatter.swift; sourceTree = "<group>"; };
		4540BAF82535CF860053CDBB /* AssetURLExtractorOperation.swift */ = {isa = PBXFileReference; fileEncoding = 4; lastKnownFileType = sourcecode.swift; path = AssetURLExtractorOperation.swift; sourceTree = "<group>"; };
		4540BAFA2535CF860053CDBB /* AVAsset+Export.swift */ = {isa = PBXFileReference; fileEncoding = 4; lastKnownFileType = sourcecode.swift; path = "AVAsset+Export.swift"; sourceTree = "<group>"; };
		4540BAFB2535CF860053CDBB /* UICollectionView+Reusable.swift */ = {isa = PBXFileReference; fileEncoding = 4; lastKnownFileType = sourcecode.swift; path = "UICollectionView+Reusable.swift"; sourceTree = "<group>"; };
		4540BAFC2535CF860053CDBB /* UIColor+Predefined.swift */ = {isa = PBXFileReference; fileEncoding = 4; lastKnownFileType = sourcecode.swift; path = "UIColor+Predefined.swift"; sourceTree = "<group>"; };
		4540BAFD2535CF860053CDBB /* URLSession+FilestackDefault.swift */ = {isa = PBXFileReference; fileEncoding = 4; lastKnownFileType = sourcecode.swift; path = "URLSession+FilestackDefault.swift"; sourceTree = "<group>"; };
		4540BAFE2535CF860053CDBB /* Math+Clamp.swift */ = {isa = PBXFileReference; fileEncoding = 4; lastKnownFileType = sourcecode.swift; path = "Math+Clamp.swift"; sourceTree = "<group>"; };
		4540BAFF2535CF860053CDBB /* String+UTI.swift */ = {isa = PBXFileReference; fileEncoding = 4; lastKnownFileType = sourcecode.swift; path = "String+UTI.swift"; sourceTree = "<group>"; };
		4540BB002535CF860053CDBB /* UIImage+Bundle.swift */ = {isa = PBXFileReference; fileEncoding = 4; lastKnownFileType = sourcecode.swift; path = "UIImage+Bundle.swift"; sourceTree = "<group>"; };
		4540BB012535CF860053CDBB /* ImageURLExportPreset+asImagePickerControllerImageURLExportPreset.swift */ = {isa = PBXFileReference; fileEncoding = 4; lastKnownFileType = sourcecode.swift; path = "ImageURLExportPreset+asImagePickerControllerImageURLExportPreset.swift"; sourceTree = "<group>"; };
		4540BB022535CF860053CDBB /* URL+Copy.swift */ = {isa = PBXFileReference; fileEncoding = 4; lastKnownFileType = sourcecode.swift; path = "URL+Copy.swift"; sourceTree = "<group>"; };
		4540BB032535CF860053CDBB /* UIImage+HEIC.swift */ = {isa = PBXFileReference; fileEncoding = 4; lastKnownFileType = sourcecode.swift; path = "UIImage+HEIC.swift"; sourceTree = "<group>"; };
		4540BB042535CF860053CDBB /* UIView+Constraints.swift */ = {isa = PBXFileReference; fileEncoding = 4; lastKnownFileType = sourcecode.swift; path = "UIView+Constraints.swift"; sourceTree = "<group>"; };
		4540BB052535CF860053CDBB /* Data+JSON.swift */ = {isa = PBXFileReference; fileEncoding = 4; lastKnownFileType = sourcecode.swift; path = "Data+JSON.swift"; sourceTree = "<group>"; };
		4540BB062535CF860053CDBB /* UIColor+Bundle.swift */ = {isa = PBXFileReference; fileEncoding = 4; lastKnownFileType = sourcecode.swift; path = "UIColor+Bundle.swift"; sourceTree = "<group>"; };
		4540BB072535CF860053CDBB /* URL+IsDirectory.swift */ = {isa = PBXFileReference; fileEncoding = 4; lastKnownFileType = sourcecode.swift; path = "URL+IsDirectory.swift"; sourceTree = "<group>"; };
		4540BB082535CF860053CDBB /* UIImage+Resized.swift */ = {isa = PBXFileReference; fileEncoding = 4; lastKnownFileType = sourcecode.swift; path = "UIImage+Resized.swift"; sourceTree = "<group>"; };
		4540BB092535CF860053CDBB /* Array+SafeIndex.swift */ = {isa = PBXFileReference; fileEncoding = 4; lastKnownFileType = sourcecode.swift; path = "Array+SafeIndex.swift"; sourceTree = "<group>"; };
		4540BB0B2535CF860053CDBB /* UIImage+CIImageTransformations.swift */ = {isa = PBXFileReference; fileEncoding = 4; lastKnownFileType = sourcecode.swift; path = "UIImage+CIImageTransformations.swift"; sourceTree = "<group>"; };
		4540BB0C2535CF860053CDBB /* UIImage+Sanitize.swift */ = {isa = PBXFileReference; fileEncoding = 4; lastKnownFileType = sourcecode.swift; path = "UIImage+Sanitize.swift"; sourceTree = "<group>"; };
		4540BB0D2535CF860053CDBB /* UIImage+Rect.swift */ = {isa = PBXFileReference; fileEncoding = 4; lastKnownFileType = sourcecode.swift; path = "UIImage+Rect.swift"; sourceTree = "<group>"; };
		4540BB0E2535CF860053CDBB /* CGRect+Scale.swift */ = {isa = PBXFileReference; fileEncoding = 4; lastKnownFileType = sourcecode.swift; path = "CGRect+Scale.swift"; sourceTree = "<group>"; };
		4540BB0F2535CF860053CDBB /* CGPoint+Distance.swift */ = {isa = PBXFileReference; fileEncoding = 4; lastKnownFileType = sourcecode.swift; path = "CGPoint+Distance.swift"; sourceTree = "<group>"; };
		4540BB102535CF860053CDBB /* UIImage+Export.swift */ = {isa = PBXFileReference; fileEncoding = 4; lastKnownFileType = sourcecode.swift; path = "UIImage+Export.swift"; sourceTree = "<group>"; };
		4540BB112535CF860053CDBB /* UIImage+Write.swift */ = {isa = PBXFileReference; fileEncoding = 4; lastKnownFileType = sourcecode.swift; path = "UIImage+Write.swift"; sourceTree = "<group>"; };
		4540BB132535CF860053CDBB /* LogoutRequest.swift */ = {isa = PBXFileReference; fileEncoding = 4; lastKnownFileType = sourcecode.swift; path = LogoutRequest.swift; sourceTree = "<group>"; };
		4540BB142535CF860053CDBB /* StoreRequest.swift */ = {isa = PBXFileReference; fileEncoding = 4; lastKnownFileType = sourcecode.swift; path = StoreRequest.swift; sourceTree = "<group>"; };
		4540BB152535CF860053CDBB /* FolderListRequest.swift */ = {isa = PBXFileReference; fileEncoding = 4; lastKnownFileType = sourcecode.swift; path = FolderListRequest.swift; sourceTree = "<group>"; };
		4540BB162535CF860053CDBB /* PrefetchRequest.swift */ = {isa = PBXFileReference; fileEncoding = 4; lastKnownFileType = sourcecode.swift; path = PrefetchRequest.swift; sourceTree = "<group>"; };
		4540BB182535CF860053CDBB /* UploadableExtractor.swift */ = {isa = PBXFileReference; fileEncoding = 4; lastKnownFileType = sourcecode.swift; path = UploadableExtractor.swift; sourceTree = "<group>"; };
		4540BB192535CF860053CDBB /* URLExtractor.swift */ = {isa = PBXFileReference; fileEncoding = 4; lastKnownFileType = sourcecode.swift; path = URLExtractor.swift; sourceTree = "<group>"; };
		4540BB1B2535CF860053CDBB /* CloudRequest.swift */ = {isa = PBXFileReference; fileEncoding = 4; lastKnownFileType = sourcecode.swift; path = CloudRequest.swift; sourceTree = "<group>"; };
		4540BB1D2535CF860053CDBB /* CloudService.swift */ = {isa = PBXFileReference; fileEncoding = 4; lastKnownFileType = sourcecode.swift; path = CloudService.swift; sourceTree = "<group>"; };
		4540BB1E2535CF860053CDBB /* Filestack.h */ = {isa = PBXFileReference; fileEncoding = 4; lastKnownFileType = sourcecode.c.h; path = Filestack.h; sourceTree = "<group>"; };
		4540BB202535CF860053CDBB /* CompletionHandlers.swift */ = {isa = PBXFileReference; fileEncoding = 4; lastKnownFileType = sourcecode.swift; path = CompletionHandlers.swift; sourceTree = "<group>"; };
		4540BB222535CF860053CDBB /* CloudProvider.swift */ = {isa = PBXFileReference; fileEncoding = 4; lastKnownFileType = sourcecode.swift; path = CloudProvider.swift; sourceTree = "<group>"; };
		4540BB232535CF860053CDBB /* ImageURLExportPreset.swift */ = {isa = PBXFileReference; fileEncoding = 4; lastKnownFileType = sourcecode.swift; path = ImageURLExportPreset.swift; sourceTree = "<group>"; };
		4540BB242535CF860053CDBB /* ClientError.swift */ = {isa = PBXFileReference; fileEncoding = 4; lastKnownFileType = sourcecode.swift; path = ClientError.swift; sourceTree = "<group>"; };
		4540BB262535CF860053CDBB /* LogoutResponse.swift */ = {isa = PBXFileReference; fileEncoding = 4; lastKnownFileType = sourcecode.swift; path = LogoutResponse.swift; sourceTree = "<group>"; };
		4540BB272535CF860053CDBB /* CloudResponse.swift */ = {isa = PBXFileReference; fileEncoding = 4; lastKnownFileType = sourcecode.swift; path = CloudResponse.swift; sourceTree = "<group>"; };
		4540BB282535CF860053CDBB /* FolderListResponse.swift */ = {isa = PBXFileReference; fileEncoding = 4; lastKnownFileType = sourcecode.swift; path = FolderListResponse.swift; sourceTree = "<group>"; };
		4540BB292535CF860053CDBB /* PrefetchResponse.swift */ = {isa = PBXFileReference; fileEncoding = 4; lastKnownFileType = sourcecode.swift; path = PrefetchResponse.swift; sourceTree = "<group>"; };
		4540BB2A2535CF860053CDBB /* StoreResponse.swift */ = {isa = PBXFileReference; fileEncoding = 4; lastKnownFileType = sourcecode.swift; path = StoreResponse.swift; sourceTree = "<group>"; };
		4540BB2C2535CF860053CDBB /* Config.swift */ = {isa = PBXFileReference; fileEncoding = 4; lastKnownFileType = sourcecode.swift; path = Config.swift; sourceTree = "<group>"; };
		4540BB2D2535CF860053CDBB /* Client.swift */ = {isa = PBXFileReference; fileEncoding = 4; lastKnownFileType = sourcecode.swift; path = Client.swift; sourceTree = "<group>"; };
		4540BB2F2535CF860053CDBB /* Client+ObjC.swift */ = {isa = PBXFileReference; fileEncoding = 4; lastKnownFileType = sourcecode.swift; path = "Client+ObjC.swift"; sourceTree = "<group>"; };
		4540BB302535CF860053CDBB /* Client+Deprecated.swift */ = {isa = PBXFileReference; fileEncoding = 4; lastKnownFileType = sourcecode.swift; path = "Client+Deprecated.swift"; sourceTree = "<group>"; };
		4540BB312535CF860053CDBB /* Info.plist */ = {isa = PBXFileReference; fileEncoding = 4; lastKnownFileType = text.plist.xml; path = Info.plist; sourceTree = "<group>"; };
		45453E8C2535E3540090F78D /* Bundle.swift */ = {isa = PBXFileReference; lastKnownFileType = sourcecode.swift; path = Bundle.swift; sourceTree = "<group>"; };
		456B743726BC2FD3008F434F /* URLPickerUploadController.swift */ = {isa = PBXFileReference; lastKnownFileType = sourcecode.swift; path = URLPickerUploadController.swift; sourceTree = "<group>"; };
		457084FF1F975C6C00991340 /* Filestack.framework */ = {isa = PBXFileReference; explicitFileType = wrapper.framework; includeInIndex = 0; path = Filestack.framework; sourceTree = BUILT_PRODUCTS_DIR; };
		4581FF54253869260019B70F /* URL+Move.swift */ = {isa = PBXFileReference; lastKnownFileType = sourcecode.swift; path = "URL+Move.swift"; sourceTree = "<group>"; };
		4581FF5C25388EBD0019B70F /* PhotosPickerFilter.swift */ = {isa = PBXFileReference; fileEncoding = 4; lastKnownFileType = sourcecode.swift; path = PhotosPickerFilter.swift; sourceTree = "<group>"; };
		4599415226BBF6780039BF8F /* CustomPickerUploadController.swift */ = {isa = PBXFileReference; lastKnownFileType = sourcecode.swift; path = CustomPickerUploadController.swift; sourceTree = "<group>"; };
		45A2497426BC3A4B0078785D /* SourceProvider.swift */ = {isa = PBXFileReference; lastKnownFileType = sourcecode.swift; path = SourceProvider.swift; sourceTree = "<group>"; };
		45A2497626BC3A5E0078785D /* SourceProviderDelegate.swift */ = {isa = PBXFileReference; lastKnownFileType = sourcecode.swift; path = SourceProviderDelegate.swift; sourceTree = "<group>"; };
		45BFF67A23290B1E00944028 /* Filestack.podspec */ = {isa = PBXFileReference; fileEncoding = 4; lastKnownFileType = text; path = Filestack.podspec; sourceTree = "<group>"; xcLanguageSpecificationIdentifier = xcode.lang.ruby; };
		45BFF67B23290B1E00944028 /* LICENSE */ = {isa = PBXFileReference; fileEncoding = 4; lastKnownFileType = text; path = LICENSE; sourceTree = "<group>"; };
		45BFF67C23290B1F00944028 /* CHANGELOG.md */ = {isa = PBXFileReference; fileEncoding = 4; lastKnownFileType = net.daringfireball.markdown; path = CHANGELOG.md; sourceTree = "<group>"; };
		45BFF67D23290B1F00944028 /* VERSION */ = {isa = PBXFileReference; fileEncoding = 4; lastKnownFileType = text; path = VERSION; sourceTree = "<group>"; };
		45CF056625D5744E0090966A /* PickerBehavior.swift */ = {isa = PBXFileReference; lastKnownFileType = sourcecode.swift; path = PickerBehavior.swift; sourceTree = "<group>"; };
/* End PBXFileReference section */

/* Begin PBXFrameworksBuildPhase section */
		457084FB1F975C6C00991340 /* Frameworks */ = {
			isa = PBXFrameworksBuildPhase;
			buildActionMask = 2147483647;
			files = (
				45DEA73526BD28CE00BF6452 /* FilestackSDK in Frameworks */,
				458DE82E25CAEF5F00A39149 /* ZIPFoundation in Frameworks */,
			);
			runOnlyForDeploymentPostprocessing = 0;
		};
/* End PBXFrameworksBuildPhase section */

/* Begin PBXGroup section */
		4540BA992535CF860053CDBB /* Sources */ = {
			isa = PBXGroup;
			children = (
				4540BA9A2535CF860053CDBB /* Filestack */,
			);
			path = Sources;
			sourceTree = "<group>";
		};
		4540BA9A2535CF860053CDBB /* Filestack */ = {
			isa = PBXGroup;
			children = (
				4540BB1E2535CF860053CDBB /* Filestack.h */,
				4540BB312535CF860053CDBB /* Info.plist */,
				4540BAF22535CF860053CDBB /* Internal */,
				4540BB1F2535CF860053CDBB /* Public */,
				4540BAED2535CF860053CDBB /* Resources */,
				4540BA9B2535CF860053CDBB /* UI */,
			);
			path = Filestack;
			sourceTree = "<group>";
		};
		4540BA9B2535CF860053CDBB /* UI */ = {
			isa = PBXGroup;
			children = (
				4540BA9C2535CF860053CDBB /* Internal */,
				4540BAE22535CF860053CDBB /* Public */,
			);
			path = UI;
			sourceTree = "<group>";
		};
		4540BA9C2535CF860053CDBB /* Internal */ = {
			isa = PBXGroup;
			children = (
				4540BADA2535CF860053CDBB /* Collection View Cells */,
				4540BAB82535CF860053CDBB /* Controllers */,
				4540BAAA2535CF860053CDBB /* Enums */,
				4540BAB02535CF860053CDBB /* Extensions */,
				4540BAAC2535CF860053CDBB /* FlowLayouts */,
				4540BAAE2535CF860053CDBB /* Models */,
				4540BAC02535CF860053CDBB /* PhotoEditor */,
				4540BAA02535CF860053CDBB /* PhotoPicker */,
				4540BADD2535CF860053CDBB /* Protocols */,
				4540BA9D2535CF860053CDBB /* Scenes */,
				4540BAB52535CF860053CDBB /* Table View Cells */,
			);
			path = Internal;
			sourceTree = "<group>";
		};
		4540BA9D2535CF860053CDBB /* Scenes */ = {
			isa = PBXGroup;
			children = (
				4540BA9E2535CF860053CDBB /* CloudSourceBarTabScene.swift */,
				4540BA9F2535CF860053CDBB /* PickerNavigationScene.swift */,
			);
			path = Scenes;
			sourceTree = "<group>";
		};
		4540BAA02535CF860053CDBB /* PhotoPicker */ = {
			isa = PBXGroup;
			children = (
				4540BAA92535CF860053CDBB /* PhotoAlbumRepository.swift */,
				4540BAA12535CF860053CDBB /* PhotoPickerController.swift */,
				4540BAA52535CF860053CDBB /* PhotosExtensions.swift */,
				4540BAA62535CF860053CDBB /* AlbumList */,
				4540BAA22535CF860053CDBB /* AssetCollection */,
			);
			path = PhotoPicker;
			sourceTree = "<group>";
		};
		4540BAA22535CF860053CDBB /* AssetCollection */ = {
			isa = PBXGroup;
			children = (
				4540BAA32535CF860053CDBB /* AssetCell.swift */,
				4540BAA42535CF860053CDBB /* AssetCollectionViewController.swift */,
			);
			path = AssetCollection;
			sourceTree = "<group>";
		};
		4540BAA62535CF860053CDBB /* AlbumList */ = {
			isa = PBXGroup;
			children = (
				4540BAA82535CF860053CDBB /* AlbumCell.swift */,
				4540BAA72535CF860053CDBB /* AlbumListViewController.swift */,
			);
			path = AlbumList;
			sourceTree = "<group>";
		};
		4540BAAA2535CF860053CDBB /* Enums */ = {
			isa = PBXGroup;
			children = (
				4540BAAB2535CF860053CDBB /* CloudSourceViewType.swift */,
			);
			path = Enums;
			sourceTree = "<group>";
		};
		4540BAAC2535CF860053CDBB /* FlowLayouts */ = {
			isa = PBXGroup;
			children = (
				4540BAAD2535CF860053CDBB /* CollectionViewFlowLayout.swift */,
			);
			path = FlowLayouts;
			sourceTree = "<group>";
		};
		4540BAAE2535CF860053CDBB /* Models */ = {
			isa = PBXGroup;
			children = (
				4540BAAF2535CF860053CDBB /* CloudItem.swift */,
			);
			path = Models;
			sourceTree = "<group>";
		};
		4540BAB02535CF860053CDBB /* Extensions */ = {
			isa = PBXGroup;
			children = (
				4540BAB32535CF860053CDBB /* Scene+Defaults.swift */,
				4540BAB22535CF860053CDBB /* Storyboard+Scenes.swift */,
				4540BAB42535CF860053CDBB /* UIImage+Squared.swift */,
				4540BAB12535CF860053CDBB /* UserDefaults+State.swift */,
			);
			path = Extensions;
			sourceTree = "<group>";
		};
		4540BAB52535CF860053CDBB /* Table View Cells */ = {
			isa = PBXGroup;
			children = (
				4540BAB62535CF860053CDBB /* ActivityIndicatorTableViewCell.swift */,
				4540BAB72535CF860053CDBB /* CloudItemTableViewCell.swift */,
			);
			path = "Table View Cells";
			sourceTree = "<group>";
		};
		4540BAB82535CF860053CDBB /* Controllers */ = {
			isa = PBXGroup;
			children = (
				4540BABF2535CF860053CDBB /* CloudSourceCollectionViewController.swift */,
				4540BABE2535CF860053CDBB /* CloudSourceTabBarController.swift */,
				4540BABC2535CF860053CDBB /* CloudSourceTableViewController.swift */,
				4599415226BBF6780039BF8F /* CustomPickerUploadController.swift */,
				4540BAB92535CF860053CDBB /* DocumentPickerUploadController.swift */,
				4540BABD2535CF860053CDBB /* ImagePickerUploadController.swift */,
				4540BABA2535CF860053CDBB /* MonitorViewController.swift */,
				4540BABB2535CF860053CDBB /* SourceTableViewController.swift */,
				456B743726BC2FD3008F434F /* URLPickerUploadController.swift */,
			);
			path = Controllers;
			sourceTree = "<group>";
		};
		4540BAC02535CF860053CDBB /* PhotoEditor */ = {
			isa = PBXGroup;
			children = (
				4540BAC12535CF860053CDBB /* EditionController */,
				4540BAD32535CF860053CDBB /* SelectionList */,
			);
			path = PhotoEditor;
			sourceTree = "<group>";
		};
		4540BAC12535CF860053CDBB /* EditionController */ = {
			isa = PBXGroup;
			children = (
				4540BAC22535CF860053CDBB /* EditorToolbar.swift */,
				4540BAC82535CF860053CDBB /* ImageEditor.swift */,
				4540BAC62535CF860053CDBB /* Enums */,
				4540BAD02535CF860053CDBB /* Handlers */,
				4540BAC32535CF860053CDBB /* Layers */,
				4540BAC92535CF860053CDBB /* ViewController */,
				4540BACE2535CF860053CDBB /* Views */,
			);
			path = EditionController;
			sourceTree = "<group>";
		};
		4540BAC32535CF860053CDBB /* Layers */ = {
			isa = PBXGroup;
			children = (
				4540BAC52535CF860053CDBB /* CircleLayer.swift */,
				4540BAC42535CF860053CDBB /* CropLayer.swift */,
			);
			path = Layers;
			sourceTree = "<group>";
		};
		4540BAC62535CF860053CDBB /* Enums */ = {
			isa = PBXGroup;
			children = (
				4540BAC72535CF860053CDBB /* ImageEditorCommand.swift */,
			);
			path = Enums;
			sourceTree = "<group>";
		};
		4540BAC92535CF860053CDBB /* ViewController */ = {
			isa = PBXGroup;
			children = (
				4540BACC2535CF860053CDBB /* EditorViewController.swift */,
				4540BACD2535CF860053CDBB /* EditorViewController+EditDataSource.swift */,
				4540BACA2535CF860053CDBB /* EditorViewController+ToolbarDelegate.swift */,
				4540BACB2535CF860053CDBB /* EditorViewController+ViewSetup.swift */,
			);
			path = ViewController;
			sourceTree = "<group>";
		};
		4540BACE2535CF860053CDBB /* Views */ = {
			isa = PBXGroup;
			children = (
				4540BACF2535CF860053CDBB /* ImageEditorView.swift */,
			);
			path = Views;
			sourceTree = "<group>";
		};
		4540BAD02535CF860053CDBB /* Handlers */ = {
			isa = PBXGroup;
			children = (
				4540BAD22535CF860053CDBB /* CircleGesturesHandler.swift */,
				4540BAD12535CF860053CDBB /* CropGesturesHandler.swift */,
			);
			path = Handlers;
			sourceTree = "<group>";
		};
		4540BAD32535CF860053CDBB /* SelectionList */ = {
			isa = PBXGroup;
			children = (
				4540BAD52535CF860053CDBB /* SelectableElement.swift */,
				4540BAD62535CF860053CDBB /* SelectionCell.swift */,
				4540BAD72535CF860053CDBB /* SelectionListViewController.swift */,
				4540BAD92535CF860053CDBB /* SelectionListViewController+FlowLayout.swift */,
				4540BAD82535CF860053CDBB /* SelectionListViewController+UICollectionView.swift */,
				4540BAD42535CF860053CDBB /* Uploadable.swift */,
			);
			path = SelectionList;
			sourceTree = "<group>";
		};
		4540BADA2535CF860053CDBB /* Collection View Cells */ = {
			isa = PBXGroup;
			children = (
				4540BADB2535CF860053CDBB /* ActivityIndicatorCollectionViewCell.swift */,
				4540BADC2535CF860053CDBB /* CloudItemCollectionViewCell.swift */,
			);
			path = "Collection View Cells";
			sourceTree = "<group>";
		};
		4540BADD2535CF860053CDBB /* Protocols */ = {
			isa = PBXGroup;
			children = (
				4540BAE12535CF860053CDBB /* CellDescriptibleSource.swift */,
				4540BADF2535CF860053CDBB /* CloudSourceDataSource.swift */,
				4540BAE02535CF860053CDBB /* CloudSourceDataSourceConsumer.swift */,
				4540BADE2535CF860053CDBB /* Scene.swift */,
			);
			path = Protocols;
			sourceTree = "<group>";
		};
		4540BAE22535CF860053CDBB /* Public */ = {
			isa = PBXGroup;
			children = (
				4540BAE92535CF860053CDBB /* Controllers */,
				4540BAE32535CF860053CDBB /* Enums */,
				4540BAE52535CF860053CDBB /* Models */,
				4540BAEB2535CF860053CDBB /* Protocols */,
			);
			path = Public;
			sourceTree = "<group>";
		};
		4540BAE32535CF860053CDBB /* Enums */ = {
			isa = PBXGroup;
			children = (
				4540BAE42535CF860053CDBB /* LocalProvider.swift */,
			);
			path = Enums;
			sourceTree = "<group>";
		};
		4540BAE52535CF860053CDBB /* Models */ = {
			isa = PBXGroup;
			children = (
				4540BAE82535CF860053CDBB /* CloudSource.swift */,
				4540BAE62535CF860053CDBB /* LocalSource.swift */,
				4540BAE72535CF860053CDBB /* Stylizer.swift */,
			);
			path = Models;
			sourceTree = "<group>";
		};
		4540BAE92535CF860053CDBB /* Controllers */ = {
			isa = PBXGroup;
			children = (
				4540BAEA2535CF860053CDBB /* PickerNavigationController.swift */,
			);
			path = Controllers;
			sourceTree = "<group>";
		};
		4540BAEB2535CF860053CDBB /* Protocols */ = {
			isa = PBXGroup;
			children = (
				45A2497426BC3A4B0078785D /* SourceProvider.swift */,
				45A2497626BC3A5E0078785D /* SourceProviderDelegate.swift */,
				4540BAEC2535CF860053CDBB /* StylizerDelegate.swift */,
			);
			path = Protocols;
			sourceTree = "<group>";
		};
		4540BAED2535CF860053CDBB /* Resources */ = {
			isa = PBXGroup;
			children = (
				4540BAF02535CF860053CDBB /* PhotoPicker.storyboard */,
				4540BAF12535CF860053CDBB /* Picker.storyboard */,
				4540BAEE2535CF860053CDBB /* Colors.xcassets */,
				4540BAEF2535CF860053CDBB /* Icons.xcassets */,
			);
			path = Resources;
			sourceTree = "<group>";
		};
		4540BAF22535CF860053CDBB /* Internal */ = {
			isa = PBXGroup;
			children = (
				45453E8C2535E3540090F78D /* Bundle.swift */,
				4540BAF32535CF860053CDBB /* Constants.swift */,
				4540BAF42535CF860053CDBB /* TrackingProgress.swift */,
				4540BAF92535CF860053CDBB /* Extensions */,
				4540BB172535CF860053CDBB /* Extractors */,
				4540BAF52535CF860053CDBB /* Formatters */,
				4540BAF72535CF860053CDBB /* Operations */,
				4540BB1A2535CF860053CDBB /* Protocols */,
				4540BB122535CF860053CDBB /* Requests */,
				4540BB1C2535CF860053CDBB /* Services */,
			);
			path = Internal;
			sourceTree = "<group>";
		};
		4540BAF52535CF860053CDBB /* Formatters */ = {
			isa = PBXGroup;
			children = (
				4540BAF62535CF860053CDBB /* DurationNumberFormatter.swift */,
			);
			path = Formatters;
			sourceTree = "<group>";
		};
		4540BAF72535CF860053CDBB /* Operations */ = {
			isa = PBXGroup;
			children = (
				4540BAF82535CF860053CDBB /* AssetURLExtractorOperation.swift */,
			);
			path = Operations;
			sourceTree = "<group>";
		};
		4540BAF92535CF860053CDBB /* Extensions */ = {
			isa = PBXGroup;
			children = (
				4540BB092535CF860053CDBB /* Array+SafeIndex.swift */,
				4540BAFA2535CF860053CDBB /* AVAsset+Export.swift */,
				4540BB052535CF860053CDBB /* Data+JSON.swift */,
				4540BB012535CF860053CDBB /* ImageURLExportPreset+asImagePickerControllerImageURLExportPreset.swift */,
				4540BAFE2535CF860053CDBB /* Math+Clamp.swift */,
				4540BAFF2535CF860053CDBB /* String+UTI.swift */,
				4540BAFB2535CF860053CDBB /* UICollectionView+Reusable.swift */,
				4540BB062535CF860053CDBB /* UIColor+Bundle.swift */,
				4540BAFC2535CF860053CDBB /* UIColor+Predefined.swift */,
				4540BB002535CF860053CDBB /* UIImage+Bundle.swift */,
				4540BB102535CF860053CDBB /* UIImage+Export.swift */,
				4540BB032535CF860053CDBB /* UIImage+HEIC.swift */,
				4540BB082535CF860053CDBB /* UIImage+Resized.swift */,
				4540BB112535CF860053CDBB /* UIImage+Write.swift */,
				4540BB042535CF860053CDBB /* UIView+Constraints.swift */,
				4540BB022535CF860053CDBB /* URL+Copy.swift */,
				4540BB072535CF860053CDBB /* URL+IsDirectory.swift */,
				4581FF54253869260019B70F /* URL+Move.swift */,
				4540BAFD2535CF860053CDBB /* URLSession+FilestackDefault.swift */,
				4540BB0A2535CF860053CDBB /* ImageEdition */,
			);
			path = Extensions;
			sourceTree = "<group>";
		};
		4540BB0A2535CF860053CDBB /* ImageEdition */ = {
			isa = PBXGroup;
			children = (
				4540BB0B2535CF860053CDBB /* UIImage+CIImageTransformations.swift */,
				4540BB0C2535CF860053CDBB /* UIImage+Sanitize.swift */,
				4540BB0D2535CF860053CDBB /* UIImage+Rect.swift */,
				4540BB0E2535CF860053CDBB /* CGRect+Scale.swift */,
				4540BB0F2535CF860053CDBB /* CGPoint+Distance.swift */,
			);
			path = ImageEdition;
			sourceTree = "<group>";
		};
		4540BB122535CF860053CDBB /* Requests */ = {
			isa = PBXGroup;
			children = (
				4540BB132535CF860053CDBB /* LogoutRequest.swift */,
				4540BB142535CF860053CDBB /* StoreRequest.swift */,
				4540BB152535CF860053CDBB /* FolderListRequest.swift */,
				4540BB162535CF860053CDBB /* PrefetchRequest.swift */,
			);
			path = Requests;
			sourceTree = "<group>";
		};
		4540BB172535CF860053CDBB /* Extractors */ = {
			isa = PBXGroup;
			children = (
				4540BB182535CF860053CDBB /* UploadableExtractor.swift */,
				4540BB192535CF860053CDBB /* URLExtractor.swift */,
			);
			path = Extractors;
			sourceTree = "<group>";
		};
		4540BB1A2535CF860053CDBB /* Protocols */ = {
			isa = PBXGroup;
			children = (
				4540BB1B2535CF860053CDBB /* CloudRequest.swift */,
			);
			path = Protocols;
			sourceTree = "<group>";
		};
		4540BB1C2535CF860053CDBB /* Services */ = {
			isa = PBXGroup;
			children = (
				4540BB1D2535CF860053CDBB /* CloudService.swift */,
			);
			path = Services;
			sourceTree = "<group>";
		};
		4540BB1F2535CF860053CDBB /* Public */ = {
			isa = PBXGroup;
			children = (
				4540BB202535CF860053CDBB /* CompletionHandlers.swift */,
				4540BB212535CF860053CDBB /* Enums */,
				4540BB2E2535CF860053CDBB /* Extensions */,
				4540BB2B2535CF860053CDBB /* Models */,
				4540BB252535CF860053CDBB /* Responses */,
			);
			path = Public;
			sourceTree = "<group>";
		};
		4540BB212535CF860053CDBB /* Enums */ = {
			isa = PBXGroup;
			children = (
				4540BB242535CF860053CDBB /* ClientError.swift */,
				4540BB222535CF860053CDBB /* CloudProvider.swift */,
				4540BB232535CF860053CDBB /* ImageURLExportPreset.swift */,
				4581FF5C25388EBD0019B70F /* PhotosPickerFilter.swift */,
				45CF056625D5744E0090966A /* PickerBehavior.swift */,
			);
			path = Enums;
			sourceTree = "<group>";
		};
		4540BB252535CF860053CDBB /* Responses */ = {
			isa = PBXGroup;
			children = (
				4540BB272535CF860053CDBB /* CloudResponse.swift */,
				4540BB282535CF860053CDBB /* FolderListResponse.swift */,
				4540BB262535CF860053CDBB /* LogoutResponse.swift */,
				4540BB292535CF860053CDBB /* PrefetchResponse.swift */,
				4540BB2A2535CF860053CDBB /* StoreResponse.swift */,
			);
			path = Responses;
			sourceTree = "<group>";
		};
		4540BB2B2535CF860053CDBB /* Models */ = {
			isa = PBXGroup;
			children = (
				4540BB2D2535CF860053CDBB /* Client.swift */,
				4540BB2C2535CF860053CDBB /* Config.swift */,
			);
			path = Models;
			sourceTree = "<group>";
		};
		4540BB2E2535CF860053CDBB /* Extensions */ = {
			isa = PBXGroup;
			children = (
				4540BB302535CF860053CDBB /* Client+Deprecated.swift */,
				4540BB2F2535CF860053CDBB /* Client+ObjC.swift */,
			);
			path = Extensions;
			sourceTree = "<group>";
		};
		45690CFA22A6761300285F62 /* Frameworks */ = {
			isa = PBXGroup;
			children = (
			);
			name = Frameworks;
			sourceTree = "<group>";
		};
		457084F51F975C6B00991340 = {
			isa = PBXGroup;
			children = (
				45BFF67B23290B1E00944028 /* LICENSE */,
				45BFF67D23290B1F00944028 /* VERSION */,
				45BFF67C23290B1F00944028 /* CHANGELOG.md */,
				4518BDF51FC6DE0400FB7D9D /* README.md */,
				45BFF67A23290B1E00944028 /* Filestack.podspec */,
				45690CFA22A6761300285F62 /* Frameworks */,
				457085001F975C6C00991340 /* Products */,
				4540BA992535CF860053CDBB /* Sources */,
			);
			sourceTree = "<group>";
		};
		457085001F975C6C00991340 /* Products */ = {
			isa = PBXGroup;
			children = (
				457084FF1F975C6C00991340 /* Filestack.framework */,
			);
			name = Products;
			sourceTree = "<group>";
		};
/* End PBXGroup section */

/* Begin PBXHeadersBuildPhase section */
		457084FC1F975C6C00991340 /* Headers */ = {
			isa = PBXHeadersBuildPhase;
			buildActionMask = 2147483647;
			files = (
				4540BB902535CF860053CDBB /* Filestack.h in Headers */,
			);
			runOnlyForDeploymentPostprocessing = 0;
		};
/* End PBXHeadersBuildPhase section */

/* Begin PBXNativeTarget section */
		457084FE1F975C6C00991340 /* Filestack */ = {
			isa = PBXNativeTarget;
			buildConfigurationList = 457085131F975C6C00991340 /* Build configuration list for PBXNativeTarget "Filestack" */;
			buildPhases = (
				457084FA1F975C6C00991340 /* Sources */,
				457084FB1F975C6C00991340 /* Frameworks */,
				457084FC1F975C6C00991340 /* Headers */,
				457084FD1F975C6C00991340 /* Resources */,
				452B6ADB1FA89A4F00FFD490 /* Set Version and Build Number */,
				4577A46E25BB01CF00A2CEB9 /* Embed Frameworks */,
			);
			buildRules = (
			);
			dependencies = (
			);
			name = Filestack;
			packageProductDependencies = (
				458DE82D25CAEF5F00A39149 /* ZIPFoundation */,
				45DEA73426BD28CE00BF6452 /* FilestackSDK */,
			);
			productName = Filestack;
			productReference = 457084FF1F975C6C00991340 /* Filestack.framework */;
			productType = "com.apple.product-type.framework";
		};
/* End PBXNativeTarget section */

/* Begin PBXProject section */
		457084F61F975C6B00991340 /* Project object */ = {
			isa = PBXProject;
			attributes = {
				LastSwiftUpdateCheck = 0900;
				LastUpgradeCheck = 1300;
				ORGANIZATIONNAME = Filestack;
				TargetAttributes = {
					457084FE1F975C6C00991340 = {
						CreatedOnToolsVersion = 9.0.1;
						LastSwiftMigration = 1100;
						ProvisioningStyle = Automatic;
					};
				};
			};
			buildConfigurationList = 457084F91F975C6B00991340 /* Build configuration list for PBXProject "Filestack" */;
			compatibilityVersion = "Xcode 8.0";
			developmentRegion = en;
			hasScannedForEncodings = 0;
			knownRegions = (
				en,
				Base,
			);
			mainGroup = 457084F51F975C6B00991340;
			packageReferences = (
				4564B91A2535B4670045A3C7 /* XCRemoteSwiftPackageReference "OHHTTPStubs" */,
				458DE82C25CAEF5F00A39149 /* XCRemoteSwiftPackageReference "ZIPFoundation" */,
				45DEA73326BD28CE00BF6452 /* XCRemoteSwiftPackageReference "filestack-swift" */,
			);
			productRefGroup = 457085001F975C6C00991340 /* Products */;
			projectDirPath = "";
			projectRoot = "";
			targets = (
				457084FE1F975C6C00991340 /* Filestack */,
			);
		};
/* End PBXProject section */

/* Begin PBXResourcesBuildPhase section */
		457084FD1F975C6C00991340 /* Resources */ = {
			isa = PBXResourcesBuildPhase;
			buildActionMask = 2147483647;
			files = (
				4540BB6A2535CF860053CDBB /* Icons.xcassets in Resources */,
				4540BB692535CF860053CDBB /* Colors.xcassets in Resources */,
				4540BB6C2535CF860053CDBB /* Picker.storyboard in Resources */,
				4540BB6B2535CF860053CDBB /* PhotoPicker.storyboard in Resources */,
			);
			runOnlyForDeploymentPostprocessing = 0;
		};
/* End PBXResourcesBuildPhase section */

/* Begin PBXShellScriptBuildPhase section */
		452B6ADB1FA89A4F00FFD490 /* Set Version and Build Number */ = {
			isa = PBXShellScriptBuildPhase;
			buildActionMask = 2147483647;
			files = (
			);
			inputPaths = (
			);
			name = "Set Version and Build Number";
			outputPaths = (
			);
			runOnlyForDeploymentPostprocessing = 0;
			shellPath = /bin/sh;
			shellScript = "$SRCROOT/bin/set-buildnumber.sh\n$SRCROOT/bin/set-version.sh\n";
		};
/* End PBXShellScriptBuildPhase section */

/* Begin PBXSourcesBuildPhase section */
		457084FA1F975C6C00991340 /* Sources */ = {
			isa = PBXSourcesBuildPhase;
			buildActionMask = 2147483647;
			files = (
				4540BB4B2535CF860053CDBB /* EditorToolbar.swift in Sources */,
				45453E8D2535E3540090F78D /* Bundle.swift in Sources */,
				4540BB5D2535CF860053CDBB /* ActivityIndicatorCollectionViewCell.swift in Sources */,
				4540BB422535CF860053CDBB /* ActivityIndicatorTableViewCell.swift in Sources */,
				4581FF55253869260019B70F /* URL+Move.swift in Sources */,
				4540BB872535CF860053CDBB /* UIImage+Write.swift in Sources */,
				4540BB8B2535CF860053CDBB /* PrefetchRequest.swift in Sources */,
				4540BB832535CF860053CDBB /* UIImage+Rect.swift in Sources */,
				4540BB3D2535CF860053CDBB /* CloudItem.swift in Sources */,
				4540BB602535CF860053CDBB /* CloudSourceDataSource.swift in Sources */,
				4540BB482535CF860053CDBB /* ImagePickerUploadController.swift in Sources */,
				4540BB942535CF860053CDBB /* ClientError.swift in Sources */,
				4540BB532535CF860053CDBB /* EditorViewController+EditDataSource.swift in Sources */,
				4540BB802535CF860053CDBB /* Array+SafeIndex.swift in Sources */,
				4540BB522535CF860053CDBB /* EditorViewController.swift in Sources */,
				4540BB412535CF860053CDBB /* UIImage+Squared.swift in Sources */,
				4540BB7A2535CF860053CDBB /* UIImage+HEIC.swift in Sources */,
				4540BB772535CF860053CDBB /* UIImage+Bundle.swift in Sources */,
				4540BB662535CF860053CDBB /* CloudSource.swift in Sources */,
				4540BB492535CF860053CDBB /* CloudSourceTabBarController.swift in Sources */,
				4540BB8F2535CF860053CDBB /* CloudService.swift in Sources */,
				4540BB952535CF860053CDBB /* LogoutResponse.swift in Sources */,
				4540BB572535CF860053CDBB /* Uploadable.swift in Sources */,
				4540BB8C2535CF860053CDBB /* UploadableExtractor.swift in Sources */,
				4540BB932535CF860053CDBB /* ImageURLExportPreset.swift in Sources */,
				45A2497526BC3A4B0078785D /* SourceProvider.swift in Sources */,
				4540BB912535CF860053CDBB /* CompletionHandlers.swift in Sources */,
				4540BB4A2535CF860053CDBB /* CloudSourceCollectionViewController.swift in Sources */,
				4540BB882535CF860053CDBB /* LogoutRequest.swift in Sources */,
				4540BB752535CF860053CDBB /* Math+Clamp.swift in Sources */,
				4540BB632535CF860053CDBB /* LocalProvider.swift in Sources */,
				4540BB7B2535CF860053CDBB /* UIView+Constraints.swift in Sources */,
				4540BB8A2535CF860053CDBB /* FolderListRequest.swift in Sources */,
				4540BB442535CF860053CDBB /* DocumentPickerUploadController.swift in Sources */,
				4540BB3E2535CF860053CDBB /* UserDefaults+State.swift in Sources */,
				4540BB842535CF860053CDBB /* CGRect+Scale.swift in Sources */,
				4540BB9D2535CF860053CDBB /* Client+Deprecated.swift in Sources */,
				4540BB742535CF860053CDBB /* URLSession+FilestackDefault.swift in Sources */,
				4540BB6E2535CF860053CDBB /* TrackingProgress.swift in Sources */,
				4540BB782535CF860053CDBB /* ImageURLExportPreset+asImagePickerControllerImageURLExportPreset.swift in Sources */,
				4540BB592535CF860053CDBB /* SelectionCell.swift in Sources */,
				4540BB9A2535CF860053CDBB /* Config.swift in Sources */,
				4540BB372535CF860053CDBB /* PhotosExtensions.swift in Sources */,
				4540BB9B2535CF860053CDBB /* Client.swift in Sources */,
				4540BB3A2535CF860053CDBB /* PhotoAlbumRepository.swift in Sources */,
				4540BB822535CF860053CDBB /* UIImage+Sanitize.swift in Sources */,
				4540BB4D2535CF860053CDBB /* CircleLayer.swift in Sources */,
				4540BB5B2535CF860053CDBB /* SelectionListViewController+UICollectionView.swift in Sources */,
				4540BB8E2535CF860053CDBB /* CloudRequest.swift in Sources */,
				4540BB382535CF860053CDBB /* AlbumListViewController.swift in Sources */,
				4540BB5A2535CF860053CDBB /* SelectionListViewController.swift in Sources */,
				4540BB5F2535CF860053CDBB /* Scene.swift in Sources */,
				4540BB7C2535CF860053CDBB /* Data+JSON.swift in Sources */,
				4540BB622535CF860053CDBB /* CellDescriptibleSource.swift in Sources */,
				45CF056725D5744E0090966A /* PickerBehavior.swift in Sources */,
				4540BB472535CF860053CDBB /* CloudSourceTableViewController.swift in Sources */,
				4540BB552535CF860053CDBB /* CropGesturesHandler.swift in Sources */,
				4540BB9C2535CF860053CDBB /* Client+ObjC.swift in Sources */,
				4540BB4E2535CF860053CDBB /* ImageEditorCommand.swift in Sources */,
				4540BB6F2535CF860053CDBB /* DurationNumberFormatter.swift in Sources */,
				4540BB5C2535CF860053CDBB /* SelectionListViewController+FlowLayout.swift in Sources */,
				4540BB862535CF860053CDBB /* UIImage+Export.swift in Sources */,
				4540BB342535CF860053CDBB /* PhotoPickerController.swift in Sources */,
				4540BB852535CF860053CDBB /* CGPoint+Distance.swift in Sources */,
				4540BB5E2535CF860053CDBB /* CloudItemCollectionViewCell.swift in Sources */,
				4540BB392535CF860053CDBB /* AlbumCell.swift in Sources */,
				4540BB792535CF860053CDBB /* URL+Copy.swift in Sources */,
				4540BB7F2535CF860053CDBB /* UIImage+Resized.swift in Sources */,
				4540BB502535CF860053CDBB /* EditorViewController+ToolbarDelegate.swift in Sources */,
				4540BB7E2535CF860053CDBB /* URL+IsDirectory.swift in Sources */,
				4540BB762535CF860053CDBB /* String+UTI.swift in Sources */,
				4540BB332535CF860053CDBB /* PickerNavigationScene.swift in Sources */,
				4540BB682535CF860053CDBB /* StylizerDelegate.swift in Sources */,
				4540BB402535CF860053CDBB /* Scene+Defaults.swift in Sources */,
				4540BB722535CF860053CDBB /* UICollectionView+Reusable.swift in Sources */,
				4540BB922535CF860053CDBB /* CloudProvider.swift in Sources */,
				4540BB352535CF860053CDBB /* AssetCell.swift in Sources */,
				4540BB812535CF860053CDBB /* UIImage+CIImageTransformations.swift in Sources */,
				4540BB4C2535CF860053CDBB /* CropLayer.swift in Sources */,
				4540BB452535CF860053CDBB /* MonitorViewController.swift in Sources */,
				4540BB6D2535CF860053CDBB /* Constants.swift in Sources */,
				4540BB432535CF860053CDBB /* CloudItemTableViewCell.swift in Sources */,
				4540BB3C2535CF860053CDBB /* CollectionViewFlowLayout.swift in Sources */,
				4540BB612535CF860053CDBB /* CloudSourceDataSourceConsumer.swift in Sources */,
				4540BB562535CF860053CDBB /* CircleGesturesHandler.swift in Sources */,
				4540BB972535CF860053CDBB /* FolderListResponse.swift in Sources */,
				4581FF5D25388EBD0019B70F /* PhotosPickerFilter.swift in Sources */,
				45A2497726BC3A5E0078785D /* SourceProviderDelegate.swift in Sources */,
				4540BB892535CF860053CDBB /* StoreRequest.swift in Sources */,
				4599415326BBF6790039BF8F /* CustomPickerUploadController.swift in Sources */,
				4540BB992535CF860053CDBB /* StoreResponse.swift in Sources */,
				4540BB4F2535CF860053CDBB /* ImageEditor.swift in Sources */,
				4540BB322535CF860053CDBB /* CloudSourceBarTabScene.swift in Sources */,
				4540BB702535CF860053CDBB /* AssetURLExtractorOperation.swift in Sources */,
				4540BB652535CF860053CDBB /* Stylizer.swift in Sources */,
				4540BB642535CF860053CDBB /* LocalSource.swift in Sources */,
				4540BB712535CF860053CDBB /* AVAsset+Export.swift in Sources */,
				4540BB962535CF860053CDBB /* CloudResponse.swift in Sources */,
				4540BB582535CF860053CDBB /* SelectableElement.swift in Sources */,
				4540BB542535CF860053CDBB /* ImageEditorView.swift in Sources */,
				4540BB672535CF860053CDBB /* PickerNavigationController.swift in Sources */,
				4540BB982535CF860053CDBB /* PrefetchResponse.swift in Sources */,
				4540BB7D2535CF860053CDBB /* UIColor+Bundle.swift in Sources */,
				456B743826BC2FD3008F434F /* URLPickerUploadController.swift in Sources */,
				4540BB462535CF860053CDBB /* SourceTableViewController.swift in Sources */,
				4540BB732535CF860053CDBB /* UIColor+Predefined.swift in Sources */,
				4540BB512535CF860053CDBB /* EditorViewController+ViewSetup.swift in Sources */,
				4540BB8D2535CF860053CDBB /* URLExtractor.swift in Sources */,
				4540BB362535CF860053CDBB /* AssetCollectionViewController.swift in Sources */,
				4540BB3B2535CF860053CDBB /* CloudSourceViewType.swift in Sources */,
				4540BB3F2535CF860053CDBB /* Storyboard+Scenes.swift in Sources */,
			);
			runOnlyForDeploymentPostprocessing = 0;
		};
/* End PBXSourcesBuildPhase section */

/* Begin XCBuildConfiguration section */
		457085111F975C6C00991340 /* Debug */ = {
			isa = XCBuildConfiguration;
			buildSettings = {
				ALWAYS_SEARCH_USER_PATHS = NO;
				CLANG_ANALYZER_NONNULL = YES;
				CLANG_ANALYZER_NUMBER_OBJECT_CONVERSION = YES_AGGRESSIVE;
				CLANG_CXX_LANGUAGE_STANDARD = "gnu++14";
				CLANG_CXX_LIBRARY = "libc++";
				CLANG_ENABLE_MODULES = YES;
				CLANG_ENABLE_OBJC_ARC = YES;
				CLANG_WARN_BLOCK_CAPTURE_AUTORELEASING = YES;
				CLANG_WARN_BOOL_CONVERSION = YES;
				CLANG_WARN_COMMA = YES;
				CLANG_WARN_CONSTANT_CONVERSION = YES;
				CLANG_WARN_DEPRECATED_OBJC_IMPLEMENTATIONS = YES;
				CLANG_WARN_DIRECT_OBJC_ISA_USAGE = YES_ERROR;
				CLANG_WARN_DOCUMENTATION_COMMENTS = YES;
				CLANG_WARN_EMPTY_BODY = YES;
				CLANG_WARN_ENUM_CONVERSION = YES;
				CLANG_WARN_INFINITE_RECURSION = YES;
				CLANG_WARN_INT_CONVERSION = YES;
				CLANG_WARN_NON_LITERAL_NULL_CONVERSION = YES;
				CLANG_WARN_OBJC_IMPLICIT_RETAIN_SELF = YES;
				CLANG_WARN_OBJC_LITERAL_CONVERSION = YES;
				CLANG_WARN_OBJC_ROOT_CLASS = YES_ERROR;
				CLANG_WARN_QUOTED_INCLUDE_IN_FRAMEWORK_HEADER = YES;
				CLANG_WARN_RANGE_LOOP_ANALYSIS = YES;
				CLANG_WARN_STRICT_PROTOTYPES = YES;
				CLANG_WARN_SUSPICIOUS_MOVE = YES;
				CLANG_WARN_UNGUARDED_AVAILABILITY = YES_AGGRESSIVE;
				CLANG_WARN_UNREACHABLE_CODE = YES;
				CLANG_WARN__DUPLICATE_METHOD_MATCH = YES;
				CODE_SIGN_IDENTITY = "iPhone Developer";
				COPY_PHASE_STRIP = NO;
				CURRENT_PROJECT_VERSION = 1;
				ENABLE_STRICT_OBJC_MSGSEND = YES;
				ENABLE_TESTABILITY = YES;
				GCC_C_LANGUAGE_STANDARD = gnu11;
				GCC_DYNAMIC_NO_PIC = NO;
				GCC_NO_COMMON_BLOCKS = YES;
				GCC_OPTIMIZATION_LEVEL = 0;
				GCC_PREPROCESSOR_DEFINITIONS = (
					"DEBUG=1",
					"$(inherited)",
				);
				GCC_WARN_64_TO_32_BIT_CONVERSION = YES;
				GCC_WARN_ABOUT_RETURN_TYPE = YES_ERROR;
				GCC_WARN_UNDECLARED_SELECTOR = YES;
				GCC_WARN_UNINITIALIZED_AUTOS = YES_AGGRESSIVE;
				GCC_WARN_UNUSED_FUNCTION = YES;
				GCC_WARN_UNUSED_VARIABLE = YES;
				IPHONEOS_DEPLOYMENT_TARGET = 11.0;
				MTL_ENABLE_DEBUG_INFO = YES;
				ONLY_ACTIVE_ARCH = YES;
				SDKROOT = iphoneos;
				SWIFT_ACTIVE_COMPILATION_CONDITIONS = DEBUG;
				SWIFT_OPTIMIZATION_LEVEL = "-Onone";
				SWIFT_VERSION = 4.2;
				VERSIONING_SYSTEM = "apple-generic";
				VERSION_INFO_PREFIX = "";
			};
			name = Debug;
		};
		457085121F975C6C00991340 /* Release */ = {
			isa = XCBuildConfiguration;
			buildSettings = {
				ALWAYS_SEARCH_USER_PATHS = NO;
				CLANG_ANALYZER_NONNULL = YES;
				CLANG_ANALYZER_NUMBER_OBJECT_CONVERSION = YES_AGGRESSIVE;
				CLANG_CXX_LANGUAGE_STANDARD = "gnu++14";
				CLANG_CXX_LIBRARY = "libc++";
				CLANG_ENABLE_MODULES = YES;
				CLANG_ENABLE_OBJC_ARC = YES;
				CLANG_WARN_BLOCK_CAPTURE_AUTORELEASING = YES;
				CLANG_WARN_BOOL_CONVERSION = YES;
				CLANG_WARN_COMMA = YES;
				CLANG_WARN_CONSTANT_CONVERSION = YES;
				CLANG_WARN_DEPRECATED_OBJC_IMPLEMENTATIONS = YES;
				CLANG_WARN_DIRECT_OBJC_ISA_USAGE = YES_ERROR;
				CLANG_WARN_DOCUMENTATION_COMMENTS = YES;
				CLANG_WARN_EMPTY_BODY = YES;
				CLANG_WARN_ENUM_CONVERSION = YES;
				CLANG_WARN_INFINITE_RECURSION = YES;
				CLANG_WARN_INT_CONVERSION = YES;
				CLANG_WARN_NON_LITERAL_NULL_CONVERSION = YES;
				CLANG_WARN_OBJC_IMPLICIT_RETAIN_SELF = YES;
				CLANG_WARN_OBJC_LITERAL_CONVERSION = YES;
				CLANG_WARN_OBJC_ROOT_CLASS = YES_ERROR;
				CLANG_WARN_QUOTED_INCLUDE_IN_FRAMEWORK_HEADER = YES;
				CLANG_WARN_RANGE_LOOP_ANALYSIS = YES;
				CLANG_WARN_STRICT_PROTOTYPES = YES;
				CLANG_WARN_SUSPICIOUS_MOVE = YES;
				CLANG_WARN_UNGUARDED_AVAILABILITY = YES_AGGRESSIVE;
				CLANG_WARN_UNREACHABLE_CODE = YES;
				CLANG_WARN__DUPLICATE_METHOD_MATCH = YES;
				CODE_SIGN_IDENTITY = "iPhone Developer";
				COPY_PHASE_STRIP = NO;
				CURRENT_PROJECT_VERSION = 1;
				ENABLE_NS_ASSERTIONS = NO;
				ENABLE_STRICT_OBJC_MSGSEND = YES;
				GCC_C_LANGUAGE_STANDARD = gnu11;
				GCC_NO_COMMON_BLOCKS = YES;
				GCC_WARN_64_TO_32_BIT_CONVERSION = YES;
				GCC_WARN_ABOUT_RETURN_TYPE = YES_ERROR;
				GCC_WARN_UNDECLARED_SELECTOR = YES;
				GCC_WARN_UNINITIALIZED_AUTOS = YES_AGGRESSIVE;
				GCC_WARN_UNUSED_FUNCTION = YES;
				GCC_WARN_UNUSED_VARIABLE = YES;
				IPHONEOS_DEPLOYMENT_TARGET = 11.0;
				MTL_ENABLE_DEBUG_INFO = NO;
				SDKROOT = iphoneos;
				SWIFT_COMPILATION_MODE = wholemodule;
				SWIFT_OPTIMIZATION_LEVEL = "-O";
				SWIFT_VERSION = 4.2;
				VALIDATE_PRODUCT = YES;
				VERSIONING_SYSTEM = "apple-generic";
				VERSION_INFO_PREFIX = "";
			};
			name = Release;
		};
		457085141F975C6C00991340 /* Debug */ = {
			isa = XCBuildConfiguration;
			buildSettings = {
				CLANG_ENABLE_MODULES = YES;
				CODE_SIGN_IDENTITY = "";
				"CODE_SIGN_IDENTITY[sdk=iphoneos*]" = "";
				CODE_SIGN_STYLE = Automatic;
				DEFINES_MODULE = YES;
				DEVELOPMENT_TEAM = "";
				DYLIB_COMPATIBILITY_VERSION = 1;
				DYLIB_CURRENT_VERSION = 1;
				DYLIB_INSTALL_NAME_BASE = "@rpath";
				INFOPLIST_FILE = "$(SRCROOT)/Sources/Filestack/Info.plist";
				INSTALL_PATH = "$(LOCAL_LIBRARY_DIR)/Frameworks";
				LD_RUNPATH_SEARCH_PATHS = (
					"$(inherited)",
					"@executable_path/Frameworks",
					"@loader_path/Frameworks",
				);
				LLVM_LTO = YES_THIN;
				PRODUCT_BUNDLE_IDENTIFIER = com.filestack.Filestack;
				PRODUCT_NAME = "$(TARGET_NAME:c99extidentifier)";
				SKIP_INSTALL = YES;
				SWIFT_OPTIMIZATION_LEVEL = "-Onone";
				SWIFT_VERSION = 5.0;
				TARGETED_DEVICE_FAMILY = "1,2";
			};
			name = Debug;
		};
		457085151F975C6C00991340 /* Release */ = {
			isa = XCBuildConfiguration;
			buildSettings = {
				CLANG_ENABLE_MODULES = YES;
				CODE_SIGN_IDENTITY = "";
				CODE_SIGN_STYLE = Automatic;
				DEFINES_MODULE = YES;
				DEVELOPMENT_TEAM = "";
				DYLIB_COMPATIBILITY_VERSION = 1;
				DYLIB_CURRENT_VERSION = 1;
				DYLIB_INSTALL_NAME_BASE = "@rpath";
				INFOPLIST_FILE = "$(SRCROOT)/Sources/Filestack/Info.plist";
				INSTALL_PATH = "$(LOCAL_LIBRARY_DIR)/Frameworks";
				LD_RUNPATH_SEARCH_PATHS = (
					"$(inherited)",
					"@executable_path/Frameworks",
					"@loader_path/Frameworks",
				);
				LLVM_LTO = YES_THIN;
				PRODUCT_BUNDLE_IDENTIFIER = com.filestack.Filestack;
				PRODUCT_NAME = "$(TARGET_NAME:c99extidentifier)";
				SKIP_INSTALL = YES;
				SWIFT_VERSION = 5.0;
				TARGETED_DEVICE_FAMILY = "1,2";
			};
			name = Release;
		};
/* End XCBuildConfiguration section */

/* Begin XCConfigurationList section */
		457084F91F975C6B00991340 /* Build configuration list for PBXProject "Filestack" */ = {
			isa = XCConfigurationList;
			buildConfigurations = (
				457085111F975C6C00991340 /* Debug */,
				457085121F975C6C00991340 /* Release */,
			);
			defaultConfigurationIsVisible = 0;
			defaultConfigurationName = Release;
		};
		457085131F975C6C00991340 /* Build configuration list for PBXNativeTarget "Filestack" */ = {
			isa = XCConfigurationList;
			buildConfigurations = (
				457085141F975C6C00991340 /* Debug */,
				457085151F975C6C00991340 /* Release */,
			);
			defaultConfigurationIsVisible = 0;
			defaultConfigurationName = Release;
		};
/* End XCConfigurationList section */

/* Begin XCRemoteSwiftPackageReference section */
		4564B91A2535B4670045A3C7 /* XCRemoteSwiftPackageReference "OHHTTPStubs" */ = {
			isa = XCRemoteSwiftPackageReference;
			repositoryURL = "https://github.com/AliSoftware/OHHTTPStubs.git";
			requirement = {
				kind = upToNextMajorVersion;
				minimumVersion = 9.0.0;
			};
		};
		458DE82C25CAEF5F00A39149 /* XCRemoteSwiftPackageReference "ZIPFoundation" */ = {
			isa = XCRemoteSwiftPackageReference;
			repositoryURL = "https://github.com/weichsel/ZIPFoundation";
			requirement = {
				kind = upToNextMajorVersion;
				minimumVersion = 0.9.11;
			};
		};
		45DEA73326BD28CE00BF6452 /* XCRemoteSwiftPackageReference "filestack-swift" */ = {
			isa = XCRemoteSwiftPackageReference;
			repositoryURL = "https://github.com/filestack/filestack-swift.git";
			requirement = {
				branch = develop;
				kind = branch;
			};
		};
/* End XCRemoteSwiftPackageReference section */

/* Begin XCSwiftPackageProductDependency section */
		458DE82D25CAEF5F00A39149 /* ZIPFoundation */ = {
			isa = XCSwiftPackageProductDependency;
			package = 458DE82C25CAEF5F00A39149 /* XCRemoteSwiftPackageReference "ZIPFoundation" */;
			productName = ZIPFoundation;
		};
		45DEA73426BD28CE00BF6452 /* FilestackSDK */ = {
			isa = XCSwiftPackageProductDependency;
			package = 45DEA73326BD28CE00BF6452 /* XCRemoteSwiftPackageReference "filestack-swift" */;
			productName = FilestackSDK;
		};
/* End XCSwiftPackageProductDependency section */
	};
	rootObject = 457084F61F975C6B00991340 /* Project object */;
}
